{
  "version": 4,
  "terraform_version": "1.5.7",
  "serial": 75,
  "lineage": "d5067cbe-893c-489e-96de-cf448f3a56ff",
  "outputs": {
    "acr_id": {
      "value": "/subscriptions/021415c2-2f52-4a73-ae77-f8363165a5e1/resourceGroups/ctadispatch-production-eus2-rg/providers/Microsoft.ContainerRegistry/registries/ctadispatchproductioneus2acr",
      "type": "string"
    },
    "acr_login_server": {
      "value": "ctadispatchproductioneus2acr.azurecr.io",
      "type": "string"
    },
    "acr_name": {
      "value": "ctadispatchproductioneus2acr",
      "type": "string"
    },
    "aks_cluster_name": {
      "value": "ctadispatch-production-eus2-aks",
      "type": "string"
    },
    "aks_subnet_id": {
      "value": "/subscriptions/021415c2-2f52-4a73-ae77-f8363165a5e1/resourceGroups/ctadispatch-production-eus2-rg/providers/Microsoft.Network/virtualNetworks/ctadispatch-production-eus2-vnet/subnets/ctadispatch-production-aks-subnet",
      "type": "string"
    },
    "application_insights_connection_string": {
      "value": "InstrumentationKey=1b0db3c9-17dd-4e8d-97dc-207f25b30885;IngestionEndpoint=https://eastus2-3.in.applicationinsights.azure.com/;LiveEndpoint=https://eastus2.livediagnostics.monitor.azure.com/;ApplicationId=8412919e-eb7b-42ce-8ac6-866880ba3994",
      "type": "string",
      "sensitive": true
    },
    "application_insights_instrumentation_key": {
      "value": "1b0db3c9-17dd-4e8d-97dc-207f25b30885",
      "type": "string",
      "sensitive": true
    },
    "data_subnet_id": {
      "value": "/subscriptions/021415c2-2f52-4a73-ae77-f8363165a5e1/resourceGroups/ctadispatch-production-eus2-rg/providers/Microsoft.Network/virtualNetworks/ctadispatch-production-eus2-vnet/subnets/ctadispatch-production-data-subnet",
      "type": "string"
    },
    "event_hub_connection_string": {
      "value": "Endpoint=sb://ctadispatch-production-eus2-eh.servicebus.windows.net/;SharedAccessKeyName=RootManageSharedAccessKey;SharedAccessKey=VXEBaHuq6AYcT1LEHEe2qqaNo+sai/619+AEhOPpYdQ=",
      "type": "string",
      "sensitive": true
    },
    "event_hub_namespace": {
      "value": "ctadispatch-production-eus2-eh",
      "type": "string"
    },
    "key_vault_name": {
      "value": "ctad-prod-eus2-kv",
      "type": "string"
    },
    "log_analytics_workspace_id": {
      "value": "/subscriptions/021415c2-2f52-4a73-ae77-f8363165a5e1/resourceGroups/ctadispatch-production-eus2-rg/providers/Microsoft.OperationalInsights/workspaces/ctadispatch-production-eus2-law",
      "type": "string"
    },
    "log_analytics_workspace_name": {
      "value": "ctadispatch-production-eus2-law",
      "type": "string"
    },
    "postgres_database_name": {
      "value": "radio_fleet",
      "type": "string"
    },
    "private_endpoint_subnet_id": {
      "value": "/subscriptions/021415c2-2f52-4a73-ae77-f8363165a5e1/resourceGroups/ctadispatch-production-eus2-rg/providers/Microsoft.Network/virtualNetworks/ctadispatch-production-eus2-vnet/subnets/ctadispatch-production-pe-subnet",
      "type": "string"
    },
    "resource_group_location": {
      "value": "eastus2",
      "type": "string"
    },
    "resource_group_name": {
      "value": "ctadispatch-production-eus2-rg",
      "type": "string"
    },
    "security_settings": {
      "value": {
        "audit_logging_enabled": true,
        "cmek_enabled": true,
        "ddos_protection_enabled": true,
        "encryption_at_rest_enabled": true,
        "geo_redundant_backup": true,
        "network_policies_enabled": true,
        "private_endpoints_enabled": true,
        "security_center_tier": "Standard",
        "threat_protection_enabled": true
      },
      "type": [
        "object",
        {
          "audit_logging_enabled": "bool",
          "cmek_enabled": "bool",
          "ddos_protection_enabled": "bool",
          "encryption_at_rest_enabled": "bool",
          "geo_redundant_backup": "bool",
          "network_policies_enabled": "bool",
          "private_endpoints_enabled": "bool",
          "security_center_tier": "string",
          "threat_protection_enabled": "bool"
        }
      ]
    },
    "service_bus_connection_string": {
      "value": "Endpoint=sb://ctadispatch-production-eus2-servicebus.servicebus.windows.net/;SharedAccessKeyName=RootManageSharedAccessKey;SharedAccessKey=f3TvW7+8XIjJpLux/c76MQZZqh44d7CiQ+ASbPC8zNE=",
      "type": "string",
      "sensitive": true
    },
    "service_bus_namespace": {
      "value": "ctadispatch-production-eus2-servicebus",
      "type": "string"
    },
    "storage_account_name": {
      "value": "ctadprodeus2sa",
      "type": "string"
    },
    "vnet_id": {
      "value": "/subscriptions/021415c2-2f52-4a73-ae77-f8363165a5e1/resourceGroups/ctadispatch-production-eus2-rg/providers/Microsoft.Network/virtualNetworks/ctadispatch-production-eus2-vnet",
      "type": "string"
    },
    "vnet_name": {
      "value": "ctadispatch-production-eus2-vnet",
      "type": "string"
    }
  },
  "resources": [
    {
      "mode": "data",
      "type": "azurerm_client_config",
      "name": "current",
      "provider": "provider[\"registry.terraform.io/hashicorp/azurerm\"]",
      "instances": [
        {
          "schema_version": 0,
          "attributes": {
            "client_id": "04b07795-8ddb-461a-bbee-02f9e1bf7b46",
            "id": "Y2xpZW50Q29uZmlncy9jbGllbnRJZD0wNGIwNzc5NS04ZGRiLTQ2MWEtYmJlZS0wMmY5ZTFiZjdiNDY7b2JqZWN0SWQ9ZmY0YzMxM2YtNTc1YS00OWYyLTgxYTAtYzI2ODIzZTdkMDg0O3N1YnNjcmlwdGlvbklkPTAyMTQxNWMyLTJmNTItNGE3My1hZTc3LWY4MzYzMTY1YTVlMTt0ZW5hbnRJZD0wZWMxNGI4MS03YjgyLTQ1ZWUtOGYzZC1jYmMzMWNlZDUzNDc=",
            "object_id": "ff4c313f-575a-49f2-81a0-c26823e7d084",
            "subscription_id": "021415c2-2f52-4a73-ae77-f8363165a5e1",
            "tenant_id": "0ec14b81-7b82-45ee-8f3d-cbc31ced5347",
            "timeouts": null
          },
          "sensitive_attributes": []
        }
      ]
    },
    {
      "mode": "data",
      "type": "azurerm_subscription",
      "name": "current",
      "provider": "provider[\"registry.terraform.io/hashicorp/azurerm\"]",
      "instances": [
        {
          "schema_version": 0,
          "attributes": {
            "display_name": "Azure subscription 1",
            "id": "/subscriptions/021415c2-2f52-4a73-ae77-f8363165a5e1",
            "location_placement_id": "Public_2014-09-01",
            "quota_id": "PayAsYouGo_2014-09-01",
            "spending_limit": "Off",
            "state": "Enabled",
            "subscription_id": "021415c2-2f52-4a73-ae77-f8363165a5e1",
            "tags": {},
            "tenant_id": "0ec14b81-7b82-45ee-8f3d-cbc31ced5347",
            "timeouts": null
          },
          "sensitive_attributes": []
        }
      ]
    },
    {
      "mode": "managed",
      "type": "azurerm_application_insights",
      "name": "main",
      "provider": "provider[\"registry.terraform.io/hashicorp/azurerm\"]",
      "instances": [
        {
          "schema_version": 2,
          "attributes": {
            "app_id": "8412919e-eb7b-42ce-8ac6-866880ba3994",
            "application_type": "web",
            "connection_string": "InstrumentationKey=1b0db3c9-17dd-4e8d-97dc-207f25b30885;IngestionEndpoint=https://eastus2-3.in.applicationinsights.azure.com/;LiveEndpoint=https://eastus2.livediagnostics.monitor.azure.com/;ApplicationId=8412919e-eb7b-42ce-8ac6-866880ba3994",
            "daily_data_cap_in_gb": 100,
            "daily_data_cap_notifications_disabled": false,
            "disable_ip_masking": true,
            "force_customer_storage_for_profiler": false,
            "id": "/subscriptions/021415c2-2f52-4a73-ae77-f8363165a5e1/resourceGroups/ctadispatch-production-eus2-rg/providers/Microsoft.Insights/components/ctadispatch-production-eus2-ai",
            "instrumentation_key": "1b0db3c9-17dd-4e8d-97dc-207f25b30885",
            "internet_ingestion_enabled": true,
            "internet_query_enabled": true,
            "local_authentication_disabled": false,
            "location": "eastus2",
            "name": "ctadispatch-production-eus2-ai",
            "resource_group_name": "ctadispatch-production-eus2-rg",
            "retention_in_days": 90,
            "sampling_percentage": 10,
            "tags": {
              "Application": "CTADispatch",
              "CostCenter": "Operations",
              "Environment": "production",
              "ManagedBy": "Terraform",
              "Organization": "Capital Tech Alliance",
              "Service": "Application Insights"
            },
            "timeouts": null,
            "workspace_id": "/subscriptions/021415c2-2f52-4a73-ae77-f8363165a5e1/resourceGroups/ctadispatch-production-eus2-rg/providers/Microsoft.OperationalInsights/workspaces/ctadispatch-production-eus2-law"
          },
          "sensitive_attributes": [],
          "private": "eyJlMmJmYjczMC1lY2FhLTExZTYtOGY4OC0zNDM2M2JjN2M0YzAiOnsiY3JlYXRlIjozNjAwMDAwMDAwMDAwLCJkZWxldGUiOjE4MDAwMDAwMDAwMDAsInJlYWQiOjMwMDAwMDAwMDAwMCwidXBkYXRlIjoxODAwMDAwMDAwMDAwfSwic2NoZW1hX3ZlcnNpb24iOiIyIn0=",
          "dependencies": [
            "azurerm_log_analytics_workspace.main",
            "azurerm_resource_group.main"
          ]
        }
      ]
    },
    {
      "mode": "managed",
      "type": "azurerm_application_insights_workbook",
      "name": "operations_dashboard",
      "provider": "provider[\"registry.terraform.io/hashicorp/azurerm\"]",
      "instances": []
    },
    {
      "mode": "managed",
      "type": "azurerm_container_registry",
      "name": "main",
      "provider": "provider[\"registry.terraform.io/hashicorp/azurerm\"]",
      "instances": [
        {
          "schema_version": 2,
          "attributes": {
            "admin_enabled": false,
            "admin_password": "",
            "admin_username": "",
            "anonymous_pull_enabled": false,
            "data_endpoint_enabled": false,
            "encryption": [
              {
                "enabled": false,
                "identity_client_id": "",
                "key_vault_key_id": ""
              }
            ],
            "export_policy_enabled": true,
            "georeplications": [
              {
                "location": "eastus",
                "regional_endpoint_enabled": false,
                "tags": {
                  "Application": "CTADispatch",
                  "CostCenter": "Operations",
                  "Environment": "Production",
                  "ManagedBy": "Terraform",
                  "Organization": "Capital Tech Alliance"
                },
                "zone_redundancy_enabled": false
              }
            ],
            "id": "/subscriptions/021415c2-2f52-4a73-ae77-f8363165a5e1/resourceGroups/ctadispatch-production-eus2-rg/providers/Microsoft.ContainerRegistry/registries/ctadispatchproductioneus2acr",
            "identity": [],
            "location": "eastus2",
            "login_server": "ctadispatchproductioneus2acr.azurecr.io",
            "name": "ctadispatchproductioneus2acr",
            "network_rule_bypass_option": "AzureServices",
            "network_rule_set": [
              {
                "default_action": "Allow",
                "ip_rule": [],
                "virtual_network": []
              }
            ],
            "public_network_access_enabled": true,
            "quarantine_policy_enabled": false,
            "resource_group_name": "ctadispatch-production-eus2-rg",
            "retention_policy": [
              {
                "days": 30,
                "enabled": true
              }
            ],
            "sku": "Premium",
            "tags": {
              "Application": "CTADispatch",
              "CostCenter": "Operations",
              "Environment": "production",
              "ManagedBy": "Terraform",
              "Organization": "Capital Tech Alliance",
              "Service": "Container Registry"
            },
            "timeouts": null,
            "trust_policy": [
              {
                "enabled": true
              }
            ],
            "zone_redundancy_enabled": false
          },
          "sensitive_attributes": [],
          "private": "eyJlMmJmYjczMC1lY2FhLTExZTYtOGY4OC0zNDM2M2JjN2M0YzAiOnsiY3JlYXRlIjoxODAwMDAwMDAwMDAwLCJkZWxldGUiOjE4MDAwMDAwMDAwMDAsInJlYWQiOjMwMDAwMDAwMDAwMCwidXBkYXRlIjoxODAwMDAwMDAwMDAwfSwic2NoZW1hX3ZlcnNpb24iOiIyIn0=",
          "dependencies": [
            "azurerm_resource_group.main"
          ]
        }
      ]
    },
    {
      "mode": "managed",
      "type": "azurerm_data_protection_backup_vault",
      "name": "main",
      "provider": "provider[\"registry.terraform.io/hashicorp/azurerm\"]",
      "instances": [
        {
          "schema_version": 0,
          "attributes": {
            "datastore_type": "VaultStore",
            "id": "/subscriptions/021415c2-2f52-4a73-ae77-f8363165a5e1/resourceGroups/ctadispatch-production-eus2-rg/providers/Microsoft.DataProtection/backupVaults/ctadispatch-backup-vault",
            "identity": [
              {
                "principal_id": "88a463e6-5579-4f31-bb91-c8e2c1ff265c",
                "tenant_id": "0ec14b81-7b82-45ee-8f3d-cbc31ced5347",
                "type": "SystemAssigned"
              }
            ],
            "location": "eastus2",
            "name": "ctadispatch-backup-vault",
            "redundancy": "GeoRedundant",
            "resource_group_name": "ctadispatch-production-eus2-rg",
            "retention_duration_in_days": 14,
            "soft_delete": "On",
            "tags": {
              "Application": "CTADispatch",
              "Component": "Backup",
              "CostCenter": "Operations",
              "Environment": "Production",
              "ManagedBy": "Terraform",
              "Organization": "Capital Tech Alliance"
            },
            "timeouts": null
          },
          "sensitive_attributes": [],
          "private": "eyJlMmJmYjczMC1lY2FhLTExZTYtOGY4OC0zNDM2M2JjN2M0YzAiOnsiY3JlYXRlIjoxODAwMDAwMDAwMDAwLCJkZWxldGUiOjE4MDAwMDAwMDAwMDAsInJlYWQiOjMwMDAwMDAwMDAwMCwidXBkYXRlIjoxODAwMDAwMDAwMDAwfX0=",
          "dependencies": [
            "azurerm_resource_group.main"
          ]
        }
      ]
    },
    {
      "mode": "managed",
      "type": "azurerm_eventhub",
      "name": "gps_telemetry",
      "provider": "provider[\"registry.terraform.io/hashicorp/azurerm\"]",
      "instances": [
        {
          "schema_version": 0,
          "attributes": {
            "capture_description": [],
            "id": "/subscriptions/021415c2-2f52-4a73-ae77-f8363165a5e1/resourceGroups/ctadispatch-production-eus2-rg/providers/Microsoft.EventHub/namespaces/ctadispatch-production-eus2-eh/eventhubs/gps-telemetry",
            "message_retention": 7,
            "name": "gps-telemetry",
            "namespace_name": "ctadispatch-production-eus2-eh",
            "partition_count": 4,
            "partition_ids": [
              "0",
              "1",
              "2",
              "3"
            ],
            "resource_group_name": "ctadispatch-production-eus2-rg",
            "status": "Active",
            "timeouts": null
          },
          "sensitive_attributes": [],
          "private": "eyJlMmJmYjczMC1lY2FhLTExZTYtOGY4OC0zNDM2M2JjN2M0YzAiOnsiY3JlYXRlIjoxODAwMDAwMDAwMDAwLCJkZWxldGUiOjE4MDAwMDAwMDAwMDAsInJlYWQiOjMwMDAwMDAwMDAwMCwidXBkYXRlIjoxODAwMDAwMDAwMDAwfX0=",
          "dependencies": [
            "azurerm_eventhub_namespace.main",
            "azurerm_resource_group.main"
          ]
        }
      ]
    },
    {
      "mode": "managed",
      "type": "azurerm_eventhub",
      "name": "radio_metadata",
      "provider": "provider[\"registry.terraform.io/hashicorp/azurerm\"]",
      "instances": [
        {
          "schema_version": 0,
          "attributes": {
            "capture_description": [],
            "id": "/subscriptions/021415c2-2f52-4a73-ae77-f8363165a5e1/resourceGroups/ctadispatch-production-eus2-rg/providers/Microsoft.EventHub/namespaces/ctadispatch-production-eus2-eh/eventhubs/radio-metadata",
            "message_retention": 7,
            "name": "radio-metadata",
            "namespace_name": "ctadispatch-production-eus2-eh",
            "partition_count": 2,
            "partition_ids": [
              "0",
              "1"
            ],
            "resource_group_name": "ctadispatch-production-eus2-rg",
            "status": "Active",
            "timeouts": null
          },
          "sensitive_attributes": [],
          "private": "eyJlMmJmYjczMC1lY2FhLTExZTYtOGY4OC0zNDM2M2JjN2M0YzAiOnsiY3JlYXRlIjoxODAwMDAwMDAwMDAwLCJkZWxldGUiOjE4MDAwMDAwMDAwMDAsInJlYWQiOjMwMDAwMDAwMDAwMCwidXBkYXRlIjoxODAwMDAwMDAwMDAwfX0=",
          "dependencies": [
            "azurerm_eventhub_namespace.main",
            "azurerm_resource_group.main"
          ]
        }
      ]
    },
    {
      "mode": "managed",
      "type": "azurerm_eventhub",
      "name": "system_events",
      "provider": "provider[\"registry.terraform.io/hashicorp/azurerm\"]",
      "instances": [
        {
          "schema_version": 0,
          "attributes": {
            "capture_description": [],
            "id": "/subscriptions/021415c2-2f52-4a73-ae77-f8363165a5e1/resourceGroups/ctadispatch-production-eus2-rg/providers/Microsoft.EventHub/namespaces/ctadispatch-production-eus2-eh/eventhubs/system-events",
            "message_retention": 1,
            "name": "system-events",
            "namespace_name": "ctadispatch-production-eus2-eh",
            "partition_count": 2,
            "partition_ids": [
              "0",
              "1"
            ],
            "resource_group_name": "ctadispatch-production-eus2-rg",
            "status": "Active",
            "timeouts": null
          },
          "sensitive_attributes": [],
          "private": "eyJlMmJmYjczMC1lY2FhLTExZTYtOGY4OC0zNDM2M2JjN2M0YzAiOnsiY3JlYXRlIjoxODAwMDAwMDAwMDAwLCJkZWxldGUiOjE4MDAwMDAwMDAwMDAsInJlYWQiOjMwMDAwMDAwMDAwMCwidXBkYXRlIjoxODAwMDAwMDAwMDAwfX0=",
          "dependencies": [
            "azurerm_eventhub_namespace.main",
            "azurerm_resource_group.main"
          ]
        }
      ]
    },
    {
      "mode": "managed",
      "type": "azurerm_eventhub_consumer_group",
      "name": "gps_processor",
      "provider": "provider[\"registry.terraform.io/hashicorp/azurerm\"]",
      "instances": [
        {
          "schema_version": 1,
          "attributes": {
            "eventhub_name": "gps-telemetry",
            "id": "/subscriptions/021415c2-2f52-4a73-ae77-f8363165a5e1/resourceGroups/ctadispatch-production-eus2-rg/providers/Microsoft.EventHub/namespaces/ctadispatch-production-eus2-eh/eventhubs/gps-telemetry/consumerGroups/gps-processor",
            "name": "gps-processor",
            "namespace_name": "ctadispatch-production-eus2-eh",
            "resource_group_name": "ctadispatch-production-eus2-rg",
            "timeouts": null,
            "user_metadata": ""
          },
          "sensitive_attributes": [],
          "private": "eyJlMmJmYjczMC1lY2FhLTExZTYtOGY4OC0zNDM2M2JjN2M0YzAiOnsiY3JlYXRlIjoxODAwMDAwMDAwMDAwLCJkZWxldGUiOjE4MDAwMDAwMDAwMDAsInJlYWQiOjMwMDAwMDAwMDAwMCwidXBkYXRlIjoxODAwMDAwMDAwMDAwfSwic2NoZW1hX3ZlcnNpb24iOiIxIn0=",
          "dependencies": [
            "azurerm_eventhub.gps_telemetry",
            "azurerm_eventhub_namespace.main",
            "azurerm_resource_group.main"
          ]
        }
      ]
    },
    {
      "mode": "managed",
      "type": "azurerm_eventhub_consumer_group",
      "name": "radio_processor",
      "provider": "provider[\"registry.terraform.io/hashicorp/azurerm\"]",
      "instances": [
        {
          "schema_version": 1,
          "attributes": {
            "eventhub_name": "radio-metadata",
            "id": "/subscriptions/021415c2-2f52-4a73-ae77-f8363165a5e1/resourceGroups/ctadispatch-production-eus2-rg/providers/Microsoft.EventHub/namespaces/ctadispatch-production-eus2-eh/eventhubs/radio-metadata/consumerGroups/radio-processor",
            "name": "radio-processor",
            "namespace_name": "ctadispatch-production-eus2-eh",
            "resource_group_name": "ctadispatch-production-eus2-rg",
            "timeouts": null,
            "user_metadata": ""
          },
          "sensitive_attributes": [],
          "private": "eyJlMmJmYjczMC1lY2FhLTExZTYtOGY4OC0zNDM2M2JjN2M0YzAiOnsiY3JlYXRlIjoxODAwMDAwMDAwMDAwLCJkZWxldGUiOjE4MDAwMDAwMDAwMDAsInJlYWQiOjMwMDAwMDAwMDAwMCwidXBkYXRlIjoxODAwMDAwMDAwMDAwfSwic2NoZW1hX3ZlcnNpb24iOiIxIn0=",
          "dependencies": [
            "azurerm_eventhub.radio_metadata",
            "azurerm_eventhub_namespace.main",
            "azurerm_resource_group.main"
          ]
        }
      ]
    },
    {
      "mode": "managed",
      "type": "azurerm_eventhub_consumer_group",
      "name": "system_monitor",
      "provider": "provider[\"registry.terraform.io/hashicorp/azurerm\"]",
      "instances": [
        {
          "schema_version": 1,
          "attributes": {
            "eventhub_name": "system-events",
            "id": "/subscriptions/021415c2-2f52-4a73-ae77-f8363165a5e1/resourceGroups/ctadispatch-production-eus2-rg/providers/Microsoft.EventHub/namespaces/ctadispatch-production-eus2-eh/eventhubs/system-events/consumerGroups/system-monitor",
            "name": "system-monitor",
            "namespace_name": "ctadispatch-production-eus2-eh",
            "resource_group_name": "ctadispatch-production-eus2-rg",
            "timeouts": null,
            "user_metadata": ""
          },
          "sensitive_attributes": [],
          "private": "eyJlMmJmYjczMC1lY2FhLTExZTYtOGY4OC0zNDM2M2JjN2M0YzAiOnsiY3JlYXRlIjoxODAwMDAwMDAwMDAwLCJkZWxldGUiOjE4MDAwMDAwMDAwMDAsInJlYWQiOjMwMDAwMDAwMDAwMCwidXBkYXRlIjoxODAwMDAwMDAwMDAwfSwic2NoZW1hX3ZlcnNpb24iOiIxIn0=",
          "dependencies": [
            "azurerm_eventhub.system_events",
            "azurerm_eventhub_namespace.main",
            "azurerm_resource_group.main"
          ]
        }
      ]
    },
    {
      "mode": "managed",
      "type": "azurerm_eventhub_namespace",
      "name": "main",
      "provider": "provider[\"registry.terraform.io/hashicorp/azurerm\"]",
      "instances": [
        {
          "schema_version": 0,
          "attributes": {
            "auto_inflate_enabled": true,
            "capacity": 2,
            "dedicated_cluster_id": "",
            "default_primary_connection_string": "Endpoint=sb://ctadispatch-production-eus2-eh.servicebus.windows.net/;SharedAccessKeyName=RootManageSharedAccessKey;SharedAccessKey=VXEBaHuq6AYcT1LEHEe2qqaNo+sai/619+AEhOPpYdQ=",
            "default_primary_connection_string_alias": "",
            "default_primary_key": "VXEBaHuq6AYcT1LEHEe2qqaNo+sai/619+AEhOPpYdQ=",
            "default_secondary_connection_string": "Endpoint=sb://ctadispatch-production-eus2-eh.servicebus.windows.net/;SharedAccessKeyName=RootManageSharedAccessKey;SharedAccessKey=WUDfA42gZbbAjaKEpXF2nvID5kii5ed9y+AEhIjOAiM=",
            "default_secondary_connection_string_alias": "",
            "default_secondary_key": "WUDfA42gZbbAjaKEpXF2nvID5kii5ed9y+AEhIjOAiM=",
            "id": "/subscriptions/021415c2-2f52-4a73-ae77-f8363165a5e1/resourceGroups/ctadispatch-production-eus2-rg/providers/Microsoft.EventHub/namespaces/ctadispatch-production-eus2-eh",
            "identity": [],
            "local_authentication_enabled": true,
            "location": "eastus2",
            "maximum_throughput_units": 20,
            "minimum_tls_version": "1.2",
            "name": "ctadispatch-production-eus2-eh",
            "network_rulesets": [
              {
                "default_action": "Allow",
                "ip_rule": [],
                "public_network_access_enabled": true,
                "trusted_service_access_enabled": false,
                "virtual_network_rule": []
              }
            ],
            "public_network_access_enabled": true,
            "resource_group_name": "ctadispatch-production-eus2-rg",
            "sku": "Standard",
            "tags": {
              "Application": "CTADispatch",
              "CostCenter": "Operations",
              "Environment": "production",
              "ManagedBy": "Terraform",
              "Organization": "Capital Tech Alliance",
              "Service": "Event Hub"
            },
            "timeouts": null,
            "zone_redundant": true
          },
          "sensitive_attributes": [],
          "private": "eyJlMmJmYjczMC1lY2FhLTExZTYtOGY4OC0zNDM2M2JjN2M0YzAiOnsiY3JlYXRlIjoxODAwMDAwMDAwMDAwLCJkZWxldGUiOjE4MDAwMDAwMDAwMDAsInJlYWQiOjMwMDAwMDAwMDAwMCwidXBkYXRlIjoxODAwMDAwMDAwMDAwfX0=",
          "dependencies": [
            "azurerm_resource_group.main"
          ]
        }
      ]
    },
    {
      "mode": "managed",
      "type": "azurerm_eventhub_namespace_authorization_rule",
      "name": "listen",
      "provider": "provider[\"registry.terraform.io/hashicorp/azurerm\"]",
      "instances": [
        {
          "schema_version": 2,
          "attributes": {
            "id": "/subscriptions/021415c2-2f52-4a73-ae77-f8363165a5e1/resourceGroups/ctadispatch-production-eus2-rg/providers/Microsoft.EventHub/namespaces/ctadispatch-production-eus2-eh/authorizationRules/listen",
            "listen": true,
            "manage": false,
            "name": "listen",
            "namespace_name": "ctadispatch-production-eus2-eh",
            "primary_connection_string": "Endpoint=sb://ctadispatch-production-eus2-eh.servicebus.windows.net/;SharedAccessKeyName=listen;SharedAccessKey=4NaCRbe2AhzMSewZ9sCKyA/txNspc12AB+AEhIToECM=",
            "primary_connection_string_alias": "",
            "primary_key": "4NaCRbe2AhzMSewZ9sCKyA/txNspc12AB+AEhIToECM=",
            "resource_group_name": "ctadispatch-production-eus2-rg",
            "secondary_connection_string": "Endpoint=sb://ctadispatch-production-eus2-eh.servicebus.windows.net/;SharedAccessKeyName=listen;SharedAccessKey=6/PRuWaAtJYgBBt0JdvA7KjtZk/C+WjnL+AEhKAtZUs=",
            "secondary_connection_string_alias": "",
            "secondary_key": "6/PRuWaAtJYgBBt0JdvA7KjtZk/C+WjnL+AEhKAtZUs=",
            "send": false,
            "timeouts": null
          },
          "sensitive_attributes": [],
          "private": "eyJlMmJmYjczMC1lY2FhLTExZTYtOGY4OC0zNDM2M2JjN2M0YzAiOnsiY3JlYXRlIjoxODAwMDAwMDAwMDAwLCJkZWxldGUiOjE4MDAwMDAwMDAwMDAsInJlYWQiOjMwMDAwMDAwMDAwMCwidXBkYXRlIjoxODAwMDAwMDAwMDAwfSwic2NoZW1hX3ZlcnNpb24iOiIyIn0=",
          "dependencies": [
            "azurerm_eventhub_namespace.main",
            "azurerm_resource_group.main"
          ]
        }
      ]
    },
    {
      "mode": "managed",
      "type": "azurerm_eventhub_namespace_authorization_rule",
      "name": "send",
      "provider": "provider[\"registry.terraform.io/hashicorp/azurerm\"]",
      "instances": [
        {
          "schema_version": 2,
          "attributes": {
            "id": "/subscriptions/021415c2-2f52-4a73-ae77-f8363165a5e1/resourceGroups/ctadispatch-production-eus2-rg/providers/Microsoft.EventHub/namespaces/ctadispatch-production-eus2-eh/authorizationRules/send",
            "listen": false,
            "manage": false,
            "name": "send",
            "namespace_name": "ctadispatch-production-eus2-eh",
            "primary_connection_string": "Endpoint=sb://ctadispatch-production-eus2-eh.servicebus.windows.net/;SharedAccessKeyName=send;SharedAccessKey=lA56LZ2CWE4ol3FVWQJBb9iJxwZVjFPg9+AEhG31RuU=",
            "primary_connection_string_alias": "",
            "primary_key": "lA56LZ2CWE4ol3FVWQJBb9iJxwZVjFPg9+AEhG31RuU=",
            "resource_group_name": "ctadispatch-production-eus2-rg",
            "secondary_connection_string": "Endpoint=sb://ctadispatch-production-eus2-eh.servicebus.windows.net/;SharedAccessKeyName=send;SharedAccessKey=3GumFwB+HWUhk9/3tbx2DC7DUzYSVpV/e+AEhG6y/6E=",
            "secondary_connection_string_alias": "",
            "secondary_key": "3GumFwB+HWUhk9/3tbx2DC7DUzYSVpV/e+AEhG6y/6E=",
            "send": true,
            "timeouts": null
          },
          "sensitive_attributes": [],
          "private": "eyJlMmJmYjczMC1lY2FhLTExZTYtOGY4OC0zNDM2M2JjN2M0YzAiOnsiY3JlYXRlIjoxODAwMDAwMDAwMDAwLCJkZWxldGUiOjE4MDAwMDAwMDAwMDAsInJlYWQiOjMwMDAwMDAwMDAwMCwidXBkYXRlIjoxODAwMDAwMDAwMDAwfSwic2NoZW1hX3ZlcnNpb24iOiIyIn0=",
          "dependencies": [
            "azurerm_eventhub_namespace.main",
            "azurerm_resource_group.main"
          ]
        }
      ]
    },
    {
      "mode": "managed",
      "type": "azurerm_key_vault_key",
      "name": "encryption",
      "provider": "provider[\"registry.terraform.io/hashicorp/azurerm\"]",
      "instances": []
    },
    {
      "mode": "managed",
      "type": "azurerm_key_vault_secret",
      "name": "appinsights_connection_string",
      "provider": "provider[\"registry.terraform.io/hashicorp/azurerm\"]",
      "instances": []
    },
    {
      "mode": "managed",
      "type": "azurerm_key_vault_secret",
      "name": "appinsights_instrumentation_key",
      "provider": "provider[\"registry.terraform.io/hashicorp/azurerm\"]",
      "instances": []
    },
    {
      "mode": "managed",
      "type": "azurerm_key_vault_secret",
      "name": "eventhub_connection_string",
      "provider": "provider[\"registry.terraform.io/hashicorp/azurerm\"]",
      "instances": []
    },
    {
      "mode": "managed",
      "type": "azurerm_key_vault_secret",
      "name": "jwt_secret",
      "provider": "provider[\"registry.terraform.io/hashicorp/azurerm\"]",
      "instances": []
    },
    {
      "mode": "managed",
      "type": "azurerm_key_vault_secret",
      "name": "oidc_client_secret",
      "provider": "provider[\"registry.terraform.io/hashicorp/azurerm\"]",
      "instances": []
    },
    {
      "mode": "managed",
      "type": "azurerm_key_vault_secret",
      "name": "postgres_admin_password",
      "provider": "provider[\"registry.terraform.io/hashicorp/azurerm\"]",
      "instances": []
    },
    {
      "mode": "managed",
      "type": "azurerm_key_vault_secret",
      "name": "postgres_connection_string",
      "provider": "provider[\"registry.terraform.io/hashicorp/azurerm\"]",
      "instances": []
    },
    {
      "mode": "managed",
      "type": "azurerm_key_vault_secret",
      "name": "redis_connection_string",
      "provider": "provider[\"registry.terraform.io/hashicorp/azurerm\"]",
      "instances": []
    },
    {
      "mode": "managed",
      "type": "azurerm_key_vault_secret",
      "name": "redis_primary_key",
      "provider": "provider[\"registry.terraform.io/hashicorp/azurerm\"]",
      "instances": []
    },
    {
      "mode": "managed",
      "type": "azurerm_key_vault_secret",
      "name": "servicebus_connection_string",
      "provider": "provider[\"registry.terraform.io/hashicorp/azurerm\"]",
      "instances": []
    },
    {
      "mode": "managed",
      "type": "azurerm_key_vault_secret",
      "name": "storage_connection_string",
      "provider": "provider[\"registry.terraform.io/hashicorp/azurerm\"]",
      "instances": []
    },
    {
      "mode": "managed",
      "type": "azurerm_kubernetes_cluster_node_pool",
      "name": "user",
      "provider": "provider[\"registry.terraform.io/hashicorp/azurerm\"]",
      "instances": []
    },
    {
      "mode": "managed",
      "type": "azurerm_log_analytics_solution",
      "name": "container_insights",
      "provider": "provider[\"registry.terraform.io/hashicorp/azurerm\"]",
      "instances": [
        {
          "schema_version": 1,
          "attributes": {
            "id": "/subscriptions/021415c2-2f52-4a73-ae77-f8363165a5e1/resourceGroups/ctadispatch-production-eus2-rg/providers/Microsoft.OperationsManagement/solutions/ContainerInsights(ctadispatch-production-eus2-law)",
            "location": "eastus2",
            "plan": [
              {
                "name": "ContainerInsights(ctadispatch-production-eus2-law)",
                "product": "OMSGallery/ContainerInsights",
                "promotion_code": "",
                "publisher": "Microsoft"
              }
            ],
            "resource_group_name": "ctadispatch-production-eus2-rg",
            "solution_name": "ContainerInsights",
            "tags": {
              "Application": "CTADispatch",
              "CostCenter": "Operations",
              "Environment": "production",
              "ManagedBy": "Terraform",
              "Organization": "Capital Tech Alliance"
            },
            "timeouts": null,
            "workspace_name": "ctadispatch-production-eus2-law",
            "workspace_resource_id": "/subscriptions/021415c2-2f52-4a73-ae77-f8363165a5e1/resourceGroups/ctadispatch-production-eus2-rg/providers/Microsoft.OperationalInsights/workspaces/ctadispatch-production-eus2-law"
          },
          "sensitive_attributes": [],
          "private": "eyJlMmJmYjczMC1lY2FhLTExZTYtOGY4OC0zNDM2M2JjN2M0YzAiOnsiY3JlYXRlIjoxODAwMDAwMDAwMDAwLCJkZWxldGUiOjE4MDAwMDAwMDAwMDAsInJlYWQiOjMwMDAwMDAwMDAwMCwidXBkYXRlIjoxODAwMDAwMDAwMDAwfSwic2NoZW1hX3ZlcnNpb24iOiIxIn0=",
          "dependencies": [
            "azurerm_log_analytics_workspace.main",
            "azurerm_resource_group.main"
          ]
        }
      ]
    },
    {
      "mode": "managed",
      "type": "azurerm_log_analytics_solution",
      "name": "security_center",
      "provider": "provider[\"registry.terraform.io/hashicorp/azurerm\"]",
      "instances": [
        {
          "index_key": 0,
          "schema_version": 1,
          "attributes": {
            "id": "/subscriptions/021415c2-2f52-4a73-ae77-f8363165a5e1/resourceGroups/ctadispatch-production-eus2-rg/providers/Microsoft.OperationsManagement/solutions/Security(ctadispatch-production-eus2-law)",
            "location": "eastus2",
            "plan": [
              {
                "name": "Security(ctadispatch-production-eus2-law)",
                "product": "OMSGallery/Security",
                "promotion_code": "",
                "publisher": "Microsoft"
              }
            ],
            "resource_group_name": "ctadispatch-production-eus2-rg",
            "solution_name": "Security",
            "tags": {
              "Application": "CTADispatch",
              "CostCenter": "Operations",
              "Environment": "production",
              "ManagedBy": "Terraform",
              "Organization": "Capital Tech Alliance"
            },
            "timeouts": null,
            "workspace_name": "ctadispatch-production-eus2-law",
            "workspace_resource_id": "/subscriptions/021415c2-2f52-4a73-ae77-f8363165a5e1/resourceGroups/ctadispatch-production-eus2-rg/providers/Microsoft.OperationalInsights/workspaces/ctadispatch-production-eus2-law"
          },
          "sensitive_attributes": [],
          "private": "eyJlMmJmYjczMC1lY2FhLTExZTYtOGY4OC0zNDM2M2JjN2M0YzAiOnsiY3JlYXRlIjoxODAwMDAwMDAwMDAwLCJkZWxldGUiOjE4MDAwMDAwMDAwMDAsInJlYWQiOjMwMDAwMDAwMDAwMCwidXBkYXRlIjoxODAwMDAwMDAwMDAwfSwic2NoZW1hX3ZlcnNpb24iOiIxIn0=",
          "dependencies": [
            "azurerm_log_analytics_workspace.main",
            "azurerm_resource_group.main"
          ]
        }
      ]
    },
    {
      "mode": "managed",
      "type": "azurerm_log_analytics_workspace",
      "name": "main",
      "provider": "provider[\"registry.terraform.io/hashicorp/azurerm\"]",
      "instances": [
        {
          "schema_version": 3,
          "attributes": {
            "allow_resource_only_permissions": true,
            "cmk_for_query_forced": false,
            "daily_quota_gb": 10,
            "data_collection_rule_id": "",
            "id": "/subscriptions/021415c2-2f52-4a73-ae77-f8363165a5e1/resourceGroups/ctadispatch-production-eus2-rg/providers/Microsoft.OperationalInsights/workspaces/ctadispatch-production-eus2-law",
            "identity": [],
            "immediate_data_purge_on_30_days_enabled": false,
            "internet_ingestion_enabled": true,
            "internet_query_enabled": true,
            "local_authentication_disabled": false,
            "location": "eastus2",
            "name": "ctadispatch-production-eus2-law",
            "primary_shared_key": "gd1NWLGUMvW96J9nFfzL3CSYdzEzCaMBk/OlZVdx4+/PG7uUdyZ8vcP9P629TzAtblAv4U/l3tU/gewspnEeDA==",
            "reservation_capacity_in_gb_per_day": null,
            "resource_group_name": "ctadispatch-production-eus2-rg",
            "retention_in_days": 90,
            "secondary_shared_key": "2D8ol0VIES+BsuQvxC2tvD+qtvIQthdcnv5xuHrO5oIPnsodTu9QAeZaESrEQ7ENDE3NiLT9jFsIx4GOq+R17g==",
            "sku": "PerGB2018",
            "tags": {
              "Application": "CTADispatch",
              "CostCenter": "Operations",
              "Environment": "production",
              "ManagedBy": "Terraform",
              "Organization": "Capital Tech Alliance",
              "Service": "Log Analytics"
            },
            "timeouts": null,
            "workspace_id": "6a715e2e-6ec6-44fa-a5ff-4226f30fc9ad"
          },
          "sensitive_attributes": [],
          "private": "eyJlMmJmYjczMC1lY2FhLTExZTYtOGY4OC0zNDM2M2JjN2M0YzAiOnsiY3JlYXRlIjoxODAwMDAwMDAwMDAwLCJkZWxldGUiOjE4MDAwMDAwMDAwMDAsInJlYWQiOjMwMDAwMDAwMDAwMCwidXBkYXRlIjoxODAwMDAwMDAwMDAwfSwic2NoZW1hX3ZlcnNpb24iOiIzIn0=",
          "dependencies": [
            "azurerm_resource_group.main"
          ]
        }
      ]
    },
    {
      "mode": "managed",
      "type": "azurerm_logic_app_trigger_http_request",
      "name": "compliance",
      "provider": "provider[\"registry.terraform.io/hashicorp/azurerm\"]",
      "instances": [
        {
          "schema_version": 0,
          "attributes": {
            "callback_url": "https://prod-46.eastus2.logic.azure.com:443/workflows/1cac692a67fb4d87b31703fbf338c320/triggers/security-alert-trigger/paths/invoke?api-version=2019-05-01\u0026sp=%2Ftriggers%2Fsecurity-alert-trigger%2Frun\u0026sv=1.0\u0026sig=LHJDiEiRRhI_PIwPiqaQokjHZynlaD8clYbfPdESGtg",
            "id": "/subscriptions/021415c2-2f52-4a73-ae77-f8363165a5e1/resourceGroups/ctadispatch-production-eus2-rg/providers/Microsoft.Logic/workflows/ctadispatch-compliance-workflow/triggers/security-alert-trigger",
            "logic_app_id": "/subscriptions/021415c2-2f52-4a73-ae77-f8363165a5e1/resourceGroups/ctadispatch-production-eus2-rg/providers/Microsoft.Logic/workflows/ctadispatch-compliance-workflow",
            "method": null,
            "name": "security-alert-trigger",
            "relative_path": null,
            "schema": "{\"properties\":{\"alertType\":{\"type\":\"string\"},\"resourceId\":{\"type\":\"string\"},\"severity\":{\"type\":\"string\"}},\"type\":\"object\"}",
            "timeouts": null
          },
          "sensitive_attributes": [],
          "private": "eyJlMmJmYjczMC1lY2FhLTExZTYtOGY4OC0zNDM2M2JjN2M0YzAiOnsiY3JlYXRlIjoxODAwMDAwMDAwMDAwLCJkZWxldGUiOjE4MDAwMDAwMDAwMDAsInJlYWQiOjMwMDAwMDAwMDAwMCwidXBkYXRlIjoxODAwMDAwMDAwMDAwfX0=",
          "dependencies": [
            "azurerm_logic_app_workflow.compliance",
            "azurerm_resource_group.main"
          ]
        }
      ]
    },
    {
      "mode": "managed",
      "type": "azurerm_logic_app_workflow",
      "name": "compliance",
      "provider": "provider[\"registry.terraform.io/hashicorp/azurerm\"]",
      "instances": [
        {
          "schema_version": 0,
          "attributes": {
            "access_control": [],
            "access_endpoint": "https://prod-46.eastus2.logic.azure.com:443/workflows/1cac692a67fb4d87b31703fbf338c320",
            "connector_endpoint_ip_addresses": [],
            "connector_outbound_ip_addresses": [
              "52.225.129.144",
              "52.232.188.154",
              "104.209.247.23",
              "40.70.146.208/28",
              "40.70.151.96/27",
              "40.65.220.25",
              "20.98.192.80/28",
              "20.98.192.96/27",
              "20.85.81.137",
              "20.85.80.197"
            ],
            "enabled": true,
            "id": "/subscriptions/021415c2-2f52-4a73-ae77-f8363165a5e1/resourceGroups/ctadispatch-production-eus2-rg/providers/Microsoft.Logic/workflows/ctadispatch-compliance-workflow",
            "identity": [],
            "integration_service_environment_id": "",
            "location": "eastus2",
            "logic_app_integration_account_id": "",
            "name": "ctadispatch-compliance-workflow",
            "parameters": null,
            "resource_group_name": "ctadispatch-production-eus2-rg",
            "tags": {
              "Application": "CTADispatch",
              "CostCenter": "Operations",
              "Environment": "Production",
              "ManagedBy": "Terraform",
              "Organization": "Capital Tech Alliance"
            },
            "timeouts": null,
            "workflow_endpoint_ip_addresses": [
              "20.122.237.191",
              "52.251.20.210",
              "20.122.237.232",
              "20.122.237.221",
              "4.152.129.54",
              "4.152.128.241",
              "20.1.240.241",
              "4.152.129.229",
              "4.152.127.230",
              "4.152.126.158",
              "4.153.195.56",
              "4.153.201.240",
              "20.122.237.191",
              "52.251.20.210",
              "20.122.237.232",
              "20.122.237.221",
              "4.152.129.54",
              "4.152.128.241",
              "20.1.240.241",
              "4.152.129.229",
              "4.152.127.230",
              "4.152.126.158",
              "4.153.195.56",
              "4.153.201.240"
            ],
            "workflow_outbound_ip_addresses": [
              "20.96.58.139",
              "20.96.89.48",
              "20.96.89.234",
              "20.122.237.189",
              "52.253.79.47",
              "20.122.237.225",
              "20.122.237.205",
              "4.152.128.227",
              "4.152.128.205",
              "4.153.159.226",
              "4.152.129.221",
              "4.152.127.229",
              "4.152.125.62",
              "4.153.194.246",
              "4.153.201.239",
              "20.122.237.189",
              "52.253.79.47",
              "20.122.237.225",
              "20.122.237.205",
              "4.152.128.227",
              "4.152.128.205",
              "4.153.159.226",
              "4.152.129.221",
              "4.152.127.229",
              "4.152.125.62",
              "4.153.194.246",
              "4.153.201.239"
            ],
            "workflow_parameters": null,
            "workflow_schema": "https://schema.management.azure.com/providers/Microsoft.Logic/schemas/2016-06-01/workflowdefinition.json#",
            "workflow_version": "1.0.0.0"
          },
          "sensitive_attributes": [],
          "private": "eyJlMmJmYjczMC1lY2FhLTExZTYtOGY4OC0zNDM2M2JjN2M0YzAiOnsiY3JlYXRlIjoxODAwMDAwMDAwMDAwLCJkZWxldGUiOjE4MDAwMDAwMDAwMDAsInJlYWQiOjMwMDAwMDAwMDAwMCwidXBkYXRlIjoxODAwMDAwMDAwMDAwfX0=",
          "dependencies": [
            "azurerm_resource_group.main"
          ]
        }
      ]
    },
    {
      "mode": "managed",
      "type": "azurerm_monitor_action_group",
      "name": "critical",
      "provider": "provider[\"registry.terraform.io/hashicorp/azurerm\"]",
      "instances": [
        {
          "schema_version": 1,
          "attributes": {
            "arm_role_receiver": [],
            "automation_runbook_receiver": [],
            "azure_app_push_receiver": [],
            "azure_function_receiver": [],
            "email_receiver": [
              {
                "email_address": "ops@example.com",
                "name": "ops-team",
                "use_common_alert_schema": true
              }
            ],
            "enabled": true,
            "event_hub_receiver": [],
            "id": "/subscriptions/021415c2-2f52-4a73-ae77-f8363165a5e1/resourceGroups/ctadispatch-production-eus2-rg/providers/Microsoft.Insights/actionGroups/ctadispatch-production-critical-ag",
            "itsm_receiver": [],
            "location": "global",
            "logic_app_receiver": [],
            "name": "ctadispatch-production-critical-ag",
            "resource_group_name": "ctadispatch-production-eus2-rg",
            "short_name": "critical",
            "sms_receiver": [],
            "tags": {
              "Application": "CTADispatch",
              "CostCenter": "Operations",
              "Environment": "production",
              "ManagedBy": "Terraform",
              "Organization": "Capital Tech Alliance"
            },
            "timeouts": null,
            "voice_receiver": [],
            "webhook_receiver": []
          },
          "sensitive_attributes": [],
          "private": "eyJlMmJmYjczMC1lY2FhLTExZTYtOGY4OC0zNDM2M2JjN2M0YzAiOnsiY3JlYXRlIjoxODAwMDAwMDAwMDAwLCJkZWxldGUiOjE4MDAwMDAwMDAwMDAsInJlYWQiOjMwMDAwMDAwMDAwMCwidXBkYXRlIjoxODAwMDAwMDAwMDAwfSwic2NoZW1hX3ZlcnNpb24iOiIxIn0=",
          "dependencies": [
            "azurerm_resource_group.main"
          ]
        }
      ]
    },
    {
      "mode": "managed",
      "type": "azurerm_monitor_action_group",
      "name": "warning",
      "provider": "provider[\"registry.terraform.io/hashicorp/azurerm\"]",
      "instances": [
        {
          "schema_version": 1,
          "attributes": {
            "arm_role_receiver": [],
            "automation_runbook_receiver": [],
            "azure_app_push_receiver": [],
            "azure_function_receiver": [],
            "email_receiver": [
              {
                "email_address": "dev@example.com",
                "name": "dev-team",
                "use_common_alert_schema": true
              }
            ],
            "enabled": true,
            "event_hub_receiver": [],
            "id": "/subscriptions/021415c2-2f52-4a73-ae77-f8363165a5e1/resourceGroups/ctadispatch-production-eus2-rg/providers/Microsoft.Insights/actionGroups/ctadispatch-production-warning-ag",
            "itsm_receiver": [],
            "location": "global",
            "logic_app_receiver": [],
            "name": "ctadispatch-production-warning-ag",
            "resource_group_name": "ctadispatch-production-eus2-rg",
            "short_name": "warning",
            "sms_receiver": [],
            "tags": {
              "Application": "CTADispatch",
              "CostCenter": "Operations",
              "Environment": "production",
              "ManagedBy": "Terraform",
              "Organization": "Capital Tech Alliance"
            },
            "timeouts": null,
            "voice_receiver": [],
            "webhook_receiver": []
          },
          "sensitive_attributes": [],
          "private": "eyJlMmJmYjczMC1lY2FhLTExZTYtOGY4OC0zNDM2M2JjN2M0YzAiOnsiY3JlYXRlIjoxODAwMDAwMDAwMDAwLCJkZWxldGUiOjE4MDAwMDAwMDAwMDAsInJlYWQiOjMwMDAwMDAwMDAwMCwidXBkYXRlIjoxODAwMDAwMDAwMDAwfSwic2NoZW1hX3ZlcnNpb24iOiIxIn0=",
          "dependencies": [
            "azurerm_resource_group.main"
          ]
        }
      ]
    },
    {
      "mode": "managed",
      "type": "azurerm_monitor_diagnostic_setting",
      "name": "eventhub",
      "provider": "provider[\"registry.terraform.io/hashicorp/azurerm\"]",
      "instances": [
        {
          "schema_version": 0,
          "attributes": {
            "enabled_log": [
              {
                "category": "OperationalLogs",
                "category_group": "",
                "retention_policy": []
              }
            ],
            "eventhub_authorization_rule_id": "",
            "eventhub_name": "",
            "id": "/subscriptions/021415c2-2f52-4a73-ae77-f8363165a5e1/resourceGroups/ctadispatch-production-eus2-rg/providers/Microsoft.EventHub/namespaces/ctadispatch-production-eus2-eh|ctadispatch-production-eh-diag",
            "log": [
              {
                "category": "ApplicationMetricsLogs",
                "category_group": "",
                "enabled": false,
                "retention_policy": [
                  {
                    "days": 0,
                    "enabled": false
                  }
                ]
              },
              {
                "category": "ArchiveLogs",
                "category_group": "",
                "enabled": false,
                "retention_policy": [
                  {
                    "days": 0,
                    "enabled": false
                  }
                ]
              },
              {
                "category": "AutoScaleLogs",
                "category_group": "",
                "enabled": false,
                "retention_policy": [
                  {
                    "days": 0,
                    "enabled": false
                  }
                ]
              },
              {
                "category": "CustomerManagedKeyUserLogs",
                "category_group": "",
                "enabled": false,
                "retention_policy": [
                  {
                    "days": 0,
                    "enabled": false
                  }
                ]
              },
              {
                "category": "DataDRLogs",
                "category_group": "",
                "enabled": false,
                "retention_policy": [
                  {
                    "days": 0,
                    "enabled": false
                  }
                ]
              },
              {
                "category": "DiagnosticErrorLogs",
                "category_group": "",
                "enabled": false,
                "retention_policy": [
                  {
                    "days": 0,
                    "enabled": false
                  }
                ]
              },
              {
                "category": "EventHubVNetConnectionEvent",
                "category_group": "",
                "enabled": false,
                "retention_policy": [
                  {
                    "days": 0,
                    "enabled": false
                  }
                ]
              },
              {
                "category": "KafkaCoordinatorLogs",
                "category_group": "",
                "enabled": false,
                "retention_policy": [
                  {
                    "days": 0,
                    "enabled": false
                  }
                ]
              },
              {
                "category": "KafkaUserErrorLogs",
                "category_group": "",
                "enabled": false,
                "retention_policy": [
                  {
                    "days": 0,
                    "enabled": false
                  }
                ]
              },
              {
                "category": "OperationalLogs",
                "category_group": "",
                "enabled": true,
                "retention_policy": [
                  {
                    "days": 0,
                    "enabled": false
                  }
                ]
              },
              {
                "category": "RuntimeAuditLogs",
                "category_group": "",
                "enabled": false,
                "retention_policy": [
                  {
                    "days": 0,
                    "enabled": false
                  }
                ]
              }
            ],
            "log_analytics_destination_type": "AzureDiagnostics",
            "log_analytics_workspace_id": "/subscriptions/021415c2-2f52-4a73-ae77-f8363165a5e1/resourceGroups/ctadispatch-production-eus2-rg/providers/Microsoft.OperationalInsights/workspaces/ctadispatch-production-eus2-law",
            "metric": [
              {
                "category": "AllMetrics",
                "enabled": true,
                "retention_policy": []
              }
            ],
            "name": "ctadispatch-production-eh-diag",
            "partner_solution_id": null,
            "storage_account_id": null,
            "target_resource_id": "/subscriptions/021415c2-2f52-4a73-ae77-f8363165a5e1/resourceGroups/ctadispatch-production-eus2-rg/providers/Microsoft.EventHub/namespaces/ctadispatch-production-eus2-eh",
            "timeouts": null
          },
          "sensitive_attributes": [],
          "private": "eyJlMmJmYjczMC1lY2FhLTExZTYtOGY4OC0zNDM2M2JjN2M0YzAiOnsiY3JlYXRlIjoxODAwMDAwMDAwMDAwLCJkZWxldGUiOjM2MDAwMDAwMDAwMDAsInJlYWQiOjMwMDAwMDAwMDAwMCwidXBkYXRlIjoxODAwMDAwMDAwMDAwfX0=",
          "dependencies": [
            "azurerm_eventhub_namespace.main",
            "azurerm_log_analytics_workspace.main",
            "azurerm_resource_group.main"
          ]
        }
      ]
    },
    {
      "mode": "managed",
      "type": "azurerm_monitor_diagnostic_setting",
      "name": "keyvault",
      "provider": "provider[\"registry.terraform.io/hashicorp/azurerm\"]",
      "instances": []
    },
    {
      "mode": "managed",
      "type": "azurerm_monitor_diagnostic_setting",
      "name": "nsg_aks",
      "provider": "provider[\"registry.terraform.io/hashicorp/azurerm\"]",
      "instances": [
        {
          "schema_version": 0,
          "attributes": {
            "enabled_log": [
              {
                "category": "NetworkSecurityGroupEvent",
                "category_group": "",
                "retention_policy": []
              },
              {
                "category": "NetworkSecurityGroupRuleCounter",
                "category_group": "",
                "retention_policy": []
              }
            ],
            "eventhub_authorization_rule_id": "",
            "eventhub_name": "",
            "id": "/subscriptions/021415c2-2f52-4a73-ae77-f8363165a5e1/resourceGroups/ctadispatch-production-eus2-rg/providers/Microsoft.Network/networkSecurityGroups/ctadispatch-production-aks-nsg|ctadispatch-production-nsg-aks-diag",
            "log": [
              {
                "category": "NetworkSecurityGroupEvent",
                "category_group": "",
                "enabled": true,
                "retention_policy": [
                  {
                    "days": 0,
                    "enabled": false
                  }
                ]
              },
              {
                "category": "NetworkSecurityGroupRuleCounter",
                "category_group": "",
                "enabled": true,
                "retention_policy": [
                  {
                    "days": 0,
                    "enabled": false
                  }
                ]
              }
            ],
            "log_analytics_destination_type": "",
            "log_analytics_workspace_id": "/subscriptions/021415c2-2f52-4a73-ae77-f8363165a5e1/resourceGroups/ctadispatch-production-eus2-rg/providers/Microsoft.OperationalInsights/workspaces/ctadispatch-production-eus2-law",
            "metric": [],
            "name": "ctadispatch-production-nsg-aks-diag",
            "partner_solution_id": null,
            "storage_account_id": null,
            "target_resource_id": "/subscriptions/021415c2-2f52-4a73-ae77-f8363165a5e1/resourceGroups/ctadispatch-production-eus2-rg/providers/Microsoft.Network/networkSecurityGroups/ctadispatch-production-aks-nsg",
            "timeouts": null
          },
          "sensitive_attributes": [],
          "private": "eyJlMmJmYjczMC1lY2FhLTExZTYtOGY4OC0zNDM2M2JjN2M0YzAiOnsiY3JlYXRlIjoxODAwMDAwMDAwMDAwLCJkZWxldGUiOjM2MDAwMDAwMDAwMDAsInJlYWQiOjMwMDAwMDAwMDAwMCwidXBkYXRlIjoxODAwMDAwMDAwMDAwfX0=",
          "dependencies": [
            "azurerm_log_analytics_workspace.main",
            "azurerm_network_security_group.aks",
            "azurerm_resource_group.main"
          ]
        }
      ]
    },
    {
      "mode": "managed",
      "type": "azurerm_monitor_diagnostic_setting",
      "name": "postgres",
      "provider": "provider[\"registry.terraform.io/hashicorp/azurerm\"]",
      "instances": []
    },
    {
      "mode": "managed",
      "type": "azurerm_monitor_diagnostic_setting",
      "name": "redis",
      "provider": "provider[\"registry.terraform.io/hashicorp/azurerm\"]",
      "instances": []
    },
    {
      "mode": "managed",
      "type": "azurerm_monitor_diagnostic_setting",
      "name": "servicebus",
      "provider": "provider[\"registry.terraform.io/hashicorp/azurerm\"]",
      "instances": [
        {
          "schema_version": 0,
          "attributes": {
            "enabled_log": [
              {
                "category": "OperationalLogs",
                "category_group": "",
                "retention_policy": []
              }
            ],
            "eventhub_authorization_rule_id": "",
            "eventhub_name": "",
            "id": "/subscriptions/021415c2-2f52-4a73-ae77-f8363165a5e1/resourceGroups/ctadispatch-production-eus2-rg/providers/Microsoft.ServiceBus/namespaces/ctadispatch-production-eus2-servicebus|ctadispatch-production-sb-diag",
            "log": [
              {
                "category": "ApplicationMetricsLogs",
                "category_group": "",
                "enabled": false,
                "retention_policy": [
                  {
                    "days": 0,
                    "enabled": false
                  }
                ]
              },
              {
                "category": "DataDRLogs",
                "category_group": "",
                "enabled": false,
                "retention_policy": [
                  {
                    "days": 0,
                    "enabled": false
                  }
                ]
              },
              {
                "category": "DiagnosticErrorLogs",
                "category_group": "",
                "enabled": false,
                "retention_policy": [
                  {
                    "days": 0,
                    "enabled": false
                  }
                ]
              },
              {
                "category": "OperationalLogs",
                "category_group": "",
                "enabled": true,
                "retention_policy": [
                  {
                    "days": 0,
                    "enabled": false
                  }
                ]
              },
              {
                "category": "RuntimeAuditLogs",
                "category_group": "",
                "enabled": false,
                "retention_policy": [
                  {
                    "days": 0,
                    "enabled": false
                  }
                ]
              },
              {
                "category": "VNetAndIPFilteringLogs",
                "category_group": "",
                "enabled": false,
                "retention_policy": [
                  {
                    "days": 0,
                    "enabled": false
                  }
                ]
              }
            ],
            "log_analytics_destination_type": "AzureDiagnostics",
            "log_analytics_workspace_id": "/subscriptions/021415c2-2f52-4a73-ae77-f8363165a5e1/resourceGroups/ctadispatch-production-eus2-rg/providers/Microsoft.OperationalInsights/workspaces/ctadispatch-production-eus2-law",
            "metric": [
              {
                "category": "AllMetrics",
                "enabled": true,
                "retention_policy": []
              }
            ],
            "name": "ctadispatch-production-sb-diag",
            "partner_solution_id": null,
            "storage_account_id": null,
            "target_resource_id": "/subscriptions/021415c2-2f52-4a73-ae77-f8363165a5e1/resourceGroups/ctadispatch-production-eus2-rg/providers/Microsoft.ServiceBus/namespaces/ctadispatch-production-eus2-servicebus",
            "timeouts": null
          },
          "sensitive_attributes": [],
          "private": "eyJlMmJmYjczMC1lY2FhLTExZTYtOGY4OC0zNDM2M2JjN2M0YzAiOnsiY3JlYXRlIjoxODAwMDAwMDAwMDAwLCJkZWxldGUiOjM2MDAwMDAwMDAwMDAsInJlYWQiOjMwMDAwMDAwMDAwMCwidXBkYXRlIjoxODAwMDAwMDAwMDAwfX0=",
          "dependencies": [
            "azurerm_log_analytics_workspace.main",
            "azurerm_resource_group.main",
            "azurerm_servicebus_namespace.main"
          ]
        }
      ]
    },
    {
      "mode": "managed",
      "type": "azurerm_monitor_diagnostic_setting",
      "name": "storage",
      "provider": "provider[\"registry.terraform.io/hashicorp/azurerm\"]",
      "instances": []
    },
    {
      "mode": "managed",
      "type": "azurerm_monitor_diagnostic_setting",
      "name": "vnet",
      "provider": "provider[\"registry.terraform.io/hashicorp/azurerm\"]",
      "instances": [
        {
          "schema_version": 0,
          "attributes": {
            "enabled_log": [
              {
                "category": "VMProtectionAlerts",
                "category_group": "",
                "retention_policy": []
              }
            ],
            "eventhub_authorization_rule_id": "",
            "eventhub_name": "",
            "id": "/subscriptions/021415c2-2f52-4a73-ae77-f8363165a5e1/resourceGroups/ctadispatch-production-eus2-rg/providers/Microsoft.Network/virtualNetworks/ctadispatch-production-eus2-vnet|ctadispatch-production-vnet-diag",
            "log": [
              {
                "category": "VMProtectionAlerts",
                "category_group": "",
                "enabled": true,
                "retention_policy": [
                  {
                    "days": 0,
                    "enabled": false
                  }
                ]
              }
            ],
            "log_analytics_destination_type": "",
            "log_analytics_workspace_id": "/subscriptions/021415c2-2f52-4a73-ae77-f8363165a5e1/resourceGroups/ctadispatch-production-eus2-rg/providers/Microsoft.OperationalInsights/workspaces/ctadispatch-production-eus2-law",
            "metric": [
              {
                "category": "AllMetrics",
                "enabled": true,
                "retention_policy": []
              }
            ],
            "name": "ctadispatch-production-vnet-diag",
            "partner_solution_id": null,
            "storage_account_id": null,
            "target_resource_id": "/subscriptions/021415c2-2f52-4a73-ae77-f8363165a5e1/resourceGroups/ctadispatch-production-eus2-rg/providers/Microsoft.Network/virtualNetworks/ctadispatch-production-eus2-vnet",
            "timeouts": null
          },
          "sensitive_attributes": [],
          "private": "eyJlMmJmYjczMC1lY2FhLTExZTYtOGY4OC0zNDM2M2JjN2M0YzAiOnsiY3JlYXRlIjoxODAwMDAwMDAwMDAwLCJkZWxldGUiOjM2MDAwMDAwMDAwMDAsInJlYWQiOjMwMDAwMDAwMDAwMCwidXBkYXRlIjoxODAwMDAwMDAwMDAwfX0=",
          "dependencies": [
            "azurerm_log_analytics_workspace.main",
            "azurerm_network_ddos_protection_plan.main",
            "azurerm_resource_group.main",
            "azurerm_virtual_network.main"
          ]
        }
      ]
    },
    {
      "mode": "managed",
      "type": "azurerm_monitor_metric_alert",
      "name": "aks_cpu",
      "provider": "provider[\"registry.terraform.io/hashicorp/azurerm\"]",
      "instances": []
    },
    {
      "mode": "managed",
      "type": "azurerm_monitor_metric_alert",
      "name": "aks_memory",
      "provider": "provider[\"registry.terraform.io/hashicorp/azurerm\"]",
      "instances": []
    },
    {
      "mode": "managed",
      "type": "azurerm_monitor_metric_alert",
      "name": "failed_auth",
      "provider": "provider[\"registry.terraform.io/hashicorp/azurerm\"]",
      "instances": []
    },
    {
      "mode": "managed",
      "type": "azurerm_monitor_metric_alert",
      "name": "postgres_storage",
      "provider": "provider[\"registry.terraform.io/hashicorp/azurerm\"]",
      "instances": []
    },
    {
      "mode": "managed",
      "type": "azurerm_monitor_metric_alert",
      "name": "redis_cache_misses",
      "provider": "provider[\"registry.terraform.io/hashicorp/azurerm\"]",
      "instances": []
    },
    {
      "mode": "managed",
      "type": "azurerm_monitor_scheduled_query_rules_alert_v2",
      "name": "api_error_rate",
      "provider": "provider[\"registry.terraform.io/hashicorp/azurerm\"]",
      "instances": [
        {
          "schema_version": 0,
          "attributes": {
            "action": [
              {
                "action_groups": [
                  "/subscriptions/021415c2-2f52-4a73-ae77-f8363165a5e1/resourceGroups/ctadispatch-production-eus2-rg/providers/Microsoft.Insights/actionGroups/ctadispatch-production-critical-ag"
                ],
                "custom_properties": null
              }
            ],
            "auto_mitigation_enabled": false,
            "created_with_api_version": "2023-03-15-preview",
            "criteria": [
              {
                "dimension": [],
                "failing_periods": [
                  {
                    "minimum_failing_periods_to_trigger_alert": 2,
                    "number_of_evaluation_periods": 4
                  }
                ],
                "metric_measure_column": "",
                "operator": "GreaterThan",
                "query": "requests\n| where success == false\n| summarize ErrorCount = count() by bin(timestamp, 5m)\n| where ErrorCount \u003e 10\n",
                "resource_id_column": "",
                "threshold": 10,
                "time_aggregation_method": "Count"
              }
            ],
            "description": "Alert when API error rate exceeds threshold",
            "display_name": "",
            "enabled": true,
            "evaluation_frequency": "PT5M",
            "id": "/subscriptions/021415c2-2f52-4a73-ae77-f8363165a5e1/resourceGroups/ctadispatch-production-eus2-rg/providers/Microsoft.Insights/scheduledQueryRules/ctadispatch-production-api-error-rate",
            "identity": [],
            "is_a_legacy_log_analytics_rule": false,
            "is_workspace_alerts_storage_configured": false,
            "location": "eastus2",
            "mute_actions_after_alert_duration": "",
            "name": "ctadispatch-production-api-error-rate",
            "query_time_range_override": "",
            "resource_group_name": "ctadispatch-production-eus2-rg",
            "scopes": [
              "/subscriptions/021415c2-2f52-4a73-ae77-f8363165a5e1/resourceGroups/ctadispatch-production-eus2-rg/providers/Microsoft.Insights/components/ctadispatch-production-eus2-ai"
            ],
            "severity": 2,
            "skip_query_validation": false,
            "tags": {
              "Application": "CTADispatch",
              "CostCenter": "Operations",
              "Environment": "production",
              "ManagedBy": "Terraform",
              "Organization": "Capital Tech Alliance"
            },
            "target_resource_types": null,
            "timeouts": null,
            "window_duration": "PT15M",
            "workspace_alerts_storage_enabled": false
          },
          "sensitive_attributes": [],
          "private": "eyJlMmJmYjczMC1lY2FhLTExZTYtOGY4OC0zNDM2M2JjN2M0YzAiOnsiY3JlYXRlIjoxODAwMDAwMDAwMDAwLCJkZWxldGUiOjE4MDAwMDAwMDAwMDAsInJlYWQiOjMwMDAwMDAwMDAwMCwidXBkYXRlIjoxODAwMDAwMDAwMDAwfX0=",
          "dependencies": [
            "azurerm_application_insights.main",
            "azurerm_log_analytics_workspace.main",
            "azurerm_monitor_action_group.critical",
            "azurerm_resource_group.main"
          ]
        }
      ]
    },
    {
      "mode": "managed",
      "type": "azurerm_monitor_scheduled_query_rules_alert_v2",
      "name": "policy_violations",
      "provider": "provider[\"registry.terraform.io/hashicorp/azurerm\"]",
      "instances": [
        {
          "schema_version": 0,
          "attributes": {
            "action": [
              {
                "action_groups": [
                  "/subscriptions/021415c2-2f52-4a73-ae77-f8363165a5e1/resourceGroups/ctadispatch-production-eus2-rg/providers/Microsoft.Insights/actionGroups/ctadispatch-production-critical-ag"
                ],
                "custom_properties": null
              }
            ],
            "auto_mitigation_enabled": false,
            "created_with_api_version": "2023-03-15-preview",
            "criteria": [
              {
                "dimension": [],
                "failing_periods": [
                  {
                    "minimum_failing_periods_to_trigger_alert": 1,
                    "number_of_evaluation_periods": 1
                  }
                ],
                "metric_measure_column": "",
                "operator": "GreaterThan",
                "query": "traces\n| where customDimensions.event_type == \"policy_violation\"\n| summarize ViolationCount = count() by bin(timestamp, 5m)\n| where ViolationCount \u003e 0\n",
                "resource_id_column": "",
                "threshold": 0,
                "time_aggregation_method": "Count"
              }
            ],
            "description": "Alert when policy violations are detected",
            "display_name": "",
            "enabled": true,
            "evaluation_frequency": "PT5M",
            "id": "/subscriptions/021415c2-2f52-4a73-ae77-f8363165a5e1/resourceGroups/ctadispatch-production-eus2-rg/providers/Microsoft.Insights/scheduledQueryRules/ctadispatch-production-policy-violations",
            "identity": [],
            "is_a_legacy_log_analytics_rule": false,
            "is_workspace_alerts_storage_configured": false,
            "location": "eastus2",
            "mute_actions_after_alert_duration": "",
            "name": "ctadispatch-production-policy-violations",
            "query_time_range_override": "",
            "resource_group_name": "ctadispatch-production-eus2-rg",
            "scopes": [
              "/subscriptions/021415c2-2f52-4a73-ae77-f8363165a5e1/resourceGroups/ctadispatch-production-eus2-rg/providers/Microsoft.Insights/components/ctadispatch-production-eus2-ai"
            ],
            "severity": 1,
            "skip_query_validation": false,
            "tags": {
              "Application": "CTADispatch",
              "CostCenter": "Operations",
              "Environment": "production",
              "ManagedBy": "Terraform",
              "Organization": "Capital Tech Alliance"
            },
            "target_resource_types": null,
            "timeouts": null,
            "window_duration": "PT15M",
            "workspace_alerts_storage_enabled": false
          },
          "sensitive_attributes": [],
          "private": "eyJlMmJmYjczMC1lY2FhLTExZTYtOGY4OC0zNDM2M2JjN2M0YzAiOnsiY3JlYXRlIjoxODAwMDAwMDAwMDAwLCJkZWxldGUiOjE4MDAwMDAwMDAwMDAsInJlYWQiOjMwMDAwMDAwMDAwMCwidXBkYXRlIjoxODAwMDAwMDAwMDAwfX0=",
          "dependencies": [
            "azurerm_application_insights.main",
            "azurerm_log_analytics_workspace.main",
            "azurerm_monitor_action_group.critical",
            "azurerm_resource_group.main"
          ]
        }
      ]
    },
    {
      "mode": "managed",
      "type": "azurerm_network_ddos_protection_plan",
      "name": "main",
      "provider": "provider[\"registry.terraform.io/hashicorp/azurerm\"]",
      "instances": [
        {
          "index_key": 0,
          "schema_version": 0,
          "attributes": {
            "id": "/subscriptions/021415c2-2f52-4a73-ae77-f8363165a5e1/resourceGroups/ctadispatch-production-eus2-rg/providers/Microsoft.Network/ddosProtectionPlans/ctadispatch-production-eus2-ddos",
            "location": "eastus2",
            "name": "ctadispatch-production-eus2-ddos",
            "resource_group_name": "ctadispatch-production-eus2-rg",
            "tags": {
              "Application": "CTADispatch",
              "CostCenter": "Operations",
              "Environment": "production",
              "ManagedBy": "Terraform",
              "Organization": "Capital Tech Alliance"
            },
            "timeouts": null,
            "virtual_network_ids": []
          },
          "sensitive_attributes": [],
          "private": "eyJlMmJmYjczMC1lY2FhLTExZTYtOGY4OC0zNDM2M2JjN2M0YzAiOnsiY3JlYXRlIjoxODAwMDAwMDAwMDAwLCJkZWxldGUiOjE4MDAwMDAwMDAwMDAsInJlYWQiOjMwMDAwMDAwMDAwMCwidXBkYXRlIjoxODAwMDAwMDAwMDAwfX0=",
          "dependencies": [
            "azurerm_resource_group.main"
          ]
        }
      ]
    },
    {
      "mode": "managed",
      "type": "azurerm_network_security_group",
      "name": "aks",
      "provider": "provider[\"registry.terraform.io/hashicorp/azurerm\"]",
      "instances": [
        {
          "schema_version": 0,
          "attributes": {
            "id": "/subscriptions/021415c2-2f52-4a73-ae77-f8363165a5e1/resourceGroups/ctadispatch-production-eus2-rg/providers/Microsoft.Network/networkSecurityGroups/ctadispatch-production-aks-nsg",
            "location": "eastus2",
            "name": "ctadispatch-production-aks-nsg",
            "resource_group_name": "ctadispatch-production-eus2-rg",
            "security_rule": [
              {
                "access": "Allow",
                "description": "",
                "destination_address_prefix": "*",
                "destination_address_prefixes": [],
                "destination_application_security_group_ids": [],
                "destination_port_range": "443",
                "destination_port_ranges": [],
                "direction": "Inbound",
                "name": "AllowHTTPS",
                "priority": 100,
                "protocol": "Tcp",
                "source_address_prefix": "*",
                "source_address_prefixes": [],
                "source_application_security_group_ids": [],
                "source_port_range": "*",
                "source_port_ranges": []
              },
              {
                "access": "Allow",
                "description": "",
                "destination_address_prefix": "*",
                "destination_address_prefixes": [],
                "destination_application_security_group_ids": [],
                "destination_port_range": "443",
                "destination_port_ranges": [],
                "direction": "Inbound",
                "name": "AllowKubeAPI",
                "priority": 120,
                "protocol": "Tcp",
                "source_address_prefix": "AzureCloud",
                "source_address_prefixes": [],
                "source_application_security_group_ids": [],
                "source_port_range": "*",
                "source_port_ranges": []
              },
              {
                "access": "Allow",
                "description": "",
                "destination_address_prefix": "*",
                "destination_address_prefixes": [],
                "destination_application_security_group_ids": [],
                "destination_port_range": "80",
                "destination_port_ranges": [],
                "direction": "Inbound",
                "name": "AllowHTTP",
                "priority": 110,
                "protocol": "Tcp",
                "source_address_prefix": "*",
                "source_address_prefixes": [],
                "source_application_security_group_ids": [],
                "source_port_range": "*",
                "source_port_ranges": []
              },
              {
                "access": "Deny",
                "description": "",
                "destination_address_prefix": "*",
                "destination_address_prefixes": [],
                "destination_application_security_group_ids": [],
                "destination_port_range": "*",
                "destination_port_ranges": [],
                "direction": "Inbound",
                "name": "DenyAllInbound",
                "priority": 4096,
                "protocol": "*",
                "source_address_prefix": "*",
                "source_address_prefixes": [],
                "source_application_security_group_ids": [],
                "source_port_range": "*",
                "source_port_ranges": []
              }
            ],
            "tags": {
              "Application": "CTADispatch",
              "CostCenter": "Operations",
              "Environment": "production",
              "ManagedBy": "Terraform",
              "Organization": "Capital Tech Alliance"
            },
            "timeouts": null
          },
          "sensitive_attributes": [],
          "private": "eyJlMmJmYjczMC1lY2FhLTExZTYtOGY4OC0zNDM2M2JjN2M0YzAiOnsiY3JlYXRlIjoxODAwMDAwMDAwMDAwLCJkZWxldGUiOjE4MDAwMDAwMDAwMDAsInJlYWQiOjMwMDAwMDAwMDAwMCwidXBkYXRlIjoxODAwMDAwMDAwMDAwfX0=",
          "dependencies": [
            "azurerm_resource_group.main"
          ]
        }
      ]
    },
    {
      "mode": "managed",
      "type": "azurerm_network_security_group",
      "name": "data",
      "provider": "provider[\"registry.terraform.io/hashicorp/azurerm\"]",
      "instances": [
        {
          "schema_version": 0,
          "attributes": {
            "id": "/subscriptions/021415c2-2f52-4a73-ae77-f8363165a5e1/resourceGroups/ctadispatch-production-eus2-rg/providers/Microsoft.Network/networkSecurityGroups/ctadispatch-production-data-nsg",
            "location": "eastus2",
            "name": "ctadispatch-production-data-nsg",
            "resource_group_name": "ctadispatch-production-eus2-rg",
            "security_rule": [
              {
                "access": "Allow",
                "description": "",
                "destination_address_prefix": "*",
                "destination_address_prefixes": [],
                "destination_application_security_group_ids": [],
                "destination_port_range": "5432",
                "destination_port_ranges": [],
                "direction": "Inbound",
                "name": "AllowPostgreSQLFromAKS",
                "priority": 100,
                "protocol": "Tcp",
                "source_address_prefix": "10.2.0.0/22",
                "source_address_prefixes": [],
                "source_application_security_group_ids": [],
                "source_port_range": "*",
                "source_port_ranges": []
              },
              {
                "access": "Deny",
                "description": "",
                "destination_address_prefix": "*",
                "destination_address_prefixes": [],
                "destination_application_security_group_ids": [],
                "destination_port_range": "*",
                "destination_port_ranges": [],
                "direction": "Inbound",
                "name": "DenyAllInbound",
                "priority": 4096,
                "protocol": "*",
                "source_address_prefix": "*",
                "source_address_prefixes": [],
                "source_application_security_group_ids": [],
                "source_port_range": "*",
                "source_port_ranges": []
              }
            ],
            "tags": {
              "Application": "CTADispatch",
              "CostCenter": "Operations",
              "Environment": "production",
              "ManagedBy": "Terraform",
              "Organization": "Capital Tech Alliance"
            },
            "timeouts": null
          },
          "sensitive_attributes": [],
          "private": "eyJlMmJmYjczMC1lY2FhLTExZTYtOGY4OC0zNDM2M2JjN2M0YzAiOnsiY3JlYXRlIjoxODAwMDAwMDAwMDAwLCJkZWxldGUiOjE4MDAwMDAwMDAwMDAsInJlYWQiOjMwMDAwMDAwMDAwMCwidXBkYXRlIjoxODAwMDAwMDAwMDAwfX0=",
          "dependencies": [
            "azurerm_resource_group.main"
          ]
        }
      ]
    },
    {
      "mode": "managed",
      "type": "azurerm_network_security_group",
      "name": "private_endpoints",
      "provider": "provider[\"registry.terraform.io/hashicorp/azurerm\"]",
      "instances": [
        {
          "schema_version": 0,
          "attributes": {
            "id": "/subscriptions/021415c2-2f52-4a73-ae77-f8363165a5e1/resourceGroups/ctadispatch-production-eus2-rg/providers/Microsoft.Network/networkSecurityGroups/ctadispatch-production-pe-nsg",
            "location": "eastus2",
            "name": "ctadispatch-production-pe-nsg",
            "resource_group_name": "ctadispatch-production-eus2-rg",
            "security_rule": [
              {
                "access": "Allow",
                "description": "",
                "destination_address_prefix": "*",
                "destination_address_prefixes": [],
                "destination_application_security_group_ids": [],
                "destination_port_range": "*",
                "destination_port_ranges": [],
                "direction": "Inbound",
                "name": "AllowFromAKS",
                "priority": 100,
                "protocol": "*",
                "source_address_prefix": "10.2.0.0/22",
                "source_address_prefixes": [],
                "source_application_security_group_ids": [],
                "source_port_range": "*",
                "source_port_ranges": []
              },
              {
                "access": "Deny",
                "description": "",
                "destination_address_prefix": "*",
                "destination_address_prefixes": [],
                "destination_application_security_group_ids": [],
                "destination_port_range": "*",
                "destination_port_ranges": [],
                "direction": "Inbound",
                "name": "DenyAllInbound",
                "priority": 4096,
                "protocol": "*",
                "source_address_prefix": "*",
                "source_address_prefixes": [],
                "source_application_security_group_ids": [],
                "source_port_range": "*",
                "source_port_ranges": []
              }
            ],
            "tags": {
              "Application": "CTADispatch",
              "CostCenter": "Operations",
              "Environment": "production",
              "ManagedBy": "Terraform",
              "Organization": "Capital Tech Alliance"
            },
            "timeouts": null
          },
          "sensitive_attributes": [],
          "private": "eyJlMmJmYjczMC1lY2FhLTExZTYtOGY4OC0zNDM2M2JjN2M0YzAiOnsiY3JlYXRlIjoxODAwMDAwMDAwMDAwLCJkZWxldGUiOjE4MDAwMDAwMDAwMDAsInJlYWQiOjMwMDAwMDAwMDAwMCwidXBkYXRlIjoxODAwMDAwMDAwMDAwfX0=",
          "dependencies": [
            "azurerm_resource_group.main"
          ]
        }
      ]
    },
    {
      "mode": "managed",
      "type": "azurerm_postgresql_flexible_server_configuration",
      "name": "connection_throttling",
      "provider": "provider[\"registry.terraform.io/hashicorp/azurerm\"]",
      "instances": []
    },
    {
      "mode": "managed",
      "type": "azurerm_postgresql_flexible_server_configuration",
      "name": "log_checkpoints",
      "provider": "provider[\"registry.terraform.io/hashicorp/azurerm\"]",
      "instances": []
    },
    {
      "mode": "managed",
      "type": "azurerm_postgresql_flexible_server_configuration",
      "name": "log_connections",
      "provider": "provider[\"registry.terraform.io/hashicorp/azurerm\"]",
      "instances": []
    },
    {
      "mode": "managed",
      "type": "azurerm_postgresql_flexible_server_configuration",
      "name": "log_disconnections",
      "provider": "provider[\"registry.terraform.io/hashicorp/azurerm\"]",
      "instances": []
    },
    {
      "mode": "managed",
      "type": "azurerm_postgresql_flexible_server_configuration",
      "name": "ssl_enforcement",
      "provider": "provider[\"registry.terraform.io/hashicorp/azurerm\"]",
      "instances": []
    },
    {
      "mode": "managed",
      "type": "azurerm_postgresql_flexible_server_database",
      "name": "main",
      "provider": "provider[\"registry.terraform.io/hashicorp/azurerm\"]",
      "instances": []
    },
    {
      "mode": "managed",
      "type": "azurerm_private_dns_zone",
      "name": "keyvault",
      "provider": "provider[\"registry.terraform.io/hashicorp/azurerm\"]",
      "instances": [
        {
          "index_key": 0,
          "schema_version": 0,
          "attributes": {
            "id": "/subscriptions/021415c2-2f52-4a73-ae77-f8363165a5e1/resourceGroups/ctadispatch-production-eus2-rg/providers/Microsoft.Network/privateDnsZones/privatelink.vaultcore.azure.net",
            "max_number_of_record_sets": 25000,
            "max_number_of_virtual_network_links": 1000,
            "max_number_of_virtual_network_links_with_registration": 100,
            "name": "privatelink.vaultcore.azure.net",
            "number_of_record_sets": 1,
            "resource_group_name": "ctadispatch-production-eus2-rg",
            "soa_record": [
              {
                "email": "azureprivatedns-host.microsoft.com",
                "expire_time": 2419200,
                "fqdn": "privatelink.vaultcore.azure.net.",
                "host_name": "azureprivatedns.net",
                "minimum_ttl": 10,
                "refresh_time": 3600,
                "retry_time": 300,
                "serial_number": 1,
                "tags": {},
                "ttl": 3600
              }
            ],
            "tags": {
              "Application": "CTADispatch",
              "CostCenter": "Operations",
              "Environment": "production",
              "ManagedBy": "Terraform",
              "Organization": "Capital Tech Alliance"
            },
            "timeouts": null
          },
          "sensitive_attributes": [],
          "private": "eyJlMmJmYjczMC1lY2FhLTExZTYtOGY4OC0zNDM2M2JjN2M0YzAiOnsiY3JlYXRlIjoxODAwMDAwMDAwMDAwLCJkZWxldGUiOjE4MDAwMDAwMDAwMDAsInJlYWQiOjMwMDAwMDAwMDAwMCwidXBkYXRlIjoxODAwMDAwMDAwMDAwfX0=",
          "dependencies": [
            "azurerm_resource_group.main"
          ]
        }
      ]
    },
    {
      "mode": "managed",
      "type": "azurerm_private_dns_zone",
      "name": "postgres",
      "provider": "provider[\"registry.terraform.io/hashicorp/azurerm\"]",
      "instances": [
        {
          "index_key": 0,
          "schema_version": 0,
          "attributes": {
            "id": "/subscriptions/021415c2-2f52-4a73-ae77-f8363165a5e1/resourceGroups/ctadispatch-production-eus2-rg/providers/Microsoft.Network/privateDnsZones/privatelink.postgres.database.azure.com",
            "max_number_of_record_sets": 25000,
            "max_number_of_virtual_network_links": 1000,
            "max_number_of_virtual_network_links_with_registration": 100,
            "name": "privatelink.postgres.database.azure.com",
            "number_of_record_sets": 1,
            "resource_group_name": "ctadispatch-production-eus2-rg",
            "soa_record": [
              {
                "email": "azureprivatedns-host.microsoft.com",
                "expire_time": 2419200,
                "fqdn": "privatelink.postgres.database.azure.com.",
                "host_name": "azureprivatedns.net",
                "minimum_ttl": 10,
                "refresh_time": 3600,
                "retry_time": 300,
                "serial_number": 1,
                "tags": {},
                "ttl": 3600
              }
            ],
            "tags": {
              "Application": "CTADispatch",
              "CostCenter": "Operations",
              "Environment": "production",
              "ManagedBy": "Terraform",
              "Organization": "Capital Tech Alliance"
            },
            "timeouts": null
          },
          "sensitive_attributes": [],
          "private": "eyJlMmJmYjczMC1lY2FhLTExZTYtOGY4OC0zNDM2M2JjN2M0YzAiOnsiY3JlYXRlIjoxODAwMDAwMDAwMDAwLCJkZWxldGUiOjE4MDAwMDAwMDAwMDAsInJlYWQiOjMwMDAwMDAwMDAwMCwidXBkYXRlIjoxODAwMDAwMDAwMDAwfX0=",
          "dependencies": [
            "azurerm_resource_group.main"
          ]
        }
      ]
    },
    {
      "mode": "managed",
      "type": "azurerm_private_dns_zone",
      "name": "redis",
      "provider": "provider[\"registry.terraform.io/hashicorp/azurerm\"]",
      "instances": [
        {
          "index_key": 0,
          "schema_version": 0,
          "attributes": {
            "id": "/subscriptions/021415c2-2f52-4a73-ae77-f8363165a5e1/resourceGroups/ctadispatch-production-eus2-rg/providers/Microsoft.Network/privateDnsZones/privatelink.redis.cache.windows.net",
            "max_number_of_record_sets": 25000,
            "max_number_of_virtual_network_links": 1000,
            "max_number_of_virtual_network_links_with_registration": 100,
            "name": "privatelink.redis.cache.windows.net",
            "number_of_record_sets": 1,
            "resource_group_name": "ctadispatch-production-eus2-rg",
            "soa_record": [
              {
                "email": "azureprivatedns-host.microsoft.com",
                "expire_time": 2419200,
                "fqdn": "privatelink.redis.cache.windows.net.",
                "host_name": "azureprivatedns.net",
                "minimum_ttl": 10,
                "refresh_time": 3600,
                "retry_time": 300,
                "serial_number": 1,
                "tags": {},
                "ttl": 3600
              }
            ],
            "tags": {
              "Application": "CTADispatch",
              "CostCenter": "Operations",
              "Environment": "production",
              "ManagedBy": "Terraform",
              "Organization": "Capital Tech Alliance"
            },
            "timeouts": null
          },
          "sensitive_attributes": [],
          "private": "eyJlMmJmYjczMC1lY2FhLTExZTYtOGY4OC0zNDM2M2JjN2M0YzAiOnsiY3JlYXRlIjoxODAwMDAwMDAwMDAwLCJkZWxldGUiOjE4MDAwMDAwMDAwMDAsInJlYWQiOjMwMDAwMDAwMDAwMCwidXBkYXRlIjoxODAwMDAwMDAwMDAwfX0=",
          "dependencies": [
            "azurerm_resource_group.main"
          ]
        }
      ]
    },
    {
      "mode": "managed",
      "type": "azurerm_private_dns_zone",
      "name": "servicebus",
      "provider": "provider[\"registry.terraform.io/hashicorp/azurerm\"]",
      "instances": [
        {
          "index_key": 0,
          "schema_version": 0,
          "attributes": {
            "id": "/subscriptions/021415c2-2f52-4a73-ae77-f8363165a5e1/resourceGroups/ctadispatch-production-eus2-rg/providers/Microsoft.Network/privateDnsZones/privatelink.servicebus.windows.net",
            "max_number_of_record_sets": 25000,
            "max_number_of_virtual_network_links": 1000,
            "max_number_of_virtual_network_links_with_registration": 100,
            "name": "privatelink.servicebus.windows.net",
            "number_of_record_sets": 1,
            "resource_group_name": "ctadispatch-production-eus2-rg",
            "soa_record": [
              {
                "email": "azureprivatedns-host.microsoft.com",
                "expire_time": 2419200,
                "fqdn": "privatelink.servicebus.windows.net.",
                "host_name": "azureprivatedns.net",
                "minimum_ttl": 10,
                "refresh_time": 3600,
                "retry_time": 300,
                "serial_number": 1,
                "tags": {},
                "ttl": 3600
              }
            ],
            "tags": {
              "Application": "CTADispatch",
              "CostCenter": "Operations",
              "Environment": "production",
              "ManagedBy": "Terraform",
              "Organization": "Capital Tech Alliance"
            },
            "timeouts": null
          },
          "sensitive_attributes": [],
          "private": "eyJlMmJmYjczMC1lY2FhLTExZTYtOGY4OC0zNDM2M2JjN2M0YzAiOnsiY3JlYXRlIjoxODAwMDAwMDAwMDAwLCJkZWxldGUiOjE4MDAwMDAwMDAwMDAsInJlYWQiOjMwMDAwMDAwMDAwMCwidXBkYXRlIjoxODAwMDAwMDAwMDAwfX0=",
          "dependencies": [
            "azurerm_resource_group.main"
          ]
        }
      ]
    },
    {
      "mode": "managed",
      "type": "azurerm_private_dns_zone",
      "name": "storage_blob",
      "provider": "provider[\"registry.terraform.io/hashicorp/azurerm\"]",
      "instances": [
        {
          "index_key": 0,
          "schema_version": 0,
          "attributes": {
            "id": "/subscriptions/021415c2-2f52-4a73-ae77-f8363165a5e1/resourceGroups/ctadispatch-production-eus2-rg/providers/Microsoft.Network/privateDnsZones/privatelink.blob.core.windows.net",
            "max_number_of_record_sets": 25000,
            "max_number_of_virtual_network_links": 1000,
            "max_number_of_virtual_network_links_with_registration": 100,
            "name": "privatelink.blob.core.windows.net",
            "number_of_record_sets": 1,
            "resource_group_name": "ctadispatch-production-eus2-rg",
            "soa_record": [
              {
                "email": "azureprivatedns-host.microsoft.com",
                "expire_time": 2419200,
                "fqdn": "privatelink.blob.core.windows.net.",
                "host_name": "azureprivatedns.net",
                "minimum_ttl": 10,
                "refresh_time": 3600,
                "retry_time": 300,
                "serial_number": 1,
                "tags": {},
                "ttl": 3600
              }
            ],
            "tags": {
              "Application": "CTADispatch",
              "CostCenter": "Operations",
              "Environment": "production",
              "ManagedBy": "Terraform",
              "Organization": "Capital Tech Alliance"
            },
            "timeouts": null
          },
          "sensitive_attributes": [],
          "private": "eyJlMmJmYjczMC1lY2FhLTExZTYtOGY4OC0zNDM2M2JjN2M0YzAiOnsiY3JlYXRlIjoxODAwMDAwMDAwMDAwLCJkZWxldGUiOjE4MDAwMDAwMDAwMDAsInJlYWQiOjMwMDAwMDAwMDAwMCwidXBkYXRlIjoxODAwMDAwMDAwMDAwfX0=",
          "dependencies": [
            "azurerm_resource_group.main"
          ]
        }
      ]
    },
    {
      "mode": "managed",
      "type": "azurerm_private_dns_zone",
      "name": "storage_queue",
      "provider": "provider[\"registry.terraform.io/hashicorp/azurerm\"]",
      "instances": [
        {
          "index_key": 0,
          "schema_version": 0,
          "attributes": {
            "id": "/subscriptions/021415c2-2f52-4a73-ae77-f8363165a5e1/resourceGroups/ctadispatch-production-eus2-rg/providers/Microsoft.Network/privateDnsZones/privatelink.queue.core.windows.net",
            "max_number_of_record_sets": 25000,
            "max_number_of_virtual_network_links": 1000,
            "max_number_of_virtual_network_links_with_registration": 100,
            "name": "privatelink.queue.core.windows.net",
            "number_of_record_sets": 1,
            "resource_group_name": "ctadispatch-production-eus2-rg",
            "soa_record": [
              {
                "email": "azureprivatedns-host.microsoft.com",
                "expire_time": 2419200,
                "fqdn": "privatelink.queue.core.windows.net.",
                "host_name": "azureprivatedns.net",
                "minimum_ttl": 10,
                "refresh_time": 3600,
                "retry_time": 300,
                "serial_number": 1,
                "tags": {},
                "ttl": 3600
              }
            ],
            "tags": {
              "Application": "CTADispatch",
              "CostCenter": "Operations",
              "Environment": "production",
              "ManagedBy": "Terraform",
              "Organization": "Capital Tech Alliance"
            },
            "timeouts": null
          },
          "sensitive_attributes": [],
          "private": "eyJlMmJmYjczMC1lY2FhLTExZTYtOGY4OC0zNDM2M2JjN2M0YzAiOnsiY3JlYXRlIjoxODAwMDAwMDAwMDAwLCJkZWxldGUiOjE4MDAwMDAwMDAwMDAsInJlYWQiOjMwMDAwMDAwMDAwMCwidXBkYXRlIjoxODAwMDAwMDAwMDAwfX0=",
          "dependencies": [
            "azurerm_resource_group.main"
          ]
        }
      ]
    },
    {
      "mode": "managed",
      "type": "azurerm_private_dns_zone_virtual_network_link",
      "name": "keyvault",
      "provider": "provider[\"registry.terraform.io/hashicorp/azurerm\"]",
      "instances": [
        {
          "index_key": 0,
          "schema_version": 0,
          "attributes": {
            "id": "/subscriptions/021415c2-2f52-4a73-ae77-f8363165a5e1/resourceGroups/ctadispatch-production-eus2-rg/providers/Microsoft.Network/privateDnsZones/privatelink.vaultcore.azure.net/virtualNetworkLinks/ctadispatch-production-kv-dns-link",
            "name": "ctadispatch-production-kv-dns-link",
            "private_dns_zone_name": "privatelink.vaultcore.azure.net",
            "registration_enabled": false,
            "resource_group_name": "ctadispatch-production-eus2-rg",
            "tags": {
              "Application": "CTADispatch",
              "CostCenter": "Operations",
              "Environment": "production",
              "ManagedBy": "Terraform",
              "Organization": "Capital Tech Alliance"
            },
            "timeouts": null,
            "virtual_network_id": "/subscriptions/021415c2-2f52-4a73-ae77-f8363165a5e1/resourceGroups/ctadispatch-production-eus2-rg/providers/Microsoft.Network/virtualNetworks/ctadispatch-production-eus2-vnet"
          },
          "sensitive_attributes": [],
          "private": "eyJlMmJmYjczMC1lY2FhLTExZTYtOGY4OC0zNDM2M2JjN2M0YzAiOnsiY3JlYXRlIjoxODAwMDAwMDAwMDAwLCJkZWxldGUiOjE4MDAwMDAwMDAwMDAsInJlYWQiOjMwMDAwMDAwMDAwMCwidXBkYXRlIjoxODAwMDAwMDAwMDAwfX0=",
          "dependencies": [
            "azurerm_network_ddos_protection_plan.main",
            "azurerm_private_dns_zone.keyvault",
            "azurerm_resource_group.main",
            "azurerm_virtual_network.main"
          ]
        }
      ]
    },
    {
      "mode": "managed",
      "type": "azurerm_private_dns_zone_virtual_network_link",
      "name": "postgres",
      "provider": "provider[\"registry.terraform.io/hashicorp/azurerm\"]",
      "instances": [
        {
          "index_key": 0,
          "schema_version": 0,
          "attributes": {
            "id": "/subscriptions/021415c2-2f52-4a73-ae77-f8363165a5e1/resourceGroups/ctadispatch-production-eus2-rg/providers/Microsoft.Network/privateDnsZones/privatelink.postgres.database.azure.com/virtualNetworkLinks/ctadispatch-production-postgres-dns-link",
            "name": "ctadispatch-production-postgres-dns-link",
            "private_dns_zone_name": "privatelink.postgres.database.azure.com",
            "registration_enabled": false,
            "resource_group_name": "ctadispatch-production-eus2-rg",
            "tags": {
              "Application": "CTADispatch",
              "CostCenter": "Operations",
              "Environment": "production",
              "ManagedBy": "Terraform",
              "Organization": "Capital Tech Alliance"
            },
            "timeouts": null,
            "virtual_network_id": "/subscriptions/021415c2-2f52-4a73-ae77-f8363165a5e1/resourceGroups/ctadispatch-production-eus2-rg/providers/Microsoft.Network/virtualNetworks/ctadispatch-production-eus2-vnet"
          },
          "sensitive_attributes": [],
          "private": "eyJlMmJmYjczMC1lY2FhLTExZTYtOGY4OC0zNDM2M2JjN2M0YzAiOnsiY3JlYXRlIjoxODAwMDAwMDAwMDAwLCJkZWxldGUiOjE4MDAwMDAwMDAwMDAsInJlYWQiOjMwMDAwMDAwMDAwMCwidXBkYXRlIjoxODAwMDAwMDAwMDAwfX0=",
          "dependencies": [
            "azurerm_network_ddos_protection_plan.main",
            "azurerm_private_dns_zone.postgres",
            "azurerm_resource_group.main",
            "azurerm_virtual_network.main"
          ]
        }
      ]
    },
    {
      "mode": "managed",
      "type": "azurerm_private_dns_zone_virtual_network_link",
      "name": "redis",
      "provider": "provider[\"registry.terraform.io/hashicorp/azurerm\"]",
      "instances": [
        {
          "index_key": 0,
          "schema_version": 0,
          "attributes": {
            "id": "/subscriptions/021415c2-2f52-4a73-ae77-f8363165a5e1/resourceGroups/ctadispatch-production-eus2-rg/providers/Microsoft.Network/privateDnsZones/privatelink.redis.cache.windows.net/virtualNetworkLinks/ctadispatch-production-redis-dns-link",
            "name": "ctadispatch-production-redis-dns-link",
            "private_dns_zone_name": "privatelink.redis.cache.windows.net",
            "registration_enabled": false,
            "resource_group_name": "ctadispatch-production-eus2-rg",
            "tags": {
              "Application": "CTADispatch",
              "CostCenter": "Operations",
              "Environment": "production",
              "ManagedBy": "Terraform",
              "Organization": "Capital Tech Alliance"
            },
            "timeouts": null,
            "virtual_network_id": "/subscriptions/021415c2-2f52-4a73-ae77-f8363165a5e1/resourceGroups/ctadispatch-production-eus2-rg/providers/Microsoft.Network/virtualNetworks/ctadispatch-production-eus2-vnet"
          },
          "sensitive_attributes": [],
          "private": "eyJlMmJmYjczMC1lY2FhLTExZTYtOGY4OC0zNDM2M2JjN2M0YzAiOnsiY3JlYXRlIjoxODAwMDAwMDAwMDAwLCJkZWxldGUiOjE4MDAwMDAwMDAwMDAsInJlYWQiOjMwMDAwMDAwMDAwMCwidXBkYXRlIjoxODAwMDAwMDAwMDAwfX0=",
          "dependencies": [
            "azurerm_network_ddos_protection_plan.main",
            "azurerm_private_dns_zone.redis",
            "azurerm_resource_group.main",
            "azurerm_virtual_network.main"
          ]
        }
      ]
    },
    {
      "mode": "managed",
      "type": "azurerm_private_dns_zone_virtual_network_link",
      "name": "servicebus",
      "provider": "provider[\"registry.terraform.io/hashicorp/azurerm\"]",
      "instances": [
        {
          "index_key": 0,
          "schema_version": 0,
          "attributes": {
            "id": "/subscriptions/021415c2-2f52-4a73-ae77-f8363165a5e1/resourceGroups/ctadispatch-production-eus2-rg/providers/Microsoft.Network/privateDnsZones/privatelink.servicebus.windows.net/virtualNetworkLinks/ctadispatch-production-sb-dns-link",
            "name": "ctadispatch-production-sb-dns-link",
            "private_dns_zone_name": "privatelink.servicebus.windows.net",
            "registration_enabled": false,
            "resource_group_name": "ctadispatch-production-eus2-rg",
            "tags": {
              "Application": "CTADispatch",
              "CostCenter": "Operations",
              "Environment": "production",
              "ManagedBy": "Terraform",
              "Organization": "Capital Tech Alliance"
            },
            "timeouts": null,
            "virtual_network_id": "/subscriptions/021415c2-2f52-4a73-ae77-f8363165a5e1/resourceGroups/ctadispatch-production-eus2-rg/providers/Microsoft.Network/virtualNetworks/ctadispatch-production-eus2-vnet"
          },
          "sensitive_attributes": [],
          "private": "eyJlMmJmYjczMC1lY2FhLTExZTYtOGY4OC0zNDM2M2JjN2M0YzAiOnsiY3JlYXRlIjoxODAwMDAwMDAwMDAwLCJkZWxldGUiOjE4MDAwMDAwMDAwMDAsInJlYWQiOjMwMDAwMDAwMDAwMCwidXBkYXRlIjoxODAwMDAwMDAwMDAwfX0=",
          "dependencies": [
            "azurerm_network_ddos_protection_plan.main",
            "azurerm_private_dns_zone.servicebus",
            "azurerm_resource_group.main",
            "azurerm_virtual_network.main"
          ]
        }
      ]
    },
    {
      "mode": "managed",
      "type": "azurerm_private_dns_zone_virtual_network_link",
      "name": "storage_blob",
      "provider": "provider[\"registry.terraform.io/hashicorp/azurerm\"]",
      "instances": [
        {
          "index_key": 0,
          "schema_version": 0,
          "attributes": {
            "id": "/subscriptions/021415c2-2f52-4a73-ae77-f8363165a5e1/resourceGroups/ctadispatch-production-eus2-rg/providers/Microsoft.Network/privateDnsZones/privatelink.blob.core.windows.net/virtualNetworkLinks/ctadispatch-production-blob-dns-link",
            "name": "ctadispatch-production-blob-dns-link",
            "private_dns_zone_name": "privatelink.blob.core.windows.net",
            "registration_enabled": false,
            "resource_group_name": "ctadispatch-production-eus2-rg",
            "tags": {
              "Application": "CTADispatch",
              "CostCenter": "Operations",
              "Environment": "production",
              "ManagedBy": "Terraform",
              "Organization": "Capital Tech Alliance"
            },
            "timeouts": null,
            "virtual_network_id": "/subscriptions/021415c2-2f52-4a73-ae77-f8363165a5e1/resourceGroups/ctadispatch-production-eus2-rg/providers/Microsoft.Network/virtualNetworks/ctadispatch-production-eus2-vnet"
          },
          "sensitive_attributes": [],
          "private": "eyJlMmJmYjczMC1lY2FhLTExZTYtOGY4OC0zNDM2M2JjN2M0YzAiOnsiY3JlYXRlIjoxODAwMDAwMDAwMDAwLCJkZWxldGUiOjE4MDAwMDAwMDAwMDAsInJlYWQiOjMwMDAwMDAwMDAwMCwidXBkYXRlIjoxODAwMDAwMDAwMDAwfX0=",
          "dependencies": [
            "azurerm_network_ddos_protection_plan.main",
            "azurerm_private_dns_zone.storage_blob",
            "azurerm_resource_group.main",
            "azurerm_virtual_network.main"
          ]
        }
      ]
    },
    {
      "mode": "managed",
      "type": "azurerm_private_dns_zone_virtual_network_link",
      "name": "storage_queue",
      "provider": "provider[\"registry.terraform.io/hashicorp/azurerm\"]",
      "instances": [
        {
          "index_key": 0,
          "schema_version": 0,
          "attributes": {
            "id": "/subscriptions/021415c2-2f52-4a73-ae77-f8363165a5e1/resourceGroups/ctadispatch-production-eus2-rg/providers/Microsoft.Network/privateDnsZones/privatelink.queue.core.windows.net/virtualNetworkLinks/ctadispatch-production-queue-dns-link",
            "name": "ctadispatch-production-queue-dns-link",
            "private_dns_zone_name": "privatelink.queue.core.windows.net",
            "registration_enabled": false,
            "resource_group_name": "ctadispatch-production-eus2-rg",
            "tags": {
              "Application": "CTADispatch",
              "CostCenter": "Operations",
              "Environment": "production",
              "ManagedBy": "Terraform",
              "Organization": "Capital Tech Alliance"
            },
            "timeouts": null,
            "virtual_network_id": "/subscriptions/021415c2-2f52-4a73-ae77-f8363165a5e1/resourceGroups/ctadispatch-production-eus2-rg/providers/Microsoft.Network/virtualNetworks/ctadispatch-production-eus2-vnet"
          },
          "sensitive_attributes": [],
          "private": "eyJlMmJmYjczMC1lY2FhLTExZTYtOGY4OC0zNDM2M2JjN2M0YzAiOnsiY3JlYXRlIjoxODAwMDAwMDAwMDAwLCJkZWxldGUiOjE4MDAwMDAwMDAwMDAsInJlYWQiOjMwMDAwMDAwMDAwMCwidXBkYXRlIjoxODAwMDAwMDAwMDAwfX0=",
          "dependencies": [
            "azurerm_network_ddos_protection_plan.main",
            "azurerm_private_dns_zone.storage_queue",
            "azurerm_resource_group.main",
            "azurerm_virtual_network.main"
          ]
        }
      ]
    },
    {
      "mode": "managed",
      "type": "azurerm_private_endpoint",
      "name": "keyvault",
      "provider": "provider[\"registry.terraform.io/hashicorp/azurerm\"]",
      "instances": []
    },
    {
      "mode": "managed",
      "type": "azurerm_private_endpoint",
      "name": "redis",
      "provider": "provider[\"registry.terraform.io/hashicorp/azurerm\"]",
      "instances": []
    },
    {
      "mode": "managed",
      "type": "azurerm_private_endpoint",
      "name": "storage_blob",
      "provider": "provider[\"registry.terraform.io/hashicorp/azurerm\"]",
      "instances": []
    },
    {
      "mode": "managed",
      "type": "azurerm_private_endpoint",
      "name": "storage_queue",
      "provider": "provider[\"registry.terraform.io/hashicorp/azurerm\"]",
      "instances": []
    },
    {
      "mode": "managed",
      "type": "azurerm_redis_cache",
      "name": "main",
      "provider": "provider[\"registry.terraform.io/hashicorp/azurerm\"]",
      "instances": []
    },
    {
      "mode": "managed",
      "type": "azurerm_resource_group",
      "name": "main",
      "provider": "provider[\"registry.terraform.io/hashicorp/azurerm\"]",
      "instances": [
        {
          "schema_version": 0,
          "attributes": {
            "id": "/subscriptions/021415c2-2f52-4a73-ae77-f8363165a5e1/resourceGroups/ctadispatch-production-eus2-rg",
            "location": "eastus2",
            "managed_by": "",
            "name": "ctadispatch-production-eus2-rg",
            "tags": {
              "Application": "CTADispatch",
              "CostCenter": "Operations",
              "Environment": "production",
              "ManagedBy": "Terraform",
              "Organization": "Capital Tech Alliance"
            },
            "timeouts": null
          },
          "sensitive_attributes": [],
          "private": "eyJlMmJmYjczMC1lY2FhLTExZTYtOGY4OC0zNDM2M2JjN2M0YzAiOnsiY3JlYXRlIjo1NDAwMDAwMDAwMDAwLCJkZWxldGUiOjU0MDAwMDAwMDAwMDAsInJlYWQiOjMwMDAwMDAwMDAwMCwidXBkYXRlIjo1NDAwMDAwMDAwMDAwfX0="
        }
      ]
    },
    {
      "mode": "managed",
      "type": "azurerm_role_assignment",
      "name": "aks_acr_pull",
      "provider": "provider[\"registry.terraform.io/hashicorp/azurerm\"]",
      "instances": []
    },
    {
      "mode": "managed",
      "type": "azurerm_role_assignment",
      "name": "aks_keyvault_reader",
      "provider": "provider[\"registry.terraform.io/hashicorp/azurerm\"]",
      "instances": []
    },
    {
      "mode": "managed",
      "type": "azurerm_role_assignment",
      "name": "aks_keyvault_secrets_user",
      "provider": "provider[\"registry.terraform.io/hashicorp/azurerm\"]",
      "instances": []
    },
    {
      "mode": "managed",
      "type": "azurerm_role_assignment",
      "name": "aks_network_contributor",
      "provider": "provider[\"registry.terraform.io/hashicorp/azurerm\"]",
      "instances": []
    },
    {
      "mode": "managed",
      "type": "azurerm_role_assignment",
      "name": "keyvault_admin",
      "provider": "provider[\"registry.terraform.io/hashicorp/azurerm\"]",
      "instances": []
    },
    {
      "mode": "managed",
      "type": "azurerm_security_center_automation",
      "name": "compliance",
      "provider": "provider[\"registry.terraform.io/hashicorp/azurerm\"]",
      "instances": [
        {
          "schema_version": 0,
          "attributes": {
            "action": [
              {
                "connection_string": "",
                "resource_id": "/subscriptions/021415c2-2f52-4a73-ae77-f8363165a5e1/resourceGroups/ctadispatch-production-eus2-rg/providers/Microsoft.Logic/workflows/ctadispatch-compliance-workflow",
                "trigger_url": "https://prod-46.eastus2.logic.azure.com:443/workflows/1cac692a67fb4d87b31703fbf338c320/triggers/security-alert-trigger/paths/invoke?api-version=2019-05-01\u0026sp=%2Ftriggers%2Fsecurity-alert-trigger%2Frun\u0026sv=1.0\u0026sig=LHJDiEiRRhI_PIwPiqaQokjHZynlaD8clYbfPdESGtg",
                "type": "logicapp"
              }
            ],
            "description": "",
            "enabled": true,
            "id": "/subscriptions/021415c2-2f52-4a73-ae77-f8363165a5e1/resourceGroups/ctadispatch-production-eus2-rg/providers/Microsoft.Security/automations/ctadispatch-compliance-automation",
            "location": "eastus2",
            "name": "ctadispatch-compliance-automation",
            "resource_group_name": "ctadispatch-production-eus2-rg",
            "scopes": [
              "/subscriptions/021415c2-2f52-4a73-ae77-f8363165a5e1"
            ],
            "source": [
              {
                "event_source": "Assessments",
                "rule_set": [
                  {
                    "rule": [
                      {
                        "expected_value": "High",
                        "operator": "Equals",
                        "property_path": "properties.metadata.severity",
                        "property_type": "String"
                      }
                    ]
                  }
                ]
              }
            ],
            "tags": null,
            "timeouts": null
          },
          "sensitive_attributes": [],
          "private": "eyJlMmJmYjczMC1lY2FhLTExZTYtOGY4OC0zNDM2M2JjN2M0YzAiOnsiY3JlYXRlIjoxODAwMDAwMDAwMDAwLCJkZWxldGUiOjE4MDAwMDAwMDAwMDAsInJlYWQiOjMwMDAwMDAwMDAwMCwidXBkYXRlIjoxODAwMDAwMDAwMDAwfX0=",
          "dependencies": [
            "azurerm_logic_app_trigger_http_request.compliance",
            "azurerm_logic_app_workflow.compliance",
            "azurerm_resource_group.main",
            "data.azurerm_subscription.current"
          ]
        }
      ]
    },
    {
      "mode": "managed",
      "type": "azurerm_security_center_subscription_pricing",
      "name": "security_center_containers",
      "provider": "provider[\"registry.terraform.io/hashicorp/azurerm\"]",
      "instances": [
        {
          "schema_version": 1,
          "attributes": {
            "extension": [],
            "id": "/subscriptions/021415c2-2f52-4a73-ae77-f8363165a5e1/providers/Microsoft.Security/pricings/ContainerRegistry",
            "resource_type": "ContainerRegistry",
            "subplan": "",
            "tier": "Standard",
            "timeouts": null
          },
          "sensitive_attributes": [],
          "private": "eyJlMmJmYjczMC1lY2FhLTExZTYtOGY4OC0zNDM2M2JjN2M0YzAiOnsiY3JlYXRlIjozNjAwMDAwMDAwMDAwLCJkZWxldGUiOjM2MDAwMDAwMDAwMDAsInJlYWQiOjMwMDAwMDAwMDAwMCwidXBkYXRlIjozNjAwMDAwMDAwMDAwfSwic2NoZW1hX3ZlcnNpb24iOiIxIn0="
        }
      ]
    },
    {
      "mode": "managed",
      "type": "azurerm_security_center_subscription_pricing",
      "name": "security_center_kubernetes",
      "provider": "provider[\"registry.terraform.io/hashicorp/azurerm\"]",
      "instances": [
        {
          "schema_version": 1,
          "attributes": {
            "extension": [],
            "id": "/subscriptions/021415c2-2f52-4a73-ae77-f8363165a5e1/providers/Microsoft.Security/pricings/KubernetesService",
            "resource_type": "KubernetesService",
            "subplan": "",
            "tier": "Standard",
            "timeouts": null
          },
          "sensitive_attributes": [],
          "private": "eyJlMmJmYjczMC1lY2FhLTExZTYtOGY4OC0zNDM2M2JjN2M0YzAiOnsiY3JlYXRlIjozNjAwMDAwMDAwMDAwLCJkZWxldGUiOjM2MDAwMDAwMDAwMDAsInJlYWQiOjMwMDAwMDAwMDAwMCwidXBkYXRlIjozNjAwMDAwMDAwMDAwfSwic2NoZW1hX3ZlcnNpb24iOiIxIn0="
        }
      ]
    },
    {
      "mode": "managed",
      "type": "azurerm_security_center_subscription_pricing",
      "name": "security_center_vms",
      "provider": "provider[\"registry.terraform.io/hashicorp/azurerm\"]",
      "instances": [
        {
          "schema_version": 1,
          "attributes": {
            "extension": [],
            "id": "/subscriptions/021415c2-2f52-4a73-ae77-f8363165a5e1/providers/Microsoft.Security/pricings/VirtualMachines",
            "resource_type": "VirtualMachines",
            "subplan": "P2",
            "tier": "Standard",
            "timeouts": null
          },
          "sensitive_attributes": [],
          "private": "eyJlMmJmYjczMC1lY2FhLTExZTYtOGY4OC0zNDM2M2JjN2M0YzAiOnsiY3JlYXRlIjozNjAwMDAwMDAwMDAwLCJkZWxldGUiOjM2MDAwMDAwMDAwMDAsInJlYWQiOjMwMDAwMDAwMDAwMCwidXBkYXRlIjozNjAwMDAwMDAwMDAwfSwic2NoZW1hX3ZlcnNpb24iOiIxIn0="
        }
      ]
    },
    {
      "mode": "managed",
      "type": "azurerm_servicebus_namespace",
      "name": "main",
      "provider": "provider[\"registry.terraform.io/hashicorp/azurerm\"]",
      "instances": [
        {
          "schema_version": 1,
          "attributes": {
            "capacity": 0,
            "customer_managed_key": [],
            "default_primary_connection_string": "Endpoint=sb://ctadispatch-production-eus2-servicebus.servicebus.windows.net/;SharedAccessKeyName=RootManageSharedAccessKey;SharedAccessKey=f3TvW7+8XIjJpLux/c76MQZZqh44d7CiQ+ASbPC8zNE=",
            "default_primary_key": "f3TvW7+8XIjJpLux/c76MQZZqh44d7CiQ+ASbPC8zNE=",
            "default_secondary_connection_string": "Endpoint=sb://ctadispatch-production-eus2-servicebus.servicebus.windows.net/;SharedAccessKeyName=RootManageSharedAccessKey;SharedAccessKey=xpXX/dgtNKocgNvJAS/ztTbDwJd06DcN0+ASbHR7YNk=",
            "default_secondary_key": "xpXX/dgtNKocgNvJAS/ztTbDwJd06DcN0+ASbHR7YNk=",
            "endpoint": "https://ctadispatch-production-eus2-servicebus.servicebus.windows.net:443/",
            "id": "/subscriptions/021415c2-2f52-4a73-ae77-f8363165a5e1/resourceGroups/ctadispatch-production-eus2-rg/providers/Microsoft.ServiceBus/namespaces/ctadispatch-production-eus2-servicebus",
            "identity": [],
            "local_auth_enabled": true,
            "location": "eastus2",
            "minimum_tls_version": "1.2",
            "name": "ctadispatch-production-eus2-servicebus",
            "network_rule_set": [
              {
                "default_action": "Allow",
                "ip_rules": [],
                "network_rules": [],
                "public_network_access_enabled": true,
                "trusted_services_allowed": false
              }
            ],
            "premium_messaging_partitions": 0,
            "public_network_access_enabled": true,
            "resource_group_name": "ctadispatch-production-eus2-rg",
            "sku": "Standard",
            "tags": {
              "Application": "CTADispatch",
              "CostCenter": "Operations",
              "Environment": "production",
              "ManagedBy": "Terraform",
              "Organization": "Capital Tech Alliance",
              "Service": "Service Bus"
            },
            "timeouts": null,
            "zone_redundant": false
          },
          "sensitive_attributes": [],
          "private": "eyJlMmJmYjczMC1lY2FhLTExZTYtOGY4OC0zNDM2M2JjN2M0YzAiOnsiY3JlYXRlIjoxODAwMDAwMDAwMDAwLCJkZWxldGUiOjE4MDAwMDAwMDAwMDAsInJlYWQiOjMwMDAwMDAwMDAwMCwidXBkYXRlIjoxODAwMDAwMDAwMDAwfSwic2NoZW1hX3ZlcnNpb24iOiIxIn0=",
          "dependencies": [
            "azurerm_resource_group.main"
          ]
        }
      ]
    },
    {
      "mode": "managed",
      "type": "azurerm_servicebus_namespace_authorization_rule",
      "name": "listen",
      "provider": "provider[\"registry.terraform.io/hashicorp/azurerm\"]",
      "instances": [
        {
          "schema_version": 1,
          "attributes": {
            "id": "/subscriptions/021415c2-2f52-4a73-ae77-f8363165a5e1/resourceGroups/ctadispatch-production-eus2-rg/providers/Microsoft.ServiceBus/namespaces/ctadispatch-production-eus2-servicebus/authorizationRules/listen",
            "listen": true,
            "manage": false,
            "name": "listen",
            "namespace_id": "/subscriptions/021415c2-2f52-4a73-ae77-f8363165a5e1/resourceGroups/ctadispatch-production-eus2-rg/providers/Microsoft.ServiceBus/namespaces/ctadispatch-production-eus2-servicebus",
            "primary_connection_string": "Endpoint=sb://ctadispatch-production-eus2-servicebus.servicebus.windows.net/;SharedAccessKeyName=listen;SharedAccessKey=W6oncQ8TQVpgk6RXb6j65RlH7TU/M2Hdv+ASbKYlp5w=",
            "primary_connection_string_alias": "",
            "primary_key": "W6oncQ8TQVpgk6RXb6j65RlH7TU/M2Hdv+ASbKYlp5w=",
            "secondary_connection_string": "Endpoint=sb://ctadispatch-production-eus2-servicebus.servicebus.windows.net/;SharedAccessKeyName=listen;SharedAccessKey=UohjKu37Cp6Hpz/9kxmrNyyV+Q80HP4FU+ASbNe2B2o=",
            "secondary_connection_string_alias": "",
            "secondary_key": "UohjKu37Cp6Hpz/9kxmrNyyV+Q80HP4FU+ASbNe2B2o=",
            "send": false,
            "timeouts": null
          },
          "sensitive_attributes": [],
          "private": "eyJlMmJmYjczMC1lY2FhLTExZTYtOGY4OC0zNDM2M2JjN2M0YzAiOnsiY3JlYXRlIjoxODAwMDAwMDAwMDAwLCJkZWxldGUiOjE4MDAwMDAwMDAwMDAsInJlYWQiOjMwMDAwMDAwMDAwMCwidXBkYXRlIjoxODAwMDAwMDAwMDAwfSwic2NoZW1hX3ZlcnNpb24iOiIxIn0=",
          "dependencies": [
            "azurerm_resource_group.main",
            "azurerm_servicebus_namespace.main"
          ]
        }
      ]
    },
    {
      "mode": "managed",
      "type": "azurerm_servicebus_namespace_authorization_rule",
      "name": "send",
      "provider": "provider[\"registry.terraform.io/hashicorp/azurerm\"]",
      "instances": [
        {
          "schema_version": 1,
          "attributes": {
            "id": "/subscriptions/021415c2-2f52-4a73-ae77-f8363165a5e1/resourceGroups/ctadispatch-production-eus2-rg/providers/Microsoft.ServiceBus/namespaces/ctadispatch-production-eus2-servicebus/authorizationRules/send",
            "listen": false,
            "manage": false,
            "name": "send",
            "namespace_id": "/subscriptions/021415c2-2f52-4a73-ae77-f8363165a5e1/resourceGroups/ctadispatch-production-eus2-rg/providers/Microsoft.ServiceBus/namespaces/ctadispatch-production-eus2-servicebus",
            "primary_connection_string": "Endpoint=sb://ctadispatch-production-eus2-servicebus.servicebus.windows.net/;SharedAccessKeyName=send;SharedAccessKey=fgI/R4X3+7aVC0Ctjj3pBJUIhXGGKODCQ+ASbOFDdXk=",
            "primary_connection_string_alias": "",
            "primary_key": "fgI/R4X3+7aVC0Ctjj3pBJUIhXGGKODCQ+ASbOFDdXk=",
            "secondary_connection_string": "Endpoint=sb://ctadispatch-production-eus2-servicebus.servicebus.windows.net/;SharedAccessKeyName=send;SharedAccessKey=o5f9r1PunEMrWaDf80CU46OGretme4Tau+ASbD77TVo=",
            "secondary_connection_string_alias": "",
            "secondary_key": "o5f9r1PunEMrWaDf80CU46OGretme4Tau+ASbD77TVo=",
            "send": true,
            "timeouts": null
          },
          "sensitive_attributes": [],
          "private": "eyJlMmJmYjczMC1lY2FhLTExZTYtOGY4OC0zNDM2M2JjN2M0YzAiOnsiY3JlYXRlIjoxODAwMDAwMDAwMDAwLCJkZWxldGUiOjE4MDAwMDAwMDAwMDAsInJlYWQiOjMwMDAwMDAwMDAwMCwidXBkYXRlIjoxODAwMDAwMDAwMDAwfSwic2NoZW1hX3ZlcnNpb24iOiIxIn0=",
          "dependencies": [
            "azurerm_resource_group.main",
            "azurerm_servicebus_namespace.main"
          ]
        }
      ]
    },
    {
      "mode": "managed",
      "type": "azurerm_servicebus_subscription",
      "name": "nlp_worker",
      "provider": "provider[\"registry.terraform.io/hashicorp/azurerm\"]",
      "instances": [
        {
          "schema_version": 1,
          "attributes": {
            "auto_delete_on_idle": "P7D",
            "batched_operations_enabled": false,
            "client_scoped_subscription": [],
            "client_scoped_subscription_enabled": false,
            "dead_lettering_on_filter_evaluation_error": true,
            "dead_lettering_on_message_expiration": false,
            "default_message_ttl": "P7D",
            "enable_batched_operations": false,
            "forward_dead_lettered_messages_to": "",
            "forward_to": "",
            "id": "/subscriptions/021415c2-2f52-4a73-ae77-f8363165a5e1/resourceGroups/ctadispatch-production-eus2-rg/providers/Microsoft.ServiceBus/namespaces/ctadispatch-production-eus2-servicebus/topics/transcription-results/subscriptions/nlp-worker",
            "lock_duration": "PT5M",
            "max_delivery_count": 10,
            "name": "nlp-worker",
            "requires_session": false,
            "status": "Active",
            "timeouts": null,
            "topic_id": "/subscriptions/021415c2-2f52-4a73-ae77-f8363165a5e1/resourceGroups/ctadispatch-production-eus2-rg/providers/Microsoft.ServiceBus/namespaces/ctadispatch-production-eus2-servicebus/topics/transcription-results"
          },
          "sensitive_attributes": [],
          "private": "eyJlMmJmYjczMC1lY2FhLTExZTYtOGY4OC0zNDM2M2JjN2M0YzAiOnsiY3JlYXRlIjoxODAwMDAwMDAwMDAwLCJkZWxldGUiOjE4MDAwMDAwMDAwMDAsInJlYWQiOjMwMDAwMDAwMDAwMCwidXBkYXRlIjoxODAwMDAwMDAwMDAwfSwic2NoZW1hX3ZlcnNpb24iOiIxIn0=",
          "dependencies": [
            "azurerm_resource_group.main",
            "azurerm_servicebus_namespace.main",
            "azurerm_servicebus_topic.transcription_results"
          ]
        }
      ]
    },
    {
      "mode": "managed",
      "type": "azurerm_servicebus_subscription",
      "name": "policy_worker",
      "provider": "provider[\"registry.terraform.io/hashicorp/azurerm\"]",
      "instances": [
        {
          "schema_version": 1,
          "attributes": {
            "auto_delete_on_idle": "P7D",
            "batched_operations_enabled": false,
            "client_scoped_subscription": [],
            "client_scoped_subscription_enabled": false,
            "dead_lettering_on_filter_evaluation_error": true,
            "dead_lettering_on_message_expiration": false,
            "default_message_ttl": "P7D",
            "enable_batched_operations": false,
            "forward_dead_lettered_messages_to": "",
            "forward_to": "",
            "id": "/subscriptions/021415c2-2f52-4a73-ae77-f8363165a5e1/resourceGroups/ctadispatch-production-eus2-rg/providers/Microsoft.ServiceBus/namespaces/ctadispatch-production-eus2-servicebus/topics/nlp-analysis/subscriptions/policy-worker",
            "lock_duration": "PT5M",
            "max_delivery_count": 10,
            "name": "policy-worker",
            "requires_session": false,
            "status": "Active",
            "timeouts": null,
            "topic_id": "/subscriptions/021415c2-2f52-4a73-ae77-f8363165a5e1/resourceGroups/ctadispatch-production-eus2-rg/providers/Microsoft.ServiceBus/namespaces/ctadispatch-production-eus2-servicebus/topics/nlp-analysis"
          },
          "sensitive_attributes": [],
          "private": "eyJlMmJmYjczMC1lY2FhLTExZTYtOGY4OC0zNDM2M2JjN2M0YzAiOnsiY3JlYXRlIjoxODAwMDAwMDAwMDAwLCJkZWxldGUiOjE4MDAwMDAwMDAwMDAsInJlYWQiOjMwMDAwMDAwMDAwMCwidXBkYXRlIjoxODAwMDAwMDAwMDAwfSwic2NoZW1hX3ZlcnNpb24iOiIxIn0=",
          "dependencies": [
            "azurerm_resource_group.main",
            "azurerm_servicebus_namespace.main",
            "azurerm_servicebus_topic.nlp_analysis"
          ]
        }
      ]
    },
    {
      "mode": "managed",
      "type": "azurerm_servicebus_subscription",
      "name": "transcription_worker",
      "provider": "provider[\"registry.terraform.io/hashicorp/azurerm\"]",
      "instances": [
        {
          "schema_version": 1,
          "attributes": {
            "auto_delete_on_idle": "P7D",
            "batched_operations_enabled": false,
            "client_scoped_subscription": [],
            "client_scoped_subscription_enabled": false,
            "dead_lettering_on_filter_evaluation_error": true,
            "dead_lettering_on_message_expiration": false,
            "default_message_ttl": "P7D",
            "enable_batched_operations": false,
            "forward_dead_lettered_messages_to": "",
            "forward_to": "",
            "id": "/subscriptions/021415c2-2f52-4a73-ae77-f8363165a5e1/resourceGroups/ctadispatch-production-eus2-rg/providers/Microsoft.ServiceBus/namespaces/ctadispatch-production-eus2-servicebus/topics/radio-transmissions/subscriptions/transcription-worker",
            "lock_duration": "PT5M",
            "max_delivery_count": 10,
            "name": "transcription-worker",
            "requires_session": false,
            "status": "Active",
            "timeouts": null,
            "topic_id": "/subscriptions/021415c2-2f52-4a73-ae77-f8363165a5e1/resourceGroups/ctadispatch-production-eus2-rg/providers/Microsoft.ServiceBus/namespaces/ctadispatch-production-eus2-servicebus/topics/radio-transmissions"
          },
          "sensitive_attributes": [],
          "private": "eyJlMmJmYjczMC1lY2FhLTExZTYtOGY4OC0zNDM2M2JjN2M0YzAiOnsiY3JlYXRlIjoxODAwMDAwMDAwMDAwLCJkZWxldGUiOjE4MDAwMDAwMDAwMDAsInJlYWQiOjMwMDAwMDAwMDAwMCwidXBkYXRlIjoxODAwMDAwMDAwMDAwfSwic2NoZW1hX3ZlcnNpb24iOiIxIn0=",
          "dependencies": [
            "azurerm_resource_group.main",
            "azurerm_servicebus_namespace.main",
            "azurerm_servicebus_topic.radio_transmissions"
          ]
        }
      ]
    },
    {
      "mode": "managed",
      "type": "azurerm_servicebus_subscription",
      "name": "websocket_notifications",
      "provider": "provider[\"registry.terraform.io/hashicorp/azurerm\"]",
      "instances": [
        {
          "schema_version": 1,
          "attributes": {
            "auto_delete_on_idle": "P30D",
            "batched_operations_enabled": false,
            "client_scoped_subscription": [],
            "client_scoped_subscription_enabled": false,
            "dead_lettering_on_filter_evaluation_error": true,
            "dead_lettering_on_message_expiration": false,
            "default_message_ttl": "P7D",
            "enable_batched_operations": false,
            "forward_dead_lettered_messages_to": "",
            "forward_to": "",
            "id": "/subscriptions/021415c2-2f52-4a73-ae77-f8363165a5e1/resourceGroups/ctadispatch-production-eus2-rg/providers/Microsoft.ServiceBus/namespaces/ctadispatch-production-eus2-servicebus/topics/policy-violations/subscriptions/websocket-notifications",
            "lock_duration": "PT1M",
            "max_delivery_count": 5,
            "name": "websocket-notifications",
            "requires_session": false,
            "status": "Active",
            "timeouts": null,
            "topic_id": "/subscriptions/021415c2-2f52-4a73-ae77-f8363165a5e1/resourceGroups/ctadispatch-production-eus2-rg/providers/Microsoft.ServiceBus/namespaces/ctadispatch-production-eus2-servicebus/topics/policy-violations"
          },
          "sensitive_attributes": [],
          "private": "eyJlMmJmYjczMC1lY2FhLTExZTYtOGY4OC0zNDM2M2JjN2M0YzAiOnsiY3JlYXRlIjoxODAwMDAwMDAwMDAwLCJkZWxldGUiOjE4MDAwMDAwMDAwMDAsInJlYWQiOjMwMDAwMDAwMDAwMCwidXBkYXRlIjoxODAwMDAwMDAwMDAwfSwic2NoZW1hX3ZlcnNpb24iOiIxIn0=",
          "dependencies": [
            "azurerm_resource_group.main",
            "azurerm_servicebus_namespace.main",
            "azurerm_servicebus_topic.policy_violations"
          ]
        }
      ]
    },
    {
      "mode": "managed",
      "type": "azurerm_servicebus_topic",
      "name": "nlp_analysis",
      "provider": "provider[\"registry.terraform.io/hashicorp/azurerm\"]",
      "instances": [
        {
          "schema_version": 0,
          "attributes": {
            "auto_delete_on_idle": "P7D",
            "batched_operations_enabled": false,
            "default_message_ttl": "P7D",
            "duplicate_detection_history_time_window": "PT10M",
            "enable_batched_operations": false,
            "enable_express": false,
            "enable_partitioning": true,
            "express_enabled": false,
            "id": "/subscriptions/021415c2-2f52-4a73-ae77-f8363165a5e1/resourceGroups/ctadispatch-production-eus2-rg/providers/Microsoft.ServiceBus/namespaces/ctadispatch-production-eus2-servicebus/topics/nlp-analysis",
            "max_message_size_in_kilobytes": 256,
            "max_size_in_megabytes": 1024,
            "name": "nlp-analysis",
            "namespace_id": "/subscriptions/021415c2-2f52-4a73-ae77-f8363165a5e1/resourceGroups/ctadispatch-production-eus2-rg/providers/Microsoft.ServiceBus/namespaces/ctadispatch-production-eus2-servicebus",
            "partitioning_enabled": true,
            "requires_duplicate_detection": false,
            "status": "Active",
            "support_ordering": false,
            "timeouts": null
          },
          "sensitive_attributes": [],
          "private": "eyJlMmJmYjczMC1lY2FhLTExZTYtOGY4OC0zNDM2M2JjN2M0YzAiOnsiY3JlYXRlIjoxODAwMDAwMDAwMDAwLCJkZWxldGUiOjE4MDAwMDAwMDAwMDAsInJlYWQiOjMwMDAwMDAwMDAwMCwidXBkYXRlIjoxODAwMDAwMDAwMDAwfX0=",
          "dependencies": [
            "azurerm_resource_group.main",
            "azurerm_servicebus_namespace.main"
          ]
        }
      ]
    },
    {
      "mode": "managed",
      "type": "azurerm_servicebus_topic",
      "name": "policy_violations",
      "provider": "provider[\"registry.terraform.io/hashicorp/azurerm\"]",
      "instances": [
        {
          "schema_version": 0,
          "attributes": {
            "auto_delete_on_idle": "P30D",
            "batched_operations_enabled": false,
            "default_message_ttl": "P30D",
            "duplicate_detection_history_time_window": "PT10M",
            "enable_batched_operations": false,
            "enable_express": false,
            "enable_partitioning": true,
            "express_enabled": false,
            "id": "/subscriptions/021415c2-2f52-4a73-ae77-f8363165a5e1/resourceGroups/ctadispatch-production-eus2-rg/providers/Microsoft.ServiceBus/namespaces/ctadispatch-production-eus2-servicebus/topics/policy-violations",
            "max_message_size_in_kilobytes": 256,
            "max_size_in_megabytes": 1024,
            "name": "policy-violations",
            "namespace_id": "/subscriptions/021415c2-2f52-4a73-ae77-f8363165a5e1/resourceGroups/ctadispatch-production-eus2-rg/providers/Microsoft.ServiceBus/namespaces/ctadispatch-production-eus2-servicebus",
            "partitioning_enabled": true,
            "requires_duplicate_detection": false,
            "status": "Active",
            "support_ordering": false,
            "timeouts": null
          },
          "sensitive_attributes": [],
          "private": "eyJlMmJmYjczMC1lY2FhLTExZTYtOGY4OC0zNDM2M2JjN2M0YzAiOnsiY3JlYXRlIjoxODAwMDAwMDAwMDAwLCJkZWxldGUiOjE4MDAwMDAwMDAwMDAsInJlYWQiOjMwMDAwMDAwMDAwMCwidXBkYXRlIjoxODAwMDAwMDAwMDAwfX0=",
          "dependencies": [
            "azurerm_resource_group.main",
            "azurerm_servicebus_namespace.main"
          ]
        }
      ]
    },
    {
      "mode": "managed",
      "type": "azurerm_servicebus_topic",
      "name": "radio_transmissions",
      "provider": "provider[\"registry.terraform.io/hashicorp/azurerm\"]",
      "instances": [
        {
          "schema_version": 0,
          "attributes": {
            "auto_delete_on_idle": "P7D",
            "batched_operations_enabled": false,
            "default_message_ttl": "P7D",
            "duplicate_detection_history_time_window": "PT10M",
            "enable_batched_operations": false,
            "enable_express": false,
            "enable_partitioning": true,
            "express_enabled": false,
            "id": "/subscriptions/021415c2-2f52-4a73-ae77-f8363165a5e1/resourceGroups/ctadispatch-production-eus2-rg/providers/Microsoft.ServiceBus/namespaces/ctadispatch-production-eus2-servicebus/topics/radio-transmissions",
            "max_message_size_in_kilobytes": 256,
            "max_size_in_megabytes": 1024,
            "name": "radio-transmissions",
            "namespace_id": "/subscriptions/021415c2-2f52-4a73-ae77-f8363165a5e1/resourceGroups/ctadispatch-production-eus2-rg/providers/Microsoft.ServiceBus/namespaces/ctadispatch-production-eus2-servicebus",
            "partitioning_enabled": true,
            "requires_duplicate_detection": true,
            "status": "Active",
            "support_ordering": false,
            "timeouts": null
          },
          "sensitive_attributes": [],
          "private": "eyJlMmJmYjczMC1lY2FhLTExZTYtOGY4OC0zNDM2M2JjN2M0YzAiOnsiY3JlYXRlIjoxODAwMDAwMDAwMDAwLCJkZWxldGUiOjE4MDAwMDAwMDAwMDAsInJlYWQiOjMwMDAwMDAwMDAwMCwidXBkYXRlIjoxODAwMDAwMDAwMDAwfX0=",
          "dependencies": [
            "azurerm_resource_group.main",
            "azurerm_servicebus_namespace.main"
          ]
        }
      ]
    },
    {
      "mode": "managed",
      "type": "azurerm_servicebus_topic",
      "name": "transcription_results",
      "provider": "provider[\"registry.terraform.io/hashicorp/azurerm\"]",
      "instances": [
        {
          "schema_version": 0,
          "attributes": {
            "auto_delete_on_idle": "P7D",
            "batched_operations_enabled": false,
            "default_message_ttl": "P7D",
            "duplicate_detection_history_time_window": "PT10M",
            "enable_batched_operations": false,
            "enable_express": false,
            "enable_partitioning": true,
            "express_enabled": false,
            "id": "/subscriptions/021415c2-2f52-4a73-ae77-f8363165a5e1/resourceGroups/ctadispatch-production-eus2-rg/providers/Microsoft.ServiceBus/namespaces/ctadispatch-production-eus2-servicebus/topics/transcription-results",
            "max_message_size_in_kilobytes": 256,
            "max_size_in_megabytes": 1024,
            "name": "transcription-results",
            "namespace_id": "/subscriptions/021415c2-2f52-4a73-ae77-f8363165a5e1/resourceGroups/ctadispatch-production-eus2-rg/providers/Microsoft.ServiceBus/namespaces/ctadispatch-production-eus2-servicebus",
            "partitioning_enabled": true,
            "requires_duplicate_detection": false,
            "status": "Active",
            "support_ordering": false,
            "timeouts": null
          },
          "sensitive_attributes": [],
          "private": "eyJlMmJmYjczMC1lY2FhLTExZTYtOGY4OC0zNDM2M2JjN2M0YzAiOnsiY3JlYXRlIjoxODAwMDAwMDAwMDAwLCJkZWxldGUiOjE4MDAwMDAwMDAwMDAsInJlYWQiOjMwMDAwMDAwMDAwMCwidXBkYXRlIjoxODAwMDAwMDAwMDAwfX0=",
          "dependencies": [
            "azurerm_resource_group.main",
            "azurerm_servicebus_namespace.main"
          ]
        }
      ]
    },
    {
      "mode": "managed",
      "type": "azurerm_storage_account",
      "name": "main",
      "provider": "provider[\"registry.terraform.io/hashicorp/azurerm\"]",
      "instances": [
        {
          "status": "tainted",
          "schema_version": 4,
          "attributes": {
            "access_tier": null,
            "account_kind": "StorageV2",
            "account_replication_type": "GRS",
            "account_tier": "Standard",
            "allow_nested_items_to_be_public": false,
            "allowed_copy_scope": null,
            "azure_files_authentication": [],
            "blob_properties": [
              {
                "change_feed_enabled": true,
                "change_feed_retention_in_days": 7,
                "container_delete_retention_policy": [
                  {
                    "days": 30
                  }
                ],
                "cors_rule": [
                  {
                    "allowed_headers": [
                      "*"
                    ],
                    "allowed_methods": [
                      "GET",
                      "HEAD",
                      "POST",
                      "PUT"
                    ],
                    "allowed_origins": [
                      "*"
                    ],
                    "exposed_headers": [
                      "*"
                    ],
                    "max_age_in_seconds": 3600
                  }
                ],
                "default_service_version": "",
                "delete_retention_policy": [
                  {
                    "days": 30,
                    "permanent_delete_enabled": false
                  }
                ],
                "last_access_time_enabled": false,
                "restore_policy": [],
                "versioning_enabled": true
              }
            ],
            "cross_tenant_replication_enabled": true,
            "custom_domain": [],
            "customer_managed_key": [],
            "default_to_oauth_authentication": false,
            "dns_endpoint_type": "Standard",
            "edge_zone": null,
            "enable_https_traffic_only": true,
            "https_traffic_only_enabled": null,
            "id": "/subscriptions/021415c2-2f52-4a73-ae77-f8363165a5e1/resourceGroups/ctadispatch-production-eus2-rg/providers/Microsoft.Storage/storageAccounts/ctadprodeus2sa",
            "identity": [],
            "immutability_policy": [],
            "infrastructure_encryption_enabled": true,
            "is_hns_enabled": false,
            "large_file_share_enabled": null,
            "local_user_enabled": true,
            "location": "eastus2",
            "min_tls_version": "TLS1_2",
            "name": "ctadprodeus2sa",
            "network_rules": [
              {
                "bypass": [
                  "AzureServices"
                ],
                "default_action": "Deny",
                "ip_rules": [],
                "private_link_access": [],
                "virtual_network_subnet_ids": [
                  "/subscriptions/021415c2-2f52-4a73-ae77-f8363165a5e1/resourceGroups/ctadispatch-production-eus2-rg/providers/Microsoft.Network/virtualNetworks/ctadispatch-production-eus2-vnet/subnets/ctadispatch-production-aks-subnet",
                  "/subscriptions/021415c2-2f52-4a73-ae77-f8363165a5e1/resourceGroups/ctadispatch-production-eus2-rg/providers/Microsoft.Network/virtualNetworks/ctadispatch-production-eus2-vnet/subnets/ctadispatch-production-data-subnet"
                ]
              }
            ],
            "nfsv3_enabled": false,
            "primary_access_key": null,
            "primary_blob_connection_string": null,
            "primary_blob_endpoint": null,
            "primary_blob_host": null,
            "primary_blob_internet_endpoint": null,
            "primary_blob_internet_host": null,
            "primary_blob_microsoft_endpoint": null,
            "primary_blob_microsoft_host": null,
            "primary_connection_string": null,
            "primary_dfs_endpoint": null,
            "primary_dfs_host": null,
            "primary_dfs_internet_endpoint": null,
            "primary_dfs_internet_host": null,
            "primary_dfs_microsoft_endpoint": null,
            "primary_dfs_microsoft_host": null,
            "primary_file_endpoint": null,
            "primary_file_host": null,
            "primary_file_internet_endpoint": null,
            "primary_file_internet_host": null,
            "primary_file_microsoft_endpoint": null,
            "primary_file_microsoft_host": null,
            "primary_location": null,
            "primary_queue_endpoint": null,
            "primary_queue_host": null,
            "primary_queue_microsoft_endpoint": null,
            "primary_queue_microsoft_host": null,
            "primary_table_endpoint": null,
            "primary_table_host": null,
            "primary_table_microsoft_endpoint": null,
            "primary_table_microsoft_host": null,
            "primary_web_endpoint": null,
            "primary_web_host": null,
            "primary_web_internet_endpoint": null,
            "primary_web_internet_host": null,
            "primary_web_microsoft_endpoint": null,
            "primary_web_microsoft_host": null,
            "public_network_access_enabled": true,
            "queue_encryption_key_type": "Service",
            "queue_properties": null,
            "resource_group_name": "ctadispatch-production-eus2-rg",
            "routing": null,
            "sas_policy": [],
            "secondary_access_key": null,
            "secondary_blob_connection_string": null,
            "secondary_blob_endpoint": null,
            "secondary_blob_host": null,
            "secondary_blob_internet_endpoint": null,
            "secondary_blob_internet_host": null,
            "secondary_blob_microsoft_endpoint": null,
            "secondary_blob_microsoft_host": null,
            "secondary_connection_string": null,
            "secondary_dfs_endpoint": null,
            "secondary_dfs_host": null,
            "secondary_dfs_internet_endpoint": null,
            "secondary_dfs_internet_host": null,
            "secondary_dfs_microsoft_endpoint": null,
            "secondary_dfs_microsoft_host": null,
            "secondary_file_endpoint": null,
            "secondary_file_host": null,
            "secondary_file_internet_endpoint": null,
            "secondary_file_internet_host": null,
            "secondary_file_microsoft_endpoint": null,
            "secondary_file_microsoft_host": null,
            "secondary_location": null,
            "secondary_queue_endpoint": null,
            "secondary_queue_host": null,
            "secondary_queue_microsoft_endpoint": null,
            "secondary_queue_microsoft_host": null,
            "secondary_table_endpoint": null,
            "secondary_table_host": null,
            "secondary_table_microsoft_endpoint": null,
            "secondary_table_microsoft_host": null,
            "secondary_web_endpoint": null,
            "secondary_web_host": null,
            "secondary_web_internet_endpoint": null,
            "secondary_web_internet_host": null,
            "secondary_web_microsoft_endpoint": null,
            "secondary_web_microsoft_host": null,
            "sftp_enabled": false,
            "share_properties": null,
            "shared_access_key_enabled": false,
            "static_website": null,
            "table_encryption_key_type": "Service",
            "tags": {
              "Application": "CTADispatch",
              "CostCenter": "Operations",
              "Environment": "production",
              "ManagedBy": "Terraform",
              "Organization": "Capital Tech Alliance",
              "Service": "Storage"
            },
            "timeouts": null
          },
          "sensitive_attributes": [],
          "private": "eyJlMmJmYjczMC1lY2FhLTExZTYtOGY4OC0zNDM2M2JjN2M0YzAiOnsiY3JlYXRlIjozNjAwMDAwMDAwMDAwLCJkZWxldGUiOjM2MDAwMDAwMDAwMDAsInJlYWQiOjMwMDAwMDAwMDAwMCwidXBkYXRlIjozNjAwMDAwMDAwMDAwfSwic2NoZW1hX3ZlcnNpb24iOiI0In0=",
          "dependencies": [
            "azurerm_network_ddos_protection_plan.main",
            "azurerm_resource_group.main",
            "azurerm_subnet.aks",
            "azurerm_subnet.data",
            "azurerm_virtual_network.main"
          ]
        }
      ]
    },
    {
      "mode": "managed",
      "type": "azurerm_storage_container",
      "name": "attachments",
      "provider": "provider[\"registry.terraform.io/hashicorp/azurerm\"]",
      "instances": []
    },
    {
      "mode": "managed",
      "type": "azurerm_storage_container",
      "name": "backups",
      "provider": "provider[\"registry.terraform.io/hashicorp/azurerm\"]",
      "instances": []
    },
    {
      "mode": "managed",
      "type": "azurerm_storage_container",
      "name": "exports",
      "provider": "provider[\"registry.terraform.io/hashicorp/azurerm\"]",
      "instances": []
    },
    {
      "mode": "managed",
      "type": "azurerm_storage_container",
      "name": "radio_transmissions",
      "provider": "provider[\"registry.terraform.io/hashicorp/azurerm\"]",
      "instances": []
    },
    {
      "mode": "managed",
      "type": "azurerm_storage_container",
      "name": "transcriptions",
      "provider": "provider[\"registry.terraform.io/hashicorp/azurerm\"]",
      "instances": []
    },
    {
      "mode": "managed",
      "type": "azurerm_storage_management_policy",
      "name": "main",
      "provider": "provider[\"registry.terraform.io/hashicorp/azurerm\"]",
      "instances": []
    },
    {
      "mode": "managed",
      "type": "azurerm_storage_queue",
      "name": "audio_processing",
      "provider": "provider[\"registry.terraform.io/hashicorp/azurerm\"]",
      "instances": []
    },
    {
      "mode": "managed",
      "type": "azurerm_storage_queue",
      "name": "export_jobs",
      "provider": "provider[\"registry.terraform.io/hashicorp/azurerm\"]",
      "instances": []
    },
    {
      "mode": "managed",
      "type": "azurerm_storage_table",
      "name": "audit_logs",
      "provider": "provider[\"registry.terraform.io/hashicorp/azurerm\"]",
      "instances": []
    },
    {
      "mode": "managed",
      "type": "azurerm_storage_table",
      "name": "transmission_metadata",
      "provider": "provider[\"registry.terraform.io/hashicorp/azurerm\"]",
      "instances": []
    },
    {
      "mode": "managed",
      "type": "azurerm_subnet",
      "name": "aks",
      "provider": "provider[\"registry.terraform.io/hashicorp/azurerm\"]",
      "instances": [
        {
          "schema_version": 0,
          "attributes": {
            "address_prefixes": [
              "10.2.0.0/22"
            ],
            "default_outbound_access_enabled": true,
            "delegation": [],
            "enforce_private_link_endpoint_network_policies": false,
            "enforce_private_link_service_network_policies": false,
            "id": "/subscriptions/021415c2-2f52-4a73-ae77-f8363165a5e1/resourceGroups/ctadispatch-production-eus2-rg/providers/Microsoft.Network/virtualNetworks/ctadispatch-production-eus2-vnet/subnets/ctadispatch-production-aks-subnet",
            "name": "ctadispatch-production-aks-subnet",
            "private_endpoint_network_policies": "Enabled",
            "private_endpoint_network_policies_enabled": true,
            "private_link_service_network_policies_enabled": true,
            "resource_group_name": "ctadispatch-production-eus2-rg",
            "service_endpoint_policy_ids": null,
            "service_endpoints": [
              "Microsoft.EventHub",
              "Microsoft.KeyVault",
              "Microsoft.ServiceBus",
              "Microsoft.Sql",
              "Microsoft.Storage"
            ],
            "timeouts": null,
            "virtual_network_name": "ctadispatch-production-eus2-vnet"
          },
          "sensitive_attributes": [],
          "private": "eyJlMmJmYjczMC1lY2FhLTExZTYtOGY4OC0zNDM2M2JjN2M0YzAiOnsiY3JlYXRlIjoxODAwMDAwMDAwMDAwLCJkZWxldGUiOjE4MDAwMDAwMDAwMDAsInJlYWQiOjMwMDAwMDAwMDAwMCwidXBkYXRlIjoxODAwMDAwMDAwMDAwfX0=",
          "dependencies": [
            "azurerm_network_ddos_protection_plan.main",
            "azurerm_resource_group.main",
            "azurerm_virtual_network.main"
          ]
        }
      ]
    },
    {
      "mode": "managed",
      "type": "azurerm_subnet",
      "name": "data",
      "provider": "provider[\"registry.terraform.io/hashicorp/azurerm\"]",
      "instances": [
        {
          "schema_version": 0,
          "attributes": {
            "address_prefixes": [
              "10.2.4.0/24"
            ],
            "default_outbound_access_enabled": true,
            "delegation": [
              {
                "name": "postgres-delegation",
                "service_delegation": [
                  {
                    "actions": [
                      "Microsoft.Network/virtualNetworks/subnets/join/action"
                    ],
                    "name": "Microsoft.DBforPostgreSQL/flexibleServers"
                  }
                ]
              }
            ],
            "enforce_private_link_endpoint_network_policies": false,
            "enforce_private_link_service_network_policies": false,
            "id": "/subscriptions/021415c2-2f52-4a73-ae77-f8363165a5e1/resourceGroups/ctadispatch-production-eus2-rg/providers/Microsoft.Network/virtualNetworks/ctadispatch-production-eus2-vnet/subnets/ctadispatch-production-data-subnet",
            "name": "ctadispatch-production-data-subnet",
            "private_endpoint_network_policies": "Enabled",
            "private_endpoint_network_policies_enabled": true,
            "private_link_service_network_policies_enabled": true,
            "resource_group_name": "ctadispatch-production-eus2-rg",
            "service_endpoint_policy_ids": null,
            "service_endpoints": [
              "Microsoft.Storage"
            ],
            "timeouts": null,
            "virtual_network_name": "ctadispatch-production-eus2-vnet"
          },
          "sensitive_attributes": [],
          "private": "eyJlMmJmYjczMC1lY2FhLTExZTYtOGY4OC0zNDM2M2JjN2M0YzAiOnsiY3JlYXRlIjoxODAwMDAwMDAwMDAwLCJkZWxldGUiOjE4MDAwMDAwMDAwMDAsInJlYWQiOjMwMDAwMDAwMDAwMCwidXBkYXRlIjoxODAwMDAwMDAwMDAwfX0=",
          "dependencies": [
            "azurerm_network_ddos_protection_plan.main",
            "azurerm_resource_group.main",
            "azurerm_virtual_network.main"
          ]
        }
      ]
    },
    {
      "mode": "managed",
      "type": "azurerm_subnet",
      "name": "private_endpoints",
      "provider": "provider[\"registry.terraform.io/hashicorp/azurerm\"]",
      "instances": [
        {
          "schema_version": 0,
          "attributes": {
            "address_prefixes": [
              "10.2.8.0/24"
            ],
            "default_outbound_access_enabled": true,
            "delegation": [],
            "enforce_private_link_endpoint_network_policies": true,
            "enforce_private_link_service_network_policies": false,
            "id": "/subscriptions/021415c2-2f52-4a73-ae77-f8363165a5e1/resourceGroups/ctadispatch-production-eus2-rg/providers/Microsoft.Network/virtualNetworks/ctadispatch-production-eus2-vnet/subnets/ctadispatch-production-pe-subnet",
            "name": "ctadispatch-production-pe-subnet",
            "private_endpoint_network_policies": "Disabled",
            "private_endpoint_network_policies_enabled": false,
            "private_link_service_network_policies_enabled": true,
            "resource_group_name": "ctadispatch-production-eus2-rg",
            "service_endpoint_policy_ids": null,
            "service_endpoints": [
              "Microsoft.EventHub",
              "Microsoft.KeyVault",
              "Microsoft.ServiceBus",
              "Microsoft.Sql",
              "Microsoft.Storage"
            ],
            "timeouts": null,
            "virtual_network_name": "ctadispatch-production-eus2-vnet"
          },
          "sensitive_attributes": [],
          "private": "eyJlMmJmYjczMC1lY2FhLTExZTYtOGY4OC0zNDM2M2JjN2M0YzAiOnsiY3JlYXRlIjoxODAwMDAwMDAwMDAwLCJkZWxldGUiOjE4MDAwMDAwMDAwMDAsInJlYWQiOjMwMDAwMDAwMDAwMCwidXBkYXRlIjoxODAwMDAwMDAwMDAwfX0=",
          "dependencies": [
            "azurerm_network_ddos_protection_plan.main",
            "azurerm_resource_group.main",
            "azurerm_virtual_network.main"
          ]
        }
      ]
    },
    {
      "mode": "managed",
      "type": "azurerm_subnet_network_security_group_association",
      "name": "aks",
      "provider": "provider[\"registry.terraform.io/hashicorp/azurerm\"]",
      "instances": [
        {
          "schema_version": 0,
          "attributes": {
            "id": "/subscriptions/021415c2-2f52-4a73-ae77-f8363165a5e1/resourceGroups/ctadispatch-production-eus2-rg/providers/Microsoft.Network/virtualNetworks/ctadispatch-production-eus2-vnet/subnets/ctadispatch-production-aks-subnet",
            "network_security_group_id": "/subscriptions/021415c2-2f52-4a73-ae77-f8363165a5e1/resourceGroups/ctadispatch-production-eus2-rg/providers/Microsoft.Network/networkSecurityGroups/ctadispatch-production-aks-nsg",
            "subnet_id": "/subscriptions/021415c2-2f52-4a73-ae77-f8363165a5e1/resourceGroups/ctadispatch-production-eus2-rg/providers/Microsoft.Network/virtualNetworks/ctadispatch-production-eus2-vnet/subnets/ctadispatch-production-aks-subnet",
            "timeouts": null
          },
          "sensitive_attributes": [],
          "private": "eyJlMmJmYjczMC1lY2FhLTExZTYtOGY4OC0zNDM2M2JjN2M0YzAiOnsiY3JlYXRlIjoxODAwMDAwMDAwMDAwLCJkZWxldGUiOjE4MDAwMDAwMDAwMDAsInJlYWQiOjMwMDAwMDAwMDAwMH19",
          "dependencies": [
            "azurerm_network_ddos_protection_plan.main",
            "azurerm_network_security_group.aks",
            "azurerm_resource_group.main",
            "azurerm_subnet.aks",
            "azurerm_virtual_network.main"
          ]
        }
      ]
    },
    {
      "mode": "managed",
      "type": "azurerm_subnet_network_security_group_association",
      "name": "data",
      "provider": "provider[\"registry.terraform.io/hashicorp/azurerm\"]",
      "instances": [
        {
          "schema_version": 0,
          "attributes": {
            "id": "/subscriptions/021415c2-2f52-4a73-ae77-f8363165a5e1/resourceGroups/ctadispatch-production-eus2-rg/providers/Microsoft.Network/virtualNetworks/ctadispatch-production-eus2-vnet/subnets/ctadispatch-production-data-subnet",
            "network_security_group_id": "/subscriptions/021415c2-2f52-4a73-ae77-f8363165a5e1/resourceGroups/ctadispatch-production-eus2-rg/providers/Microsoft.Network/networkSecurityGroups/ctadispatch-production-data-nsg",
            "subnet_id": "/subscriptions/021415c2-2f52-4a73-ae77-f8363165a5e1/resourceGroups/ctadispatch-production-eus2-rg/providers/Microsoft.Network/virtualNetworks/ctadispatch-production-eus2-vnet/subnets/ctadispatch-production-data-subnet",
            "timeouts": null
          },
          "sensitive_attributes": [],
          "private": "eyJlMmJmYjczMC1lY2FhLTExZTYtOGY4OC0zNDM2M2JjN2M0YzAiOnsiY3JlYXRlIjoxODAwMDAwMDAwMDAwLCJkZWxldGUiOjE4MDAwMDAwMDAwMDAsInJlYWQiOjMwMDAwMDAwMDAwMH19",
          "dependencies": [
            "azurerm_network_ddos_protection_plan.main",
            "azurerm_network_security_group.data",
            "azurerm_resource_group.main",
            "azurerm_subnet.data",
            "azurerm_virtual_network.main"
          ]
        }
      ]
    },
    {
      "mode": "managed",
      "type": "azurerm_subnet_network_security_group_association",
      "name": "private_endpoints",
      "provider": "provider[\"registry.terraform.io/hashicorp/azurerm\"]",
      "instances": [
        {
          "schema_version": 0,
          "attributes": {
            "id": "/subscriptions/021415c2-2f52-4a73-ae77-f8363165a5e1/resourceGroups/ctadispatch-production-eus2-rg/providers/Microsoft.Network/virtualNetworks/ctadispatch-production-eus2-vnet/subnets/ctadispatch-production-pe-subnet",
            "network_security_group_id": "/subscriptions/021415c2-2f52-4a73-ae77-f8363165a5e1/resourceGroups/ctadispatch-production-eus2-rg/providers/Microsoft.Network/networkSecurityGroups/ctadispatch-production-pe-nsg",
            "subnet_id": "/subscriptions/021415c2-2f52-4a73-ae77-f8363165a5e1/resourceGroups/ctadispatch-production-eus2-rg/providers/Microsoft.Network/virtualNetworks/ctadispatch-production-eus2-vnet/subnets/ctadispatch-production-pe-subnet",
            "timeouts": null
          },
          "sensitive_attributes": [],
          "private": "eyJlMmJmYjczMC1lY2FhLTExZTYtOGY4OC0zNDM2M2JjN2M0YzAiOnsiY3JlYXRlIjoxODAwMDAwMDAwMDAwLCJkZWxldGUiOjE4MDAwMDAwMDAwMDAsInJlYWQiOjMwMDAwMDAwMDAwMH19",
          "dependencies": [
            "azurerm_network_ddos_protection_plan.main",
            "azurerm_network_security_group.private_endpoints",
            "azurerm_resource_group.main",
            "azurerm_subnet.private_endpoints",
            "azurerm_virtual_network.main"
          ]
        }
      ]
    },
    {
      "mode": "managed",
      "type": "azurerm_virtual_network",
      "name": "main",
      "provider": "provider[\"registry.terraform.io/hashicorp/azurerm\"]",
      "instances": [
        {
          "schema_version": 0,
          "attributes": {
            "address_space": [
              "10.2.0.0/16"
            ],
            "bgp_community": "",
            "ddos_protection_plan": [
              {
                "enable": true,
                "id": "/subscriptions/021415c2-2f52-4a73-ae77-f8363165a5e1/resourceGroups/ctadispatch-production-eus2-rg/providers/Microsoft.Network/ddosProtectionPlans/ctadispatch-production-eus2-ddos"
              }
            ],
            "dns_servers": [],
            "edge_zone": "",
            "encryption": [],
            "flow_timeout_in_minutes": 0,
            "guid": "af187738-1904-4f26-a148-81d570e0ca88",
            "id": "/subscriptions/021415c2-2f52-4a73-ae77-f8363165a5e1/resourceGroups/ctadispatch-production-eus2-rg/providers/Microsoft.Network/virtualNetworks/ctadispatch-production-eus2-vnet",
            "location": "eastus2",
            "name": "ctadispatch-production-eus2-vnet",
            "resource_group_name": "ctadispatch-production-eus2-rg",
            "subnet": [],
            "tags": {
              "Application": "CTADispatch",
              "CostCenter": "Operations",
              "Environment": "production",
              "ManagedBy": "Terraform",
              "Organization": "Capital Tech Alliance",
              "Service": "Networking"
            },
            "timeouts": null
          },
          "sensitive_attributes": [],
          "private": "eyJlMmJmYjczMC1lY2FhLTExZTYtOGY4OC0zNDM2M2JjN2M0YzAiOnsiY3JlYXRlIjoxODAwMDAwMDAwMDAwLCJkZWxldGUiOjE4MDAwMDAwMDAwMDAsInJlYWQiOjMwMDAwMDAwMDAwMCwidXBkYXRlIjoxODAwMDAwMDAwMDAwfX0=",
          "dependencies": [
            "azurerm_network_ddos_protection_plan.main",
            "azurerm_resource_group.main"
          ]
        }
      ]
    },
    {
      "mode": "managed",
      "type": "random_password",
      "name": "postgres_admin",
      "provider": "provider[\"registry.terraform.io/hashicorp/random\"]",
      "instances": [
        {
          "schema_version": 3,
          "attributes": {
            "bcrypt_hash": "$2a$10$0udHyu5l9bRfWEGw3zH8neozjoDPa66Me0GRf2GX8PQyOwifdoiMG",
            "id": "none",
            "keepers": null,
            "length": 32,
            "lower": true,
            "min_lower": 0,
            "min_numeric": 0,
            "min_special": 0,
            "min_upper": 0,
            "number": true,
            "numeric": true,
            "override_special": null,
            "result": "i0@zP{%gd}TFaaLGvNt{KAF[k?Fqvp=B",
            "special": true,
            "upper": true
          },
          "sensitive_attributes": []
        }
      ]
    },
    {
      "mode": "managed",
      "type": "random_uuid",
      "name": "workbook_id",
      "provider": "provider[\"registry.terraform.io/hashicorp/random\"]",
      "instances": [
        {
          "schema_version": 0,
          "attributes": {
            "id": "82fb158c-b46e-8d8e-886c-ca2bab59329a",
            "keepers": null,
            "result": "82fb158c-b46e-8d8e-886c-ca2bab59329a"
          },
          "sensitive_attributes": []
        }
      ]
    }
  ],
  "check_results": null
}
