[0m[1mdata.azurerm_client_config.current: Reading...[0m[0m
[0m[1mdata.azurerm_subscription.current: Reading...[0m[0m
[0m[1mdata.azurerm_client_config.current: Read complete after 0s [id=Y2xpZW50Q29uZmlncy9jbGllbnRJZD0wNGIwNzc5NS04ZGRiLTQ2MWEtYmJlZS0wMmY5ZTFiZjdiNDY7b2JqZWN0SWQ9ZmY0YzMxM2YtNTc1YS00OWYyLTgxYTAtYzI2ODIzZTdkMDg0O3N1YnNjcmlwdGlvbklkPTAyMTQxNWMyLTJmNTItNGE3My1hZTc3LWY4MzYzMTY1YTVlMTt0ZW5hbnRJZD0wZWMxNGI4MS03YjgyLTQ1ZWUtOGYzZC1jYmMzMWNlZDUzNDc=][0m
[0m[1mdata.azurerm_subscription.current: Read complete after 1s [id=/subscriptions/021415c2-2f52-4a73-ae77-f8363165a5e1][0m

Terraform used the selected providers to generate the following execution
plan. Resource actions are indicated with the following symbols:
  [32m+[0m create[0m

Terraform planned the following actions, but then encountered a problem:

[1m  # azurerm_application_insights.main[0m will be created
[0m  [32m+[0m[0m resource "azurerm_application_insights" "main" {
      [32m+[0m[0m app_id                                = (known after apply)
      [32m+[0m[0m application_type                      = "web"
      [32m+[0m[0m connection_string                     = (sensitive value)
      [32m+[0m[0m daily_data_cap_in_gb                  = (known after apply)
      [32m+[0m[0m daily_data_cap_notifications_disabled = (known after apply)
      [32m+[0m[0m disable_ip_masking                    = true
      [32m+[0m[0m force_customer_storage_for_profiler   = false
      [32m+[0m[0m id                                    = (known after apply)
      [32m+[0m[0m instrumentation_key                   = (sensitive value)
      [32m+[0m[0m internet_ingestion_enabled            = true
      [32m+[0m[0m internet_query_enabled                = true
      [32m+[0m[0m local_authentication_disabled         = false
      [32m+[0m[0m location                              = "eastus2"
      [32m+[0m[0m name                                  = "ctadispatch-production-eus2-ai"
      [32m+[0m[0m resource_group_name                   = "ctadispatch-production-eus2-rg"
      [32m+[0m[0m retention_in_days                     = 90
      [32m+[0m[0m sampling_percentage                   = 10
      [32m+[0m[0m tags                                  = {
          [32m+[0m[0m "Application"  = "CTADispatch"
          [32m+[0m[0m "CostCenter"   = "Operations"
          [32m+[0m[0m "Environment"  = "production"
          [32m+[0m[0m "ManagedBy"    = "Terraform"
          [32m+[0m[0m "Organization" = "Capital Tech Alliance"
          [32m+[0m[0m "Service"      = "Application Insights"
        }
      [32m+[0m[0m workspace_id                          = (known after apply)
    }

[1m  # azurerm_container_registry.main[0m will be created
[0m  [32m+[0m[0m resource "azurerm_container_registry" "main" {
      [32m+[0m[0m admin_enabled                 = false
      [32m+[0m[0m admin_password                = (sensitive value)
      [32m+[0m[0m admin_username                = (known after apply)
      [32m+[0m[0m encryption                    = (known after apply)
      [32m+[0m[0m export_policy_enabled         = true
      [32m+[0m[0m id                            = (known after apply)
      [32m+[0m[0m location                      = "eastus2"
      [32m+[0m[0m login_server                  = (known after apply)
      [32m+[0m[0m name                          = "ctadispatchproductioneus2acr"
      [32m+[0m[0m network_rule_bypass_option    = "AzureServices"
      [32m+[0m[0m network_rule_set              = (known after apply)
      [32m+[0m[0m public_network_access_enabled = true
      [32m+[0m[0m resource_group_name           = "ctadispatch-production-eus2-rg"
      [32m+[0m[0m retention_policy              = [
          [32m+[0m[0m {
              [32m+[0m[0m days    = 30
              [32m+[0m[0m enabled = true
            },
        ]
      [32m+[0m[0m sku                           = "Premium"
      [32m+[0m[0m tags                          = {
          [32m+[0m[0m "Application"  = "CTADispatch"
          [32m+[0m[0m "CostCenter"   = "Operations"
          [32m+[0m[0m "Environment"  = "production"
          [32m+[0m[0m "ManagedBy"    = "Terraform"
          [32m+[0m[0m "Organization" = "Capital Tech Alliance"
          [32m+[0m[0m "Service"      = "Container Registry"
        }
      [32m+[0m[0m trust_policy                  = [
          [32m+[0m[0m {
              [32m+[0m[0m enabled = true
            },
        ]
      [32m+[0m[0m zone_redundancy_enabled       = false

      [32m+[0m[0m georeplications {
          [32m+[0m[0m location                = "eastus"
          [32m+[0m[0m tags                    = {
              [32m+[0m[0m "Application"  = "CTADispatch"
              [32m+[0m[0m "CostCenter"   = "Operations"
              [32m+[0m[0m "Environment"  = "Production"
              [32m+[0m[0m "ManagedBy"    = "Terraform"
              [32m+[0m[0m "Organization" = "Capital Tech Alliance"
            }
          [32m+[0m[0m zone_redundancy_enabled = false
        }
    }

[1m  # azurerm_data_protection_backup_vault.main[0m will be created
[0m  [32m+[0m[0m resource "azurerm_data_protection_backup_vault" "main" {
      [32m+[0m[0m datastore_type             = "VaultStore"
      [32m+[0m[0m id                         = (known after apply)
      [32m+[0m[0m location                   = "eastus2"
      [32m+[0m[0m name                       = "ctadispatch-backup-vault"
      [32m+[0m[0m redundancy                 = "GeoRedundant"
      [32m+[0m[0m resource_group_name        = "ctadispatch-production-eus2-rg"
      [32m+[0m[0m retention_duration_in_days = 14
      [32m+[0m[0m soft_delete                = "On"
      [32m+[0m[0m tags                       = {
          [32m+[0m[0m "Application"  = "CTADispatch"
          [32m+[0m[0m "Component"    = "Backup"
          [32m+[0m[0m "CostCenter"   = "Operations"
          [32m+[0m[0m "Environment"  = "Production"
          [32m+[0m[0m "ManagedBy"    = "Terraform"
          [32m+[0m[0m "Organization" = "Capital Tech Alliance"
        }

      [32m+[0m[0m identity {
          [32m+[0m[0m principal_id = (known after apply)
          [32m+[0m[0m tenant_id    = (known after apply)
          [32m+[0m[0m type         = "SystemAssigned"
        }
    }

[1m  # azurerm_eventhub.gps_telemetry[0m will be created
[0m  [32m+[0m[0m resource "azurerm_eventhub" "gps_telemetry" {
      [32m+[0m[0m id                  = (known after apply)
      [32m+[0m[0m message_retention   = 7
      [32m+[0m[0m name                = "gps-telemetry"
      [32m+[0m[0m namespace_name      = "ctadispatch-production-eus2-eh"
      [32m+[0m[0m partition_count     = 4
      [32m+[0m[0m partition_ids       = (known after apply)
      [32m+[0m[0m resource_group_name = "ctadispatch-production-eus2-rg"
      [32m+[0m[0m status              = "Active"
    }

[1m  # azurerm_eventhub.radio_metadata[0m will be created
[0m  [32m+[0m[0m resource "azurerm_eventhub" "radio_metadata" {
      [32m+[0m[0m id                  = (known after apply)
      [32m+[0m[0m message_retention   = 7
      [32m+[0m[0m name                = "radio-metadata"
      [32m+[0m[0m namespace_name      = "ctadispatch-production-eus2-eh"
      [32m+[0m[0m partition_count     = 2
      [32m+[0m[0m partition_ids       = (known after apply)
      [32m+[0m[0m resource_group_name = "ctadispatch-production-eus2-rg"
      [32m+[0m[0m status              = "Active"
    }

[1m  # azurerm_eventhub.system_events[0m will be created
[0m  [32m+[0m[0m resource "azurerm_eventhub" "system_events" {
      [32m+[0m[0m id                  = (known after apply)
      [32m+[0m[0m message_retention   = 1
      [32m+[0m[0m name                = "system-events"
      [32m+[0m[0m namespace_name      = "ctadispatch-production-eus2-eh"
      [32m+[0m[0m partition_count     = 2
      [32m+[0m[0m partition_ids       = (known after apply)
      [32m+[0m[0m resource_group_name = "ctadispatch-production-eus2-rg"
      [32m+[0m[0m status              = "Active"
    }

[1m  # azurerm_eventhub_consumer_group.gps_processor[0m will be created
[0m  [32m+[0m[0m resource "azurerm_eventhub_consumer_group" "gps_processor" {
      [32m+[0m[0m eventhub_name       = "gps-telemetry"
      [32m+[0m[0m id                  = (known after apply)
      [32m+[0m[0m name                = "gps-processor"
      [32m+[0m[0m namespace_name      = "ctadispatch-production-eus2-eh"
      [32m+[0m[0m resource_group_name = "ctadispatch-production-eus2-rg"
    }

[1m  # azurerm_eventhub_consumer_group.radio_processor[0m will be created
[0m  [32m+[0m[0m resource "azurerm_eventhub_consumer_group" "radio_processor" {
      [32m+[0m[0m eventhub_name       = "radio-metadata"
      [32m+[0m[0m id                  = (known after apply)
      [32m+[0m[0m name                = "radio-processor"
      [32m+[0m[0m namespace_name      = "ctadispatch-production-eus2-eh"
      [32m+[0m[0m resource_group_name = "ctadispatch-production-eus2-rg"
    }

[1m  # azurerm_eventhub_consumer_group.system_monitor[0m will be created
[0m  [32m+[0m[0m resource "azurerm_eventhub_consumer_group" "system_monitor" {
      [32m+[0m[0m eventhub_name       = "system-events"
      [32m+[0m[0m id                  = (known after apply)
      [32m+[0m[0m name                = "system-monitor"
      [32m+[0m[0m namespace_name      = "ctadispatch-production-eus2-eh"
      [32m+[0m[0m resource_group_name = "ctadispatch-production-eus2-rg"
    }

[1m  # azurerm_eventhub_namespace.main[0m will be created
[0m  [32m+[0m[0m resource "azurerm_eventhub_namespace" "main" {
      [32m+[0m[0m auto_inflate_enabled                      = true
      [32m+[0m[0m capacity                                  = 2
      [32m+[0m[0m default_primary_connection_string         = (sensitive value)
      [32m+[0m[0m default_primary_connection_string_alias   = (sensitive value)
      [32m+[0m[0m default_primary_key                       = (sensitive value)
      [32m+[0m[0m default_secondary_connection_string       = (sensitive value)
      [32m+[0m[0m default_secondary_connection_string_alias = (sensitive value)
      [32m+[0m[0m default_secondary_key                     = (sensitive value)
      [32m+[0m[0m id                                        = (known after apply)
      [32m+[0m[0m local_authentication_enabled              = true
      [32m+[0m[0m location                                  = "eastus2"
      [32m+[0m[0m maximum_throughput_units                  = 20
      [32m+[0m[0m minimum_tls_version                       = (known after apply)
      [32m+[0m[0m name                                      = "ctadispatch-production-eus2-eh"
      [32m+[0m[0m network_rulesets                          = (known after apply)
      [32m+[0m[0m public_network_access_enabled             = true
      [32m+[0m[0m resource_group_name                       = "ctadispatch-production-eus2-rg"
      [32m+[0m[0m sku                                       = "Standard"
      [32m+[0m[0m tags                                      = {
          [32m+[0m[0m "Application"  = "CTADispatch"
          [32m+[0m[0m "CostCenter"   = "Operations"
          [32m+[0m[0m "Environment"  = "production"
          [32m+[0m[0m "ManagedBy"    = "Terraform"
          [32m+[0m[0m "Organization" = "Capital Tech Alliance"
          [32m+[0m[0m "Service"      = "Event Hub"
        }
      [32m+[0m[0m zone_redundant                            = true
    }

[1m  # azurerm_eventhub_namespace_authorization_rule.listen[0m will be created
[0m  [32m+[0m[0m resource "azurerm_eventhub_namespace_authorization_rule" "listen" {
      [32m+[0m[0m id                                = (known after apply)
      [32m+[0m[0m listen                            = true
      [32m+[0m[0m manage                            = false
      [32m+[0m[0m name                              = "listen"
      [32m+[0m[0m namespace_name                    = "ctadispatch-production-eus2-eh"
      [32m+[0m[0m primary_connection_string         = (sensitive value)
      [32m+[0m[0m primary_connection_string_alias   = (sensitive value)
      [32m+[0m[0m primary_key                       = (sensitive value)
      [32m+[0m[0m resource_group_name               = "ctadispatch-production-eus2-rg"
      [32m+[0m[0m secondary_connection_string       = (sensitive value)
      [32m+[0m[0m secondary_connection_string_alias = (sensitive value)
      [32m+[0m[0m secondary_key                     = (sensitive value)
      [32m+[0m[0m send                              = false
    }

[1m  # azurerm_eventhub_namespace_authorization_rule.send[0m will be created
[0m  [32m+[0m[0m resource "azurerm_eventhub_namespace_authorization_rule" "send" {
      [32m+[0m[0m id                                = (known after apply)
      [32m+[0m[0m listen                            = false
      [32m+[0m[0m manage                            = false
      [32m+[0m[0m name                              = "send"
      [32m+[0m[0m namespace_name                    = "ctadispatch-production-eus2-eh"
      [32m+[0m[0m primary_connection_string         = (sensitive value)
      [32m+[0m[0m primary_connection_string_alias   = (sensitive value)
      [32m+[0m[0m primary_key                       = (sensitive value)
      [32m+[0m[0m resource_group_name               = "ctadispatch-production-eus2-rg"
      [32m+[0m[0m secondary_connection_string       = (sensitive value)
      [32m+[0m[0m secondary_connection_string_alias = (sensitive value)
      [32m+[0m[0m secondary_key                     = (sensitive value)
      [32m+[0m[0m send                              = true
    }

[1m  # azurerm_log_analytics_solution.container_insights[0m will be created
[0m  [32m+[0m[0m resource "azurerm_log_analytics_solution" "container_insights" {
      [32m+[0m[0m id                    = (known after apply)
      [32m+[0m[0m location              = "eastus2"
      [32m+[0m[0m resource_group_name   = "ctadispatch-production-eus2-rg"
      [32m+[0m[0m solution_name         = "ContainerInsights"
      [32m+[0m[0m tags                  = {
          [32m+[0m[0m "Application"  = "CTADispatch"
          [32m+[0m[0m "CostCenter"   = "Operations"
          [32m+[0m[0m "Environment"  = "production"
          [32m+[0m[0m "ManagedBy"    = "Terraform"
          [32m+[0m[0m "Organization" = "Capital Tech Alliance"
        }
      [32m+[0m[0m workspace_name        = "ctadispatch-production-eus2-law"
      [32m+[0m[0m workspace_resource_id = (known after apply)

      [32m+[0m[0m plan {
          [32m+[0m[0m name      = (known after apply)
          [32m+[0m[0m product   = "OMSGallery/ContainerInsights"
          [32m+[0m[0m publisher = "Microsoft"
        }
    }

[1m  # azurerm_log_analytics_solution.security_center[0][0m will be created
[0m  [32m+[0m[0m resource "azurerm_log_analytics_solution" "security_center" {
      [32m+[0m[0m id                    = (known after apply)
      [32m+[0m[0m location              = "eastus2"
      [32m+[0m[0m resource_group_name   = "ctadispatch-production-eus2-rg"
      [32m+[0m[0m solution_name         = "Security"
      [32m+[0m[0m tags                  = {
          [32m+[0m[0m "Application"  = "CTADispatch"
          [32m+[0m[0m "CostCenter"   = "Operations"
          [32m+[0m[0m "Environment"  = "production"
          [32m+[0m[0m "ManagedBy"    = "Terraform"
          [32m+[0m[0m "Organization" = "Capital Tech Alliance"
        }
      [32m+[0m[0m workspace_name        = "ctadispatch-production-eus2-law"
      [32m+[0m[0m workspace_resource_id = (known after apply)

      [32m+[0m[0m plan {
          [32m+[0m[0m name      = (known after apply)
          [32m+[0m[0m product   = "OMSGallery/Security"
          [32m+[0m[0m publisher = "Microsoft"
        }
    }

[1m  # azurerm_log_analytics_workspace.main[0m will be created
[0m  [32m+[0m[0m resource "azurerm_log_analytics_workspace" "main" {
      [32m+[0m[0m allow_resource_only_permissions = true
      [32m+[0m[0m daily_quota_gb                  = 10
      [32m+[0m[0m id                              = (known after apply)
      [32m+[0m[0m internet_ingestion_enabled      = true
      [32m+[0m[0m internet_query_enabled          = true
      [32m+[0m[0m local_authentication_disabled   = false
      [32m+[0m[0m location                        = "eastus2"
      [32m+[0m[0m name                            = "ctadispatch-production-eus2-law"
      [32m+[0m[0m primary_shared_key              = (sensitive value)
      [32m+[0m[0m resource_group_name             = "ctadispatch-production-eus2-rg"
      [32m+[0m[0m retention_in_days               = 90
      [32m+[0m[0m secondary_shared_key            = (sensitive value)
      [32m+[0m[0m sku                             = "PerGB2018"
      [32m+[0m[0m tags                            = {
          [32m+[0m[0m "Application"  = "CTADispatch"
          [32m+[0m[0m "CostCenter"   = "Operations"
          [32m+[0m[0m "Environment"  = "production"
          [32m+[0m[0m "ManagedBy"    = "Terraform"
          [32m+[0m[0m "Organization" = "Capital Tech Alliance"
          [32m+[0m[0m "Service"      = "Log Analytics"
        }
      [32m+[0m[0m workspace_id                    = (known after apply)
    }

[1m  # azurerm_logic_app_trigger_http_request.compliance[0m will be created
[0m  [32m+[0m[0m resource "azurerm_logic_app_trigger_http_request" "compliance" {
      [32m+[0m[0m callback_url = (known after apply)
      [32m+[0m[0m id           = (known after apply)
      [32m+[0m[0m logic_app_id = (known after apply)
      [32m+[0m[0m name         = "security-alert-trigger"
      [32m+[0m[0m schema       = jsonencode(
            {
              [32m+[0m[0m properties = {
                  [32m+[0m[0m alertType  = {
                      [32m+[0m[0m type = "string"
                    }
                  [32m+[0m[0m resourceId = {
                      [32m+[0m[0m type = "string"
                    }
                  [32m+[0m[0m severity   = {
                      [32m+[0m[0m type = "string"
                    }
                }
              [32m+[0m[0m type       = "object"
            }
        )
    }

[1m  # azurerm_logic_app_workflow.compliance[0m will be created
[0m  [32m+[0m[0m resource "azurerm_logic_app_workflow" "compliance" {
      [32m+[0m[0m access_endpoint                 = (known after apply)
      [32m+[0m[0m connector_endpoint_ip_addresses = (known after apply)
      [32m+[0m[0m connector_outbound_ip_addresses = (known after apply)
      [32m+[0m[0m enabled                         = true
      [32m+[0m[0m id                              = (known after apply)
      [32m+[0m[0m location                        = "eastus2"
      [32m+[0m[0m name                            = "ctadispatch-compliance-workflow"
      [32m+[0m[0m resource_group_name             = "ctadispatch-production-eus2-rg"
      [32m+[0m[0m tags                            = {
          [32m+[0m[0m "Application"  = "CTADispatch"
          [32m+[0m[0m "CostCenter"   = "Operations"
          [32m+[0m[0m "Environment"  = "Production"
          [32m+[0m[0m "ManagedBy"    = "Terraform"
          [32m+[0m[0m "Organization" = "Capital Tech Alliance"
        }
      [32m+[0m[0m workflow_endpoint_ip_addresses  = (known after apply)
      [32m+[0m[0m workflow_outbound_ip_addresses  = (known after apply)
      [32m+[0m[0m workflow_schema                 = "https://schema.management.azure.com/providers/Microsoft.Logic/schemas/2016-06-01/workflowdefinition.json#"
      [32m+[0m[0m workflow_version                = "1.0.0.0"
    }

[1m  # azurerm_monitor_diagnostic_setting.eventhub[0m will be created
[0m  [32m+[0m[0m resource "azurerm_monitor_diagnostic_setting" "eventhub" {
      [32m+[0m[0m id                             = (known after apply)
      [32m+[0m[0m log_analytics_destination_type = (known after apply)
      [32m+[0m[0m log_analytics_workspace_id     = (known after apply)
      [32m+[0m[0m name                           = "ctadispatch-production-eh-diag"
      [32m+[0m[0m target_resource_id             = (known after apply)

      [32m+[0m[0m enabled_log {
          [32m+[0m[0m category = "OperationalLogs"
        }

      [32m+[0m[0m metric {
          [32m+[0m[0m category = "AllMetrics"
          [32m+[0m[0m enabled  = true
        }
    }

[1m  # azurerm_monitor_diagnostic_setting.nsg_aks[0m will be created
[0m  [32m+[0m[0m resource "azurerm_monitor_diagnostic_setting" "nsg_aks" {
      [32m+[0m[0m id                             = (known after apply)
      [32m+[0m[0m log_analytics_destination_type = (known after apply)
      [32m+[0m[0m log_analytics_workspace_id     = (known after apply)
      [32m+[0m[0m name                           = "ctadispatch-production-nsg-aks-diag"
      [32m+[0m[0m target_resource_id             = (known after apply)

      [32m+[0m[0m enabled_log {
          [32m+[0m[0m category = "NetworkSecurityGroupEvent"
        }
      [32m+[0m[0m enabled_log {
          [32m+[0m[0m category = "NetworkSecurityGroupRuleCounter"
        }
    }

[1m  # azurerm_network_ddos_protection_plan.main[0][0m will be created
[0m  [32m+[0m[0m resource "azurerm_network_ddos_protection_plan" "main" {
      [32m+[0m[0m id                  = (known after apply)
      [32m+[0m[0m location            = "eastus2"
      [32m+[0m[0m name                = "ctadispatch-production-eus2-ddos"
      [32m+[0m[0m resource_group_name = "ctadispatch-production-eus2-rg"
      [32m+[0m[0m tags                = {
          [32m+[0m[0m "Application"  = "CTADispatch"
          [32m+[0m[0m "CostCenter"   = "Operations"
          [32m+[0m[0m "Environment"  = "production"
          [32m+[0m[0m "ManagedBy"    = "Terraform"
          [32m+[0m[0m "Organization" = "Capital Tech Alliance"
        }
      [32m+[0m[0m virtual_network_ids = (known after apply)
    }

[1m  # azurerm_network_security_group.aks[0m will be created
[0m  [32m+[0m[0m resource "azurerm_network_security_group" "aks" {
      [32m+[0m[0m id                  = (known after apply)
      [32m+[0m[0m location            = "eastus2"
      [32m+[0m[0m name                = "ctadispatch-production-aks-nsg"
      [32m+[0m[0m resource_group_name = "ctadispatch-production-eus2-rg"
      [32m+[0m[0m security_rule       = [
          [32m+[0m[0m {
              [32m+[0m[0m access                                     = "Allow"
              [32m+[0m[0m description                                = ""
              [32m+[0m[0m destination_address_prefix                 = "*"
              [32m+[0m[0m destination_address_prefixes               = []
              [32m+[0m[0m destination_application_security_group_ids = []
              [32m+[0m[0m destination_port_range                     = "443"
              [32m+[0m[0m destination_port_ranges                    = []
              [32m+[0m[0m direction                                  = "Inbound"
              [32m+[0m[0m name                                       = "AllowHTTPS"
              [32m+[0m[0m priority                                   = 100
              [32m+[0m[0m protocol                                   = "Tcp"
              [32m+[0m[0m source_address_prefix                      = "*"
              [32m+[0m[0m source_address_prefixes                    = []
              [32m+[0m[0m source_application_security_group_ids      = []
              [32m+[0m[0m source_port_range                          = "*"
              [32m+[0m[0m source_port_ranges                         = []
            },
          [32m+[0m[0m {
              [32m+[0m[0m access                                     = "Allow"
              [32m+[0m[0m description                                = ""
              [32m+[0m[0m destination_address_prefix                 = "*"
              [32m+[0m[0m destination_address_prefixes               = []
              [32m+[0m[0m destination_application_security_group_ids = []
              [32m+[0m[0m destination_port_range                     = "443"
              [32m+[0m[0m destination_port_ranges                    = []
              [32m+[0m[0m direction                                  = "Inbound"
              [32m+[0m[0m name                                       = "AllowKubeAPI"
              [32m+[0m[0m priority                                   = 120
              [32m+[0m[0m protocol                                   = "Tcp"
              [32m+[0m[0m source_address_prefix                      = "AzureCloud"
              [32m+[0m[0m source_address_prefixes                    = []
              [32m+[0m[0m source_application_security_group_ids      = []
              [32m+[0m[0m source_port_range                          = "*"
              [32m+[0m[0m source_port_ranges                         = []
            },
          [32m+[0m[0m {
              [32m+[0m[0m access                                     = "Allow"
              [32m+[0m[0m description                                = ""
              [32m+[0m[0m destination_address_prefix                 = "*"
              [32m+[0m[0m destination_address_prefixes               = []
              [32m+[0m[0m destination_application_security_group_ids = []
              [32m+[0m[0m destination_port_range                     = "80"
              [32m+[0m[0m destination_port_ranges                    = []
              [32m+[0m[0m direction                                  = "Inbound"
              [32m+[0m[0m name                                       = "AllowHTTP"
              [32m+[0m[0m priority                                   = 110
              [32m+[0m[0m protocol                                   = "Tcp"
              [32m+[0m[0m source_address_prefix                      = "*"
              [32m+[0m[0m source_address_prefixes                    = []
              [32m+[0m[0m source_application_security_group_ids      = []
              [32m+[0m[0m source_port_range                          = "*"
              [32m+[0m[0m source_port_ranges                         = []
            },
          [32m+[0m[0m {
              [32m+[0m[0m access                                     = "Deny"
              [32m+[0m[0m description                                = ""
              [32m+[0m[0m destination_address_prefix                 = "*"
              [32m+[0m[0m destination_address_prefixes               = []
              [32m+[0m[0m destination_application_security_group_ids = []
              [32m+[0m[0m destination_port_range                     = "*"
              [32m+[0m[0m destination_port_ranges                    = []
              [32m+[0m[0m direction                                  = "Inbound"
              [32m+[0m[0m name                                       = "DenyAllInbound"
              [32m+[0m[0m priority                                   = 4096
              [32m+[0m[0m protocol                                   = "*"
              [32m+[0m[0m source_address_prefix                      = "*"
              [32m+[0m[0m source_address_prefixes                    = []
              [32m+[0m[0m source_application_security_group_ids      = []
              [32m+[0m[0m source_port_range                          = "*"
              [32m+[0m[0m source_port_ranges                         = []
            },
        ]
      [32m+[0m[0m tags                = {
          [32m+[0m[0m "Application"  = "CTADispatch"
          [32m+[0m[0m "CostCenter"   = "Operations"
          [32m+[0m[0m "Environment"  = "production"
          [32m+[0m[0m "ManagedBy"    = "Terraform"
          [32m+[0m[0m "Organization" = "Capital Tech Alliance"
        }
    }

[1m  # azurerm_network_security_group.data[0m will be created
[0m  [32m+[0m[0m resource "azurerm_network_security_group" "data" {
      [32m+[0m[0m id                  = (known after apply)
      [32m+[0m[0m location            = "eastus2"
      [32m+[0m[0m name                = "ctadispatch-production-data-nsg"
      [32m+[0m[0m resource_group_name = "ctadispatch-production-eus2-rg"
      [32m+[0m[0m security_rule       = [
          [32m+[0m[0m {
              [32m+[0m[0m access                                     = "Allow"
              [32m+[0m[0m description                                = ""
              [32m+[0m[0m destination_address_prefix                 = "*"
              [32m+[0m[0m destination_address_prefixes               = []
              [32m+[0m[0m destination_application_security_group_ids = []
              [32m+[0m[0m destination_port_range                     = "5432"
              [32m+[0m[0m destination_port_ranges                    = []
              [32m+[0m[0m direction                                  = "Inbound"
              [32m+[0m[0m name                                       = "AllowPostgreSQLFromAKS"
              [32m+[0m[0m priority                                   = 100
              [32m+[0m[0m protocol                                   = "Tcp"
              [32m+[0m[0m source_address_prefix                      = "10.2.0.0/22"
              [32m+[0m[0m source_address_prefixes                    = []
              [32m+[0m[0m source_application_security_group_ids      = []
              [32m+[0m[0m source_port_range                          = "*"
              [32m+[0m[0m source_port_ranges                         = []
            },
          [32m+[0m[0m {
              [32m+[0m[0m access                                     = "Deny"
              [32m+[0m[0m description                                = ""
              [32m+[0m[0m destination_address_prefix                 = "*"
              [32m+[0m[0m destination_address_prefixes               = []
              [32m+[0m[0m destination_application_security_group_ids = []
              [32m+[0m[0m destination_port_range                     = "*"
              [32m+[0m[0m destination_port_ranges                    = []
              [32m+[0m[0m direction                                  = "Inbound"
              [32m+[0m[0m name                                       = "DenyAllInbound"
              [32m+[0m[0m priority                                   = 4096
              [32m+[0m[0m protocol                                   = "*"
              [32m+[0m[0m source_address_prefix                      = "*"
              [32m+[0m[0m source_address_prefixes                    = []
              [32m+[0m[0m source_application_security_group_ids      = []
              [32m+[0m[0m source_port_range                          = "*"
              [32m+[0m[0m source_port_ranges                         = []
            },
        ]
      [32m+[0m[0m tags                = {
          [32m+[0m[0m "Application"  = "CTADispatch"
          [32m+[0m[0m "CostCenter"   = "Operations"
          [32m+[0m[0m "Environment"  = "production"
          [32m+[0m[0m "ManagedBy"    = "Terraform"
          [32m+[0m[0m "Organization" = "Capital Tech Alliance"
        }
    }

[1m  # azurerm_network_security_group.private_endpoints[0m will be created
[0m  [32m+[0m[0m resource "azurerm_network_security_group" "private_endpoints" {
      [32m+[0m[0m id                  = (known after apply)
      [32m+[0m[0m location            = "eastus2"
      [32m+[0m[0m name                = "ctadispatch-production-pe-nsg"
      [32m+[0m[0m resource_group_name = "ctadispatch-production-eus2-rg"
      [32m+[0m[0m security_rule       = [
          [32m+[0m[0m {
              [32m+[0m[0m access                                     = "Allow"
              [32m+[0m[0m description                                = ""
              [32m+[0m[0m destination_address_prefix                 = "*"
              [32m+[0m[0m destination_address_prefixes               = []
              [32m+[0m[0m destination_application_security_group_ids = []
              [32m+[0m[0m destination_port_range                     = "*"
              [32m+[0m[0m destination_port_ranges                    = []
              [32m+[0m[0m direction                                  = "Inbound"
              [32m+[0m[0m name                                       = "AllowFromAKS"
              [32m+[0m[0m priority                                   = 100
              [32m+[0m[0m protocol                                   = "*"
              [32m+[0m[0m source_address_prefix                      = "10.2.0.0/22"
              [32m+[0m[0m source_address_prefixes                    = []
              [32m+[0m[0m source_application_security_group_ids      = []
              [32m+[0m[0m source_port_range                          = "*"
              [32m+[0m[0m source_port_ranges                         = []
            },
          [32m+[0m[0m {
              [32m+[0m[0m access                                     = "Deny"
              [32m+[0m[0m description                                = ""
              [32m+[0m[0m destination_address_prefix                 = "*"
              [32m+[0m[0m destination_address_prefixes               = []
              [32m+[0m[0m destination_application_security_group_ids = []
              [32m+[0m[0m destination_port_range                     = "*"
              [32m+[0m[0m destination_port_ranges                    = []
              [32m+[0m[0m direction                                  = "Inbound"
              [32m+[0m[0m name                                       = "DenyAllInbound"
              [32m+[0m[0m priority                                   = 4096
              [32m+[0m[0m protocol                                   = "*"
              [32m+[0m[0m source_address_prefix                      = "*"
              [32m+[0m[0m source_address_prefixes                    = []
              [32m+[0m[0m source_application_security_group_ids      = []
              [32m+[0m[0m source_port_range                          = "*"
              [32m+[0m[0m source_port_ranges                         = []
            },
        ]
      [32m+[0m[0m tags                = {
          [32m+[0m[0m "Application"  = "CTADispatch"
          [32m+[0m[0m "CostCenter"   = "Operations"
          [32m+[0m[0m "Environment"  = "production"
          [32m+[0m[0m "ManagedBy"    = "Terraform"
          [32m+[0m[0m "Organization" = "Capital Tech Alliance"
        }
    }

[1m  # azurerm_private_dns_zone.keyvault[0][0m will be created
[0m  [32m+[0m[0m resource "azurerm_private_dns_zone" "keyvault" {
      [32m+[0m[0m id                                                    = (known after apply)
      [32m+[0m[0m max_number_of_record_sets                             = (known after apply)
      [32m+[0m[0m max_number_of_virtual_network_links                   = (known after apply)
      [32m+[0m[0m max_number_of_virtual_network_links_with_registration = (known after apply)
      [32m+[0m[0m name                                                  = "privatelink.vaultcore.azure.net"
      [32m+[0m[0m number_of_record_sets                                 = (known after apply)
      [32m+[0m[0m resource_group_name                                   = "ctadispatch-production-eus2-rg"
      [32m+[0m[0m tags                                                  = {
          [32m+[0m[0m "Application"  = "CTADispatch"
          [32m+[0m[0m "CostCenter"   = "Operations"
          [32m+[0m[0m "Environment"  = "production"
          [32m+[0m[0m "ManagedBy"    = "Terraform"
          [32m+[0m[0m "Organization" = "Capital Tech Alliance"
        }
    }

[1m  # azurerm_private_dns_zone.postgres[0][0m will be created
[0m  [32m+[0m[0m resource "azurerm_private_dns_zone" "postgres" {
      [32m+[0m[0m id                                                    = (known after apply)
      [32m+[0m[0m max_number_of_record_sets                             = (known after apply)
      [32m+[0m[0m max_number_of_virtual_network_links                   = (known after apply)
      [32m+[0m[0m max_number_of_virtual_network_links_with_registration = (known after apply)
      [32m+[0m[0m name                                                  = "privatelink.postgres.database.azure.com"
      [32m+[0m[0m number_of_record_sets                                 = (known after apply)
      [32m+[0m[0m resource_group_name                                   = "ctadispatch-production-eus2-rg"
      [32m+[0m[0m tags                                                  = {
          [32m+[0m[0m "Application"  = "CTADispatch"
          [32m+[0m[0m "CostCenter"   = "Operations"
          [32m+[0m[0m "Environment"  = "production"
          [32m+[0m[0m "ManagedBy"    = "Terraform"
          [32m+[0m[0m "Organization" = "Capital Tech Alliance"
        }
    }

[1m  # azurerm_private_dns_zone.redis[0][0m will be created
[0m  [32m+[0m[0m resource "azurerm_private_dns_zone" "redis" {
      [32m+[0m[0m id                                                    = (known after apply)
      [32m+[0m[0m max_number_of_record_sets                             = (known after apply)
      [32m+[0m[0m max_number_of_virtual_network_links                   = (known after apply)
      [32m+[0m[0m max_number_of_virtual_network_links_with_registration = (known after apply)
      [32m+[0m[0m name                                                  = "privatelink.redis.cache.windows.net"
      [32m+[0m[0m number_of_record_sets                                 = (known after apply)
      [32m+[0m[0m resource_group_name                                   = "ctadispatch-production-eus2-rg"
      [32m+[0m[0m tags                                                  = {
          [32m+[0m[0m "Application"  = "CTADispatch"
          [32m+[0m[0m "CostCenter"   = "Operations"
          [32m+[0m[0m "Environment"  = "production"
          [32m+[0m[0m "ManagedBy"    = "Terraform"
          [32m+[0m[0m "Organization" = "Capital Tech Alliance"
        }
    }

[1m  # azurerm_private_dns_zone.servicebus[0][0m will be created
[0m  [32m+[0m[0m resource "azurerm_private_dns_zone" "servicebus" {
      [32m+[0m[0m id                                                    = (known after apply)
      [32m+[0m[0m max_number_of_record_sets                             = (known after apply)
      [32m+[0m[0m max_number_of_virtual_network_links                   = (known after apply)
      [32m+[0m[0m max_number_of_virtual_network_links_with_registration = (known after apply)
      [32m+[0m[0m name                                                  = "privatelink.servicebus.windows.net"
      [32m+[0m[0m number_of_record_sets                                 = (known after apply)
      [32m+[0m[0m resource_group_name                                   = "ctadispatch-production-eus2-rg"
      [32m+[0m[0m tags                                                  = {
          [32m+[0m[0m "Application"  = "CTADispatch"
          [32m+[0m[0m "CostCenter"   = "Operations"
          [32m+[0m[0m "Environment"  = "production"
          [32m+[0m[0m "ManagedBy"    = "Terraform"
          [32m+[0m[0m "Organization" = "Capital Tech Alliance"
        }
    }

[1m  # azurerm_private_dns_zone.storage_blob[0][0m will be created
[0m  [32m+[0m[0m resource "azurerm_private_dns_zone" "storage_blob" {
      [32m+[0m[0m id                                                    = (known after apply)
      [32m+[0m[0m max_number_of_record_sets                             = (known after apply)
      [32m+[0m[0m max_number_of_virtual_network_links                   = (known after apply)
      [32m+[0m[0m max_number_of_virtual_network_links_with_registration = (known after apply)
      [32m+[0m[0m name                                                  = "privatelink.blob.core.windows.net"
      [32m+[0m[0m number_of_record_sets                                 = (known after apply)
      [32m+[0m[0m resource_group_name                                   = "ctadispatch-production-eus2-rg"
      [32m+[0m[0m tags                                                  = {
          [32m+[0m[0m "Application"  = "CTADispatch"
          [32m+[0m[0m "CostCenter"   = "Operations"
          [32m+[0m[0m "Environment"  = "production"
          [32m+[0m[0m "ManagedBy"    = "Terraform"
          [32m+[0m[0m "Organization" = "Capital Tech Alliance"
        }
    }

[1m  # azurerm_private_dns_zone.storage_queue[0][0m will be created
[0m  [32m+[0m[0m resource "azurerm_private_dns_zone" "storage_queue" {
      [32m+[0m[0m id                                                    = (known after apply)
      [32m+[0m[0m max_number_of_record_sets                             = (known after apply)
      [32m+[0m[0m max_number_of_virtual_network_links                   = (known after apply)
      [32m+[0m[0m max_number_of_virtual_network_links_with_registration = (known after apply)
      [32m+[0m[0m name                                                  = "privatelink.queue.core.windows.net"
      [32m+[0m[0m number_of_record_sets                                 = (known after apply)
      [32m+[0m[0m resource_group_name                                   = "ctadispatch-production-eus2-rg"
      [32m+[0m[0m tags                                                  = {
          [32m+[0m[0m "Application"  = "CTADispatch"
          [32m+[0m[0m "CostCenter"   = "Operations"
          [32m+[0m[0m "Environment"  = "production"
          [32m+[0m[0m "ManagedBy"    = "Terraform"
          [32m+[0m[0m "Organization" = "Capital Tech Alliance"
        }
    }

[1m  # azurerm_resource_group.main[0m will be created
[0m  [32m+[0m[0m resource "azurerm_resource_group" "main" {
      [32m+[0m[0m id       = (known after apply)
      [32m+[0m[0m location = "eastus2"
      [32m+[0m[0m name     = "ctadispatch-production-eus2-rg"
      [32m+[0m[0m tags     = {
          [32m+[0m[0m "Application"  = "CTADispatch"
          [32m+[0m[0m "CostCenter"   = "Operations"
          [32m+[0m[0m "Environment"  = "production"
          [32m+[0m[0m "ManagedBy"    = "Terraform"
          [32m+[0m[0m "Organization" = "Capital Tech Alliance"
        }
    }

[1m  # azurerm_security_center_automation.compliance[0m will be created
[0m  [32m+[0m[0m resource "azurerm_security_center_automation" "compliance" {
      [32m+[0m[0m enabled             = true
      [32m+[0m[0m id                  = (known after apply)
      [32m+[0m[0m location            = "eastus2"
      [32m+[0m[0m name                = "ctadispatch-compliance-automation"
      [32m+[0m[0m resource_group_name = "ctadispatch-production-eus2-rg"
      [32m+[0m[0m scopes              = [
          [32m+[0m[0m "/subscriptions/021415c2-2f52-4a73-ae77-f8363165a5e1",
        ]

      [32m+[0m[0m action {
          [32m+[0m[0m resource_id = (known after apply)
          [32m+[0m[0m trigger_url = (sensitive value)
          [32m+[0m[0m type        = "logicapp"
        }

      [32m+[0m[0m source {
          [32m+[0m[0m event_source = "Assessments"

          [32m+[0m[0m rule_set {
              [32m+[0m[0m rule {
                  [32m+[0m[0m expected_value = "High"
                  [32m+[0m[0m operator       = "Equals"
                  [32m+[0m[0m property_path  = "properties.metadata.severity"
                  [32m+[0m[0m property_type  = "String"
                }
            }
        }
    }

[1m  # azurerm_security_center_subscription_pricing.security_center_containers[0m will be created
[0m  [32m+[0m[0m resource "azurerm_security_center_subscription_pricing" "security_center_containers" {
      [32m+[0m[0m id            = (known after apply)
      [32m+[0m[0m resource_type = "ContainerRegistry"
      [32m+[0m[0m tier          = "Standard"
    }

[1m  # azurerm_security_center_subscription_pricing.security_center_kubernetes[0m will be created
[0m  [32m+[0m[0m resource "azurerm_security_center_subscription_pricing" "security_center_kubernetes" {
      [32m+[0m[0m id            = (known after apply)
      [32m+[0m[0m resource_type = "KubernetesService"
      [32m+[0m[0m tier          = "Standard"
    }

[1m  # azurerm_security_center_subscription_pricing.security_center_sql[0m will be created
[0m  [32m+[0m[0m resource "azurerm_security_center_subscription_pricing" "security_center_sql" {
      [32m+[0m[0m id            = (known after apply)
      [32m+[0m[0m resource_type = "SqlServers"
      [32m+[0m[0m tier          = "Standard"
    }

[1m  # azurerm_security_center_subscription_pricing.security_center_storage[0m will be created
[0m  [32m+[0m[0m resource "azurerm_security_center_subscription_pricing" "security_center_storage" {
      [32m+[0m[0m id            = (known after apply)
      [32m+[0m[0m resource_type = "StorageAccounts"
      [32m+[0m[0m tier          = "Standard"
    }

[1m  # azurerm_security_center_subscription_pricing.security_center_vms[0m will be created
[0m  [32m+[0m[0m resource "azurerm_security_center_subscription_pricing" "security_center_vms" {
      [32m+[0m[0m id            = (known after apply)
      [32m+[0m[0m resource_type = "VirtualMachines"
      [32m+[0m[0m tier          = "Standard"
    }

[1m  # azurerm_subscription_policy_assignment.cis_benchmark[0m will be created
[0m  [32m+[0m[0m resource "azurerm_subscription_policy_assignment" "cis_benchmark" {
      [32m+[0m[0m description          = "CIS Microsoft Azure Foundations Benchmark"
      [32m+[0m[0m enforce              = true
      [32m+[0m[0m id                   = (known after apply)
      [32m+[0m[0m metadata             = (known after apply)
      [32m+[0m[0m name                 = "cis-benchmark"
      [32m+[0m[0m parameters           = jsonencode(
            {
              [32m+[0m[0m effect = {
                  [32m+[0m[0m value = "AuditIfNotExists"
                }
            }
        )
      [32m+[0m[0m policy_definition_id = "/providers/Microsoft.Authorization/policySetDefinitions/1f3afdf9-d0c9-4c3d-847f-89da613e70a8"
      [32m+[0m[0m subscription_id      = "/subscriptions/021415c2-2f52-4a73-ae77-f8363165a5e1"
    }

[1m  # random_password.postgres_admin[0m will be created
[0m  [32m+[0m[0m resource "random_password" "postgres_admin" {
      [32m+[0m[0m bcrypt_hash = (sensitive value)
      [32m+[0m[0m id          = (known after apply)
      [32m+[0m[0m length      = 32
      [32m+[0m[0m lower       = true
      [32m+[0m[0m min_lower   = 0
      [32m+[0m[0m min_numeric = 0
      [32m+[0m[0m min_special = 0
      [32m+[0m[0m min_upper   = 0
      [32m+[0m[0m number      = true
      [32m+[0m[0m numeric     = true
      [32m+[0m[0m result      = (sensitive value)
      [32m+[0m[0m special     = true
      [32m+[0m[0m upper       = true
    }

[1mPlan:[0m 38 to add, 0 to change, 0 to destroy.
[0m
Changes to Outputs:
  [32m+[0m[0m acr_id                                   = (known after apply)
  [32m+[0m[0m acr_login_server                         = (known after apply)
  [32m+[0m[0m acr_name                                 = "ctadispatchproductioneus2acr"
  [32m+[0m[0m application_insights_connection_string   = (sensitive value)
  [32m+[0m[0m application_insights_instrumentation_key = (sensitive value)
  [32m+[0m[0m event_hub_connection_string              = (sensitive value)
  [32m+[0m[0m event_hub_namespace                      = "ctadispatch-production-eus2-eh"
  [32m+[0m[0m log_analytics_workspace_id               = (known after apply)
  [32m+[0m[0m log_analytics_workspace_name             = "ctadispatch-production-eus2-law"
  [32m+[0m[0m resource_group_location                  = "eastus2"
  [32m+[0m[0m resource_group_name                      = "ctadispatch-production-eus2-rg"
  [32m+[0m[0m security_settings                        = {
      [32m+[0m[0m audit_logging_enabled      = true
      [32m+[0m[0m cmek_enabled               = true
      [32m+[0m[0m ddos_protection_enabled    = true
      [32m+[0m[0m encryption_at_rest_enabled = true
      [32m+[0m[0m geo_redundant_backup       = true
      [32m+[0m[0m network_policies_enabled   = true
      [32m+[0m[0m private_endpoints_enabled  = true
      [32m+[0m[0m security_center_tier       = "Standard"
      [32m+[0m[0m threat_protection_enabled  = true
    }
[33m╷[0m[0m
[33m│[0m [0m[1m[33mWarning: [0m[0m[1mValue for undeclared variable[0m
[33m│[0m [0m
[33m│[0m [0m[0mThe root module does not declare a variable named
[33m│[0m [0m"redis_subnet_address_prefix" but a value was found in file
[33m│[0m [0m"terraform.tfvars.cta". If you meant to use this value, add a "variable"
[33m│[0m [0mblock to the configuration.
[33m│[0m [0m
[33m│[0m [0mTo silence these warnings, use TF_VAR_... environment variables to provide
[33m│[0m [0mcertain "global" settings to all configurations in your organization. To
[33m│[0m [0mreduce the verbosity of these warnings, use the -compact-warnings option.
[33m╵[0m[0m
[33m╷[0m[0m
[33m│[0m [0m[1m[33mWarning: [0m[0m[1mValue for undeclared variable[0m
[33m│[0m [0m
[33m│[0m [0m[0mThe root module does not declare a variable named "enable_network_watcher"
[33m│[0m [0mbut a value was found in file "terraform.tfvars.cta". If you meant to use
[33m│[0m [0mthis value, add a "variable" block to the configuration.
[33m│[0m [0m
[33m│[0m [0mTo silence these warnings, use TF_VAR_... environment variables to provide
[33m│[0m [0mcertain "global" settings to all configurations in your organization. To
[33m│[0m [0mreduce the verbosity of these warnings, use the -compact-warnings option.
[33m╵[0m[0m
[33m╷[0m[0m
[33m│[0m [0m[1m[33mWarning: [0m[0m[1mValues for undeclared variables[0m
[33m│[0m [0m
[33m│[0m [0m[0mIn addition to the other similar warnings shown, 24 other variable(s)
[33m│[0m [0mdefined without being declared.
[33m╵[0m[0m
[33m╷[0m[0m
[33m│[0m [0m[1m[33mWarning: [0m[0m[1mArgument is deprecated[0m
[33m│[0m [0m
[33m│[0m [0m[0m  with azurerm_kubernetes_cluster.main,
[33m│[0m [0m  on main.tf line 123, in resource "azurerm_kubernetes_cluster" "main":
[33m│[0m [0m 123:     managed                = [4mtrue[0m[0m
[33m│[0m [0m
[33m│[0m [0mAzure AD Integration (legacy) (https://aka.ms/aks/aad-legacy) is deprecated
[33m│[0m [0mand clusters can no longer be created with the Azure AD integration
[33m│[0m [0m(legacy) enabled. This field must be supplied with the value `true` for
[33m│[0m [0mAKS-managed Entra Integration, but will be removed and defaulted to `true`
[33m│[0m [0mfor the user in v4.0 of the AzureRM Provider.
[33m│[0m [0m
[33m│[0m [0m(and 4 more similar warnings elsewhere)
[33m╵[0m[0m
[31m╷[0m[0m
[31m│[0m [0m[1m[31mError: [0m[0m[1m"name" cannot end with a hyphen, -sb, or -mgmt[0m
[31m│[0m [0m
[31m│[0m [0m[0m  with azurerm_servicebus_namespace.main,
[31m│[0m [0m  on messaging.tf line 6, in resource "azurerm_servicebus_namespace" "main":
[31m│[0m [0m   6:   name                = [4m"${var.project_name}-${var.environment}-${var.location_short}-sb"[0m[0m
[31m│[0m [0m
[31m╵[0m[0m
[31m╷[0m[0m
[31m│[0m [0m[1m[31mError: [0m[0m[1mexpected length of short_name to be in the range (1 - 12), got crit-production[0m
[31m│[0m [0m
[31m│[0m [0m[0m  with azurerm_monitor_action_group.critical,
[31m│[0m [0m  on monitoring.tf line 93, in resource "azurerm_monitor_action_group" "critical":
[31m│[0m [0m  93:   short_name          = [4m"crit-${var.environment}"[0m[0m
[31m│[0m [0m
[31m╵[0m[0m
[31m╷[0m[0m
[31m│[0m [0m[1m[31mError: [0m[0m[1mexpected length of short_name to be in the range (1 - 12), got warn-production[0m
[31m│[0m [0m
[31m│[0m [0m[0m  with azurerm_monitor_action_group.warning,
[31m│[0m [0m  on monitoring.tf line 117, in resource "azurerm_monitor_action_group" "warning":
[31m│[0m [0m 117:   short_name          = [4m"warn-${var.environment}"[0m[0m
[31m│[0m [0m
[31m╵[0m[0m
[31m╷[0m[0m
[31m│[0m [0m[1m[31mError: [0m[0m[1mexpected "name" to be a valid UUID, got ctadispatch-production-ops-dashboard[0m
[31m│[0m [0m
[31m│[0m [0m[0m  with azurerm_application_insights_workbook.operations_dashboard,
[31m│[0m [0m  on monitoring.tf line 325, in resource "azurerm_application_insights_workbook" "operations_dashboard":
[31m│[0m [0m 325:   name                = [4m"${var.project_name}-${var.environment}-ops-dashboard"[0m[0m
[31m│[0m [0m
[31m╵[0m[0m
[31m╷[0m[0m
[31m│[0m [0m[1m[31mError: [0m[0m[1mInvalid value for input variable[0m
[31m│[0m [0m
[31m│[0m [0m[0m  on terraform.tfvars.cta line 32:
[31m│[0m [0m  32: vnet_address_space                     = [4m"10.2.0.0/16"[0m[0m
[31m│[0m [0m
[31m│[0m [0mThe given value is not suitable for var.vnet_address_space declared at
[31m│[0m [0mvariables.tf:42,1-30: list of string required.
[31m╵[0m[0m
